// !$*UTF8*$!
{
	archiveVersion = 1;
	classes = {
	};
	objectVersion = 45;
	objects = {

/* Begin PBXBuildFile section */
		1D60589B0D05DD56006BFB54 /* main.m in Sources */ = {isa = PBXBuildFile; fileRef = 29B97316FDCFA39411CA2CEA /* main.m */; };
		1D60589F0D05DD5A006BFB54 /* Foundation.framework in Frameworks */ = {isa = PBXBuildFile; fileRef = 1D30AB110D05D00D00671497 /* Foundation.framework */; };
		1DF5F4E00D08C38300B7A737 /* UIKit.framework in Frameworks */ = {isa = PBXBuildFile; fileRef = 1DF5F4DF0D08C38300B7A737 /* UIKit.framework */; };
		288765080DF74369002DB57D /* CoreGraphics.framework in Frameworks */ = {isa = PBXBuildFile; fileRef = 288765070DF74369002DB57D /* CoreGraphics.framework */; };
		3E34822D123A8E58009E0214 /* QuartzCore.framework in Frameworks */ = {isa = PBXBuildFile; fileRef = 3E34822C123A8E58009E0214 /* QuartzCore.framework */; };
		3E892BE11268B26500A512B5 /* imgs in Resources */ = {isa = PBXBuildFile; fileRef = 3E892BCA1268B26500A512B5 /* imgs */; };
		3EAD8E86126FB1D000B72B67 /* BasketViewCell.xib in Resources */ = {isa = PBXBuildFile; fileRef = 3EAD8E85126FB1D000B72B67 /* BasketViewCell.xib */; };
		3EB5D5011268AB29009A80E0 /* AislesView.xib in Resources */ = {isa = PBXBuildFile; fileRef = 3EB5D4EB1268AB29009A80E0 /* AislesView.xib */; };
		3EB5D5031268AB29009A80E0 /* DeliverySlotsView.xib in Resources */ = {isa = PBXBuildFile; fileRef = 3EB5D4ED1268AB29009A80E0 /* DeliverySlotsView.xib */; };
		3EB5D5041268AB29009A80E0 /* DepartmentCell.xib in Resources */ = {isa = PBXBuildFile; fileRef = 3EB5D4EE1268AB29009A80E0 /* DepartmentCell.xib */; };
		3EB5D5051268AB29009A80E0 /* HomeView.xib in Resources */ = {isa = PBXBuildFile; fileRef = 3EB5D4EF1268AB29009A80E0 /* HomeView.xib */; };
		3EB5D5061268AB29009A80E0 /* MainWindow.xib in Resources */ = {isa = PBXBuildFile; fileRef = 3EB5D4F01268AB29009A80E0 /* MainWindow.xib */; };
		3EB5D5071268AB29009A80E0 /* MoreSearchResultsCell.xib in Resources */ = {isa = PBXBuildFile; fileRef = 3EB5D4F11268AB29009A80E0 /* MoreSearchResultsCell.xib */; };
		3EB5D5081268AB29009A80E0 /* CheckoutView.xib in Resources */ = {isa = PBXBuildFile; fileRef = 3EB5D4F21268AB29009A80E0 /* CheckoutView.xib */; };
		3EB5D5091268AB29009A80E0 /* OnlineShopView.xib in Resources */ = {isa = PBXBuildFile; fileRef = 3EB5D4F31268AB29009A80E0 /* OnlineShopView.xib */; };
		3EB5D50A1268AB29009A80E0 /* OverlayView.xib in Resources */ = {isa = PBXBuildFile; fileRef = 3EB5D4F41268AB29009A80E0 /* OverlayView.xib */; };
		3EB5D50C1268AB29009A80E0 /* ProductsView.xib in Resources */ = {isa = PBXBuildFile; fileRef = 3EB5D4F61268AB29009A80E0 /* ProductsView.xib */; };
		3EB5D50D1268AB29009A80E0 /* ProductCell.xib in Resources */ = {isa = PBXBuildFile; fileRef = 3EB5D4F71268AB29009A80E0 /* ProductCell.xib */; };
		3EB5D50E1268AB29009A80E0 /* RecipeBasketView.xib in Resources */ = {isa = PBXBuildFile; fileRef = 3EB5D4F81268AB29009A80E0 /* RecipeBasketView.xib */; };
		3EB5D50F1268AB29009A80E0 /* RecipeCategoryView.xib in Resources */ = {isa = PBXBuildFile; fileRef = 3EB5D4F91268AB29009A80E0 /* RecipeCategoryView.xib */; };
		3EB5D5101268AB29009A80E0 /* RecipeHistoryView.xib in Resources */ = {isa = PBXBuildFile; fileRef = 3EB5D4FA1268AB29009A80E0 /* RecipeHistoryView.xib */; };
		3EB5D5111268AB29009A80E0 /* RecipeListView.xib in Resources */ = {isa = PBXBuildFile; fileRef = 3EB5D4FB1268AB29009A80E0 /* RecipeListView.xib */; };
		3EB5D5121268AB29009A80E0 /* RecipeView.xib in Resources */ = {isa = PBXBuildFile; fileRef = 3EB5D4FC1268AB29009A80E0 /* RecipeView.xib */; };
		3EB5D5131268AB29009A80E0 /* RecipeCell.xib in Resources */ = {isa = PBXBuildFile; fileRef = 3EB5D4FD1268AB29009A80E0 /* RecipeCell.xib */; };
		3EB5D5151268AB29009A80E0 /* ShelvesView.xib in Resources */ = {isa = PBXBuildFile; fileRef = 3EB5D4FF1268AB29009A80E0 /* ShelvesView.xib */; };
		3EB5D5161268AB29009A80E0 /* ShoppingListView.xib in Resources */ = {isa = PBXBuildFile; fileRef = 3EB5D5001268AB29009A80E0 /* ShoppingListView.xib */; };
		3EB5D5371268AB3D009A80E0 /* AislesViewController.m in Sources */ = {isa = PBXBuildFile; fileRef = 3EB5D5181268AB3D009A80E0 /* AislesViewController.m */; };
		3EB5D5381268AB3D009A80E0 /* DeliverySlotsViewController.m in Sources */ = {isa = PBXBuildFile; fileRef = 3EB5D51A1268AB3D009A80E0 /* DeliverySlotsViewController.m */; };
		3EB5D5391268AB3D009A80E0 /* HomeViewController.m in Sources */ = {isa = PBXBuildFile; fileRef = 3EB5D51C1268AB3D009A80E0 /* HomeViewController.m */; };
		3EB5D53A1268AB3D009A80E0 /* CheckoutViewController.m in Sources */ = {isa = PBXBuildFile; fileRef = 3EB5D51E1268AB3D009A80E0 /* CheckoutViewController.m */; };
		3EB5D53B1268AB3D009A80E0 /* OnlineShopViewController.m in Sources */ = {isa = PBXBuildFile; fileRef = 3EB5D5201268AB3D009A80E0 /* OnlineShopViewController.m */; };
		3EB5D53C1268AB3D009A80E0 /* OverlayViewController.m in Sources */ = {isa = PBXBuildFile; fileRef = 3EB5D5221268AB3D009A80E0 /* OverlayViewController.m */; };
		3EB5D53D1268AB3D009A80E0 /* ProductsViewController.m in Sources */ = {isa = PBXBuildFile; fileRef = 3EB5D5241268AB3D009A80E0 /* ProductsViewController.m */; };
		3EB5D53E1268AB3D009A80E0 /* RecipeBasketViewController.m in Sources */ = {isa = PBXBuildFile; fileRef = 3EB5D5261268AB3D009A80E0 /* RecipeBasketViewController.m */; };
		3EB5D53F1268AB3D009A80E0 /* RecipeCategoryViewController.m in Sources */ = {isa = PBXBuildFile; fileRef = 3EB5D5281268AB3D009A80E0 /* RecipeCategoryViewController.m */; };
		3EB5D5401268AB3D009A80E0 /* RecipeHistoryViewController.m in Sources */ = {isa = PBXBuildFile; fileRef = 3EB5D52A1268AB3D009A80E0 /* RecipeHistoryViewController.m */; };
		3EB5D5411268AB3D009A80E0 /* RecipeListViewController.m in Sources */ = {isa = PBXBuildFile; fileRef = 3EB5D52C1268AB3D009A80E0 /* RecipeListViewController.m */; };
		3EB5D5421268AB3D009A80E0 /* RecipeViewController.m in Sources */ = {isa = PBXBuildFile; fileRef = 3EB5D52E1268AB3D009A80E0 /* RecipeViewController.m */; };
		3EB5D5441268AB3D009A80E0 /* ShelvesViewController.m in Sources */ = {isa = PBXBuildFile; fileRef = 3EB5D5321268AB3D009A80E0 /* ShelvesViewController.m */; };
		3EB5D5451268AB3D009A80E0 /* ShoppingListViewController.m in Sources */ = {isa = PBXBuildFile; fileRef = 3EB5D5341268AB3D009A80E0 /* ShoppingListViewController.m */; };
		3EB5D5461268AB3D009A80E0 /* UITableViewCellFactory.m in Sources */ = {isa = PBXBuildFile; fileRef = 3EB5D5361268AB3D009A80E0 /* UITableViewCellFactory.m */; };
		3EB5D5711268AB4C009A80E0 /* APIRequestManager.m in Sources */ = {isa = PBXBuildFile; fileRef = 3EB5D5481268AB4C009A80E0 /* APIRequestManager.m */; };
		3EB5D5721268AB4C009A80E0 /* DatabaseRequestManager.m in Sources */ = {isa = PBXBuildFile; fileRef = 3EB5D54A1268AB4C009A80E0 /* DatabaseRequestManager.m */; };
		3EB5D5731268AB4C009A80E0 /* DataManager.m in Sources */ = {isa = PBXBuildFile; fileRef = 3EB5D54C1268AB4C009A80E0 /* DataManager.m */; };
		3EB5D5741268AB4C009A80E0 /* DeliverySlot.m in Sources */ = {isa = PBXBuildFile; fileRef = 3EB5D54E1268AB4C009A80E0 /* DeliverySlot.m */; };
		3EB5D5751268AB4C009A80E0 /* NSObject+SBJSON.m in Sources */ = {isa = PBXBuildFile; fileRef = 3EB5D5521268AB4C009A80E0 /* NSObject+SBJSON.m */; };
		3EB5D5761268AB4C009A80E0 /* NSString+SBJSON.m in Sources */ = {isa = PBXBuildFile; fileRef = 3EB5D5541268AB4C009A80E0 /* NSString+SBJSON.m */; };
		3EB5D5771268AB4C009A80E0 /* SBJSON.m in Sources */ = {isa = PBXBuildFile; fileRef = 3EB5D5561268AB4C009A80E0 /* SBJSON.m */; };
		3EB5D5781268AB4C009A80E0 /* SBJsonBase.m in Sources */ = {isa = PBXBuildFile; fileRef = 3EB5D5581268AB4C009A80E0 /* SBJsonBase.m */; };
		3EB5D5791268AB4C009A80E0 /* SBJsonParser.m in Sources */ = {isa = PBXBuildFile; fileRef = 3EB5D55A1268AB4C009A80E0 /* SBJsonParser.m */; };
		3EB5D57A1268AB4C009A80E0 /* SBJsonWriter.m in Sources */ = {isa = PBXBuildFile; fileRef = 3EB5D55C1268AB4C009A80E0 /* SBJsonWriter.m */; };
		3EB5D57B1268AB4C009A80E0 /* LoginManager.m in Sources */ = {isa = PBXBuildFile; fileRef = 3EB5D55E1268AB4C009A80E0 /* LoginManager.m */; };
		3EB5D57C1268AB4C009A80E0 /* LogManager.m in Sources */ = {isa = PBXBuildFile; fileRef = 3EB5D5601268AB4C009A80E0 /* LogManager.m */; };
		3EB5D57D1268AB4C009A80E0 /* NSData-Extended.m in Sources */ = {isa = PBXBuildFile; fileRef = 3EB5D5621268AB4C009A80E0 /* NSData-Extended.m */; };
		3EB5D57E1268AB4C009A80E0 /* Product.m in Sources */ = {isa = PBXBuildFile; fileRef = 3EB5D5641268AB4C009A80E0 /* Product.m */; };
		3EB5D57F1268AB4C009A80E0 /* ProductBasketManager.m in Sources */ = {isa = PBXBuildFile; fileRef = 3EB5D5661268AB4C009A80E0 /* ProductBasketManager.m */; };
		3EB5D5801268AB4C009A80E0 /* Reachability.m in Sources */ = {isa = PBXBuildFile; fileRef = 3EB5D5681268AB4C009A80E0 /* Reachability.m */; };
		3EB5D5811268AB4C009A80E0 /* Recipe.m in Sources */ = {isa = PBXBuildFile; fileRef = 3EB5D56A1268AB4C009A80E0 /* Recipe.m */; };
		3EB5D5821268AB4C009A80E0 /* RecipeBasketManager.m in Sources */ = {isa = PBXBuildFile; fileRef = 3EB5D56C1268AB4C009A80E0 /* RecipeBasketManager.m */; };
		3EB5D5831268AB4C009A80E0 /* RecipeShopperAppDelegate.m in Sources */ = {isa = PBXBuildFile; fileRef = 3EB5D56E1268AB4C009A80E0 /* RecipeShopperAppDelegate.m */; };
		3EB5D5841268AB4C009A80E0 /* UIImage-Extended.m in Sources */ = {isa = PBXBuildFile; fileRef = 3EB5D5701268AB4C009A80E0 /* UIImage-Extended.m */; };
		3EB5D6701268ABA9009A80E0 /* recipeshopper.sqlite in Resources */ = {isa = PBXBuildFile; fileRef = 3EB5D66F1268ABA9009A80E0 /* recipeshopper.sqlite */; };
		3EB5D6AD1268ABBB009A80E0 /* recipe_base.css in Resources */ = {isa = PBXBuildFile; fileRef = 3EB5D6721268ABBB009A80E0 /* recipe_base.css */; };
		3EB5D6AE1268ABBB009A80E0 /* recipe_base.html in Resources */ = {isa = PBXBuildFile; fileRef = 3EB5D6731268ABBB009A80E0 /* recipe_base.html */; };
		3EB5D6B01268ABBB009A80E0 /* bottom-fade.png in Resources */ = {isa = PBXBuildFile; fileRef = 3EB5D6781268ABBB009A80E0 /* bottom-fade.png */; };
		3EB5D6B11268ABBB009A80E0 /* button_minus.png in Resources */ = {isa = PBXBuildFile; fileRef = 3EB5D6791268ABBB009A80E0 /* button_minus.png */; };
		3EB5D6B21268ABBB009A80E0 /* button_minus@2x.png in Resources */ = {isa = PBXBuildFile; fileRef = 3EB5D67A1268ABBB009A80E0 /* button_minus@2x.png */; };
		3EB5D6B31268ABBB009A80E0 /* button_plus.png in Resources */ = {isa = PBXBuildFile; fileRef = 3EB5D67B1268ABBB009A80E0 /* button_plus.png */; };
		3EB5D6B41268ABBB009A80E0 /* button_plus@2x.png in Resources */ = {isa = PBXBuildFile; fileRef = 3EB5D67C1268ABBB009A80E0 /* button_plus@2x.png */; };
		3EB5D6B51268ABBB009A80E0 /* Default.png in Resources */ = {isa = PBXBuildFile; fileRef = 3EB5D67D1268ABBB009A80E0 /* Default.png */; };
		3EB5D6B61268ABBB009A80E0 /* Default@2x.png in Resources */ = {isa = PBXBuildFile; fileRef = 3EB5D67E1268ABBB009A80E0 /* Default@2x.png */; };
		3EB5D6B71268ABBB009A80E0 /* download@2x.png in Resources */ = {isa = PBXBuildFile; fileRef = 3EB5D67F1268ABBB009A80E0 /* download@2x.png */; };
		3EB5D6B91268ABBB009A80E0 /* breakfasts.png in Resources */ = {isa = PBXBuildFile; fileRef = 3EB5D6821268ABBB009A80E0 /* breakfasts.png */; };
		3EB5D6BA1268ABBB009A80E0 /* breakfasts@2x.png in Resources */ = {isa = PBXBuildFile; fileRef = 3EB5D6831268ABBB009A80E0 /* breakfasts@2x.png */; };
		3EB5D6BB1268ABBB009A80E0 /* cakesBiscuits.png in Resources */ = {isa = PBXBuildFile; fileRef = 3EB5D6841268ABBB009A80E0 /* cakesBiscuits.png */; };
		3EB5D6BC1268ABBB009A80E0 /* cakesBiscuits@2x.png in Resources */ = {isa = PBXBuildFile; fileRef = 3EB5D6851268ABBB009A80E0 /* cakesBiscuits@2x.png */; };
		3EB5D6BD1268ABBB009A80E0 /* desserts.png in Resources */ = {isa = PBXBuildFile; fileRef = 3EB5D6861268ABBB009A80E0 /* desserts.png */; };
		3EB5D6BE1268ABBB009A80E0 /* desserts@2x.png in Resources */ = {isa = PBXBuildFile; fileRef = 3EB5D6871268ABBB009A80E0 /* desserts@2x.png */; };
		3EB5D6BF1268ABBB009A80E0 /* dinners.png in Resources */ = {isa = PBXBuildFile; fileRef = 3EB5D6881268ABBB009A80E0 /* dinners.png */; };
		3EB5D6C01268ABBB009A80E0 /* dinners@2x.png in Resources */ = {isa = PBXBuildFile; fileRef = 3EB5D6891268ABBB009A80E0 /* dinners@2x.png */; };
		3EB5D6C11268ABBB009A80E0 /* drinks.png in Resources */ = {isa = PBXBuildFile; fileRef = 3EB5D68A1268ABBB009A80E0 /* drinks.png */; };
		3EB5D6C21268ABBB009A80E0 /* drinks@2x.png in Resources */ = {isa = PBXBuildFile; fileRef = 3EB5D68B1268ABBB009A80E0 /* drinks@2x.png */; };
		3EB5D6C31268ABBB009A80E0 /* lunches.png in Resources */ = {isa = PBXBuildFile; fileRef = 3EB5D68C1268ABBB009A80E0 /* lunches.png */; };
		3EB5D6C41268ABBB009A80E0 /* lunches@2x.png in Resources */ = {isa = PBXBuildFile; fileRef = 3EB5D68D1268ABBB009A80E0 /* lunches@2x.png */; };
		3EB5D6C51268ABBB009A80E0 /* mains.png in Resources */ = {isa = PBXBuildFile; fileRef = 3EB5D68E1268ABBB009A80E0 /* mains.png */; };
		3EB5D6C61268ABBB009A80E0 /* mains@2x.png in Resources */ = {isa = PBXBuildFile; fileRef = 3EB5D68F1268ABBB009A80E0 /* mains@2x.png */; };
		3EB5D6C71268ABBB009A80E0 /* partyFood.png in Resources */ = {isa = PBXBuildFile; fileRef = 3EB5D6901268ABBB009A80E0 /* partyFood.png */; };
		3EB5D6C81268ABBB009A80E0 /* partyFood@2x.png in Resources */ = {isa = PBXBuildFile; fileRef = 3EB5D6911268ABBB009A80E0 /* partyFood@2x.png */; };
		3EB5D6C91268ABBB009A80E0 /* salads.png in Resources */ = {isa = PBXBuildFile; fileRef = 3EB5D6921268ABBB009A80E0 /* salads.png */; };
		3EB5D6CA1268ABBB009A80E0 /* salads@2x.png in Resources */ = {isa = PBXBuildFile; fileRef = 3EB5D6931268ABBB009A80E0 /* salads@2x.png */; };
		3EB5D6CB1268ABBB009A80E0 /* sauces.png in Resources */ = {isa = PBXBuildFile; fileRef = 3EB5D6941268ABBB009A80E0 /* sauces.png */; };
		3EB5D6CC1268ABBB009A80E0 /* sauces@2x.png in Resources */ = {isa = PBXBuildFile; fileRef = 3EB5D6951268ABBB009A80E0 /* sauces@2x.png */; };
		3EB5D6CD1268ABBB009A80E0 /* snacksSides.png in Resources */ = {isa = PBXBuildFile; fileRef = 3EB5D6961268ABBB009A80E0 /* snacksSides.png */; };
		3EB5D6CE1268ABBB009A80E0 /* snacksSides@2x.png in Resources */ = {isa = PBXBuildFile; fileRef = 3EB5D6971268ABBB009A80E0 /* snacksSides@2x.png */; };
		3EB5D6CF1268ABBB009A80E0 /* soups.png in Resources */ = {isa = PBXBuildFile; fileRef = 3EB5D6981268ABBB009A80E0 /* soups.png */; };
		3EB5D6D01268ABBB009A80E0 /* soups@2x.png in Resources */ = {isa = PBXBuildFile; fileRef = 3EB5D6991268ABBB009A80E0 /* soups@2x.png */; };
		3EB5D6D11268ABBB009A80E0 /* starters.png in Resources */ = {isa = PBXBuildFile; fileRef = 3EB5D69A1268ABBB009A80E0 /* starters.png */; };
		3EB5D6D21268ABBB009A80E0 /* starters@2x.png in Resources */ = {isa = PBXBuildFile; fileRef = 3EB5D69B1268ABBB009A80E0 /* starters@2x.png */; };
		3EB5D6D31268ABBB009A80E0 /* baby_icon.png in Resources */ = {isa = PBXBuildFile; fileRef = 3EB5D69D1268ABBB009A80E0 /* baby_icon.png */; };
		3EB5D6D41268ABBB009A80E0 /* bakery_icon.png in Resources */ = {isa = PBXBuildFile; fileRef = 3EB5D69E1268ABBB009A80E0 /* bakery_icon.png */; };
		3EB5D6D51268ABBB009A80E0 /* cupboard_icon.png in Resources */ = {isa = PBXBuildFile; fileRef = 3EB5D69F1268ABBB009A80E0 /* cupboard_icon.png */; };
		3EB5D6D61268ABBB009A80E0 /* drinks_icon.png in Resources */ = {isa = PBXBuildFile; fileRef = 3EB5D6A01268ABBB009A80E0 /* drinks_icon.png */; };
		3EB5D6D71268ABBB009A80E0 /* fresh_icon.png in Resources */ = {isa = PBXBuildFile; fileRef = 3EB5D6A11268ABBB009A80E0 /* fresh_icon.png */; };
		3EB5D6D81268ABBB009A80E0 /* frozen_icon.png in Resources */ = {isa = PBXBuildFile; fileRef = 3EB5D6A21268ABBB009A80E0 /* frozen_icon.png */; };
		3EB5D6D91268ABBB009A80E0 /* health_icon.png in Resources */ = {isa = PBXBuildFile; fileRef = 3EB5D6A31268ABBB009A80E0 /* health_icon.png */; };
		3EB5D6DA1268ABBB009A80E0 /* home_icon.png in Resources */ = {isa = PBXBuildFile; fileRef = 3EB5D6A41268ABBB009A80E0 /* home_icon.png */; };
		3EB5D6DB1268ABBB009A80E0 /* household_icon.png in Resources */ = {isa = PBXBuildFile; fileRef = 3EB5D6A51268ABBB009A80E0 /* household_icon.png */; };
		3EB5D6DC1268ABBB009A80E0 /* pets_icon.png in Resources */ = {isa = PBXBuildFile; fileRef = 3EB5D6A61268ABBB009A80E0 /* pets_icon.png */; };
		3EB5D6DD1268ABBB009A80E0 /* icon_cart.png in Resources */ = {isa = PBXBuildFile; fileRef = 3EB5D6A81268ABBB009A80E0 /* icon_cart.png */; };
		3EB5D6DE1268ABBB009A80E0 /* icon_cart@2x.png in Resources */ = {isa = PBXBuildFile; fileRef = 3EB5D6A91268ABBB009A80E0 /* icon_cart@2x.png */; };
		3EB5D6DF1268ABBB009A80E0 /* icon_home.png in Resources */ = {isa = PBXBuildFile; fileRef = 3EB5D6AA1268ABBB009A80E0 /* icon_home.png */; };
		3EB5D6E01268ABBB009A80E0 /* icon_shopping.png in Resources */ = {isa = PBXBuildFile; fileRef = 3EB5D6AB1268ABBB009A80E0 /* icon_shopping.png */; };
		3EB5D6E11268ABBB009A80E0 /* icon_todo.png in Resources */ = {isa = PBXBuildFile; fileRef = 3EB5D6AC1268ABBB009A80E0 /* icon_todo.png */; };
		3EB80E4C1235A50F00F74165 /* libsqlite3.0.dylib in Frameworks */ = {isa = PBXBuildFile; fileRef = 3EB80E4B1235A50F00F74165 /* libsqlite3.0.dylib */; };
		3EFBE0EC123CF117008B7DC2 /* SystemConfiguration.framework in Frameworks */ = {isa = PBXBuildFile; fileRef = 3EFBE0EB123CF117008B7DC2 /* SystemConfiguration.framework */; };
		CE3D2DE712710C8700D100E2 /* watermarkScroll.png in Resources */ = {isa = PBXBuildFile; fileRef = CE3D2DE512710C8700D100E2 /* watermarkScroll.png */; };
		CE3D2DE812710C8700D100E2 /* watermarkScroll@2x.png in Resources */ = {isa = PBXBuildFile; fileRef = CE3D2DE612710C8700D100E2 /* watermarkScroll@2x.png */; };
		CE6E45771278DF2400888D64 /* fetchMore.png in Resources */ = {isa = PBXBuildFile; fileRef = CE6E45751278DF2400888D64 /* fetchMore.png */; };
		CE6E45781278DF2400888D64 /* fetchMore@2x.png in Resources */ = {isa = PBXBuildFile; fileRef = CE6E45761278DF2400888D64 /* fetchMore@2x.png */; };
		CE6F01D2127641F6003696FA /* DepartmentCellHeader.xib in Resources */ = {isa = PBXBuildFile; fileRef = CE6F01D1127641F6003696FA /* DepartmentCellHeader.xib */; };
		CE6F022912764A28003696FA /* AisleCell.xib in Resources */ = {isa = PBXBuildFile; fileRef = CE6F022812764A28003696FA /* AisleCell.xib */; };
		CE6F022B12764A37003696FA /* AisleCellHeader.xib in Resources */ = {isa = PBXBuildFile; fileRef = CE6F022A12764A37003696FA /* AisleCellHeader.xib */; };
		CE6F026512764FF9003696FA /* ShelfCell.xib in Resources */ = {isa = PBXBuildFile; fileRef = CE6F026412764FF9003696FA /* ShelfCell.xib */; };
		CE6F026712765008003696FA /* ShelfCellHeader.xib in Resources */ = {isa = PBXBuildFile; fileRef = CE6F026612765008003696FA /* ShelfCellHeader.xib */; };
		CE70DF4012B82B0100FADE5C /* NSString-Extended.m in Sources */ = {isa = PBXBuildFile; fileRef = CE70DF3F12B82B0100FADE5C /* NSString-Extended.m */; };
		CE70DF4312B82BAA00FADE5C /* GTMNSString+HTML.m in Sources */ = {isa = PBXBuildFile; fileRef = CE70DF4212B82BAA00FADE5C /* GTMNSString+HTML.m */; };
		CE73381A1297D81800250439 /* iTunesArtwork in Resources */ = {isa = PBXBuildFile; fileRef = CE7338191297D81800250439 /* iTunesArtwork */; };
		CE73D1531277742700325A43 /* DeliverySlotCell.xib in Resources */ = {isa = PBXBuildFile; fileRef = CE73D1521277742700325A43 /* DeliverySlotCell.xib */; };
		CE73D1551277743300325A43 /* DeliverySlotCellHeader.xib in Resources */ = {isa = PBXBuildFile; fileRef = CE73D1541277743300325A43 /* DeliverySlotCellHeader.xib */; };
		CE74CBBC12732B1200B5566E /* recipesHome.png in Resources */ = {isa = PBXBuildFile; fileRef = CE74CBBA12732B1200B5566E /* recipesHome.png */; };
		CE74CBBD12732B1200B5566E /* recipesHome@2x.png in Resources */ = {isa = PBXBuildFile; fileRef = CE74CBBB12732B1200B5566E /* recipesHome@2x.png */; };
		CE74CBC012732B4B00B5566E /* recipeHistoryHome.png in Resources */ = {isa = PBXBuildFile; fileRef = CE74CBBE12732B4B00B5566E /* recipeHistoryHome.png */; };
		CE74CBC112732B4B00B5566E /* recipeHistoryHome@2x.png in Resources */ = {isa = PBXBuildFile; fileRef = CE74CBBF12732B4B00B5566E /* recipeHistoryHome@2x.png */; };
		CE74CBC312732B5D00B5566E /* disclosure@2x.png in Resources */ = {isa = PBXBuildFile; fileRef = CE74CBC212732B5D00B5566E /* disclosure@2x.png */; };
		CE74CBC512732B8400B5566E /* disclosure.png in Resources */ = {isa = PBXBuildFile; fileRef = CE74CBC412732B8400B5566E /* disclosure.png */; };
		CE74CBDF12732BC500B5566E /* login.png in Resources */ = {isa = PBXBuildFile; fileRef = CE74CBDB12732BC500B5566E /* login.png */; };
		CE74CBE012732BC500B5566E /* login@2x.png in Resources */ = {isa = PBXBuildFile; fileRef = CE74CBDC12732BC500B5566E /* login@2x.png */; };
		CE74CBE112732BC500B5566E /* logout.png in Resources */ = {isa = PBXBuildFile; fileRef = CE74CBDD12732BC500B5566E /* logout.png */; };
		CE74CBE212732BC500B5566E /* logout@2x.png in Resources */ = {isa = PBXBuildFile; fileRef = CE74CBDE12732BC500B5566E /* logout@2x.png */; };
		CE74CBE512732BD200B5566E /* homeButton.png in Resources */ = {isa = PBXBuildFile; fileRef = CE74CBE312732BD100B5566E /* homeButton.png */; };
		CE74CBE612732BD200B5566E /* homeButton@2x.png in Resources */ = {isa = PBXBuildFile; fileRef = CE74CBE412732BD200B5566E /* homeButton@2x.png */; };
		CE74CBE912732BE400B5566E /* logoSmall.png in Resources */ = {isa = PBXBuildFile; fileRef = CE74CBE712732BE400B5566E /* logoSmall.png */; };
		CE74CBEA12732BE400B5566E /* logoSmall@2x.png in Resources */ = {isa = PBXBuildFile; fileRef = CE74CBE812732BE400B5566E /* logoSmall@2x.png */; };
		CE74CBED12732F8200B5566E /* shopOfflineBackground.png in Resources */ = {isa = PBXBuildFile; fileRef = CE74CBEB12732F8200B5566E /* shopOfflineBackground.png */; };
		CE74CBEE12732F8200B5566E /* shopOfflineBackground@2x.png in Resources */ = {isa = PBXBuildFile; fileRef = CE74CBEC12732F8200B5566E /* shopOfflineBackground@2x.png */; };
		CE74CC051273366500B5566E /* basketHome.png in Resources */ = {isa = PBXBuildFile; fileRef = CE74CC031273366500B5566E /* basketHome.png */; };
		CE74CC061273366500B5566E /* basketHome@2x.png in Resources */ = {isa = PBXBuildFile; fileRef = CE74CC041273366500B5566E /* basketHome@2x.png */; };
		CE74CC0B1273376A00B5566E /* createAccount.png in Resources */ = {isa = PBXBuildFile; fileRef = CE74CC091273376A00B5566E /* createAccount.png */; };
		CE74CC0C1273376A00B5566E /* createAccount@2x.png in Resources */ = {isa = PBXBuildFile; fileRef = CE74CC0A1273376A00B5566E /* createAccount@2x.png */; };
		CE74CC531273503000B5566E /* tableHeader.png in Resources */ = {isa = PBXBuildFile; fileRef = CE74CC511273503000B5566E /* tableHeader.png */; };
		CE74CC541273503000B5566E /* tableHeader@2x.png in Resources */ = {isa = PBXBuildFile; fileRef = CE74CC521273503000B5566E /* tableHeader@2x.png */; };
		CE76EB2712748D0800903FCC /* RecipeHistoryEmpty.xib in Resources */ = {isa = PBXBuildFile; fileRef = CE76EB2612748D0800903FCC /* RecipeHistoryEmpty.xib */; };
		CE76EB6C1274935800903FCC /* RecipeBasketEmpty.xib in Resources */ = {isa = PBXBuildFile; fileRef = CE76EB6B1274935800903FCC /* RecipeBasketEmpty.xib */; };
		CE76EB711274C85E00903FCC /* recipeBasketEmpty.png in Resources */ = {isa = PBXBuildFile; fileRef = CE76EB6F1274C85E00903FCC /* recipeBasketEmpty.png */; };
		CE76EB721274C85E00903FCC /* recipeBasketEmpty@2x.png in Resources */ = {isa = PBXBuildFile; fileRef = CE76EB701274C85E00903FCC /* recipeBasketEmpty@2x.png */; };
		CE76EC0C1274DE8900903FCC /* TotalCell.xib in Resources */ = {isa = PBXBuildFile; fileRef = CE76EC0B1274DE8900903FCC /* TotalCell.xib */; };
		CE76EC0E1274DE9B00903FCC /* TotalCellHeader.xib in Resources */ = {isa = PBXBuildFile; fileRef = CE76EC0D1274DE9B00903FCC /* TotalCellHeader.xib */; };
		CE76EC181274EAB700903FCC /* ProductCellHeader.xib in Resources */ = {isa = PBXBuildFile; fileRef = CE76EC171274EAB700903FCC /* ProductCellHeader.xib */; };
		CE77C65A12A82CC700031799 /* ProductUnavailableCell.xib in Resources */ = {isa = PBXBuildFile; fileRef = CE77C65912A82CC700031799 /* ProductUnavailableCell.xib */; };
		CE77C65E12A82CE600031799 /* ProductUnavailableCellHeader.xib in Resources */ = {isa = PBXBuildFile; fileRef = CE77C65D12A82CE600031799 /* ProductUnavailableCellHeader.xib */; };
		CE77C66512A8323C00031799 /* remove.png in Resources */ = {isa = PBXBuildFile; fileRef = CE77C66112A8323C00031799 /* remove.png */; };
		CE77C66612A8323C00031799 /* remove@2x.png in Resources */ = {isa = PBXBuildFile; fileRef = CE77C66212A8323C00031799 /* remove@2x.png */; };
		CE77C66712A8323C00031799 /* replace.png in Resources */ = {isa = PBXBuildFile; fileRef = CE77C66312A8323C00031799 /* replace.png */; };
		CE77C66812A8323C00031799 /* replace@2x.png in Resources */ = {isa = PBXBuildFile; fileRef = CE77C66412A8323C00031799 /* replace@2x.png */; };
		CE81C89E1271967200D8A725 /* header@2x.png in Resources */ = {isa = PBXBuildFile; fileRef = CE81C89C1271967200D8A725 /* header@2x.png */; };
		CE81C90B1271B73500D8A725 /* recentRecipesHeader@2x.png in Resources */ = {isa = PBXBuildFile; fileRef = CE81C90A1271B73500D8A725 /* recentRecipesHeader@2x.png */; };
		CE81C9991271FA4500D8A725 /* RecipeCellHeader.xib in Resources */ = {isa = PBXBuildFile; fileRef = CE81C9981271FA4500D8A725 /* RecipeCellHeader.xib */; };
		CE81CA0C127206E400D8A725 /* header.png in Resources */ = {isa = PBXBuildFile; fileRef = CE81CA08127206E400D8A725 /* header.png */; };
		CE81CA0D127206E400D8A725 /* noHistory@2x.png in Resources */ = {isa = PBXBuildFile; fileRef = CE81CA09127206E400D8A725 /* noHistory@2x.png */; };
		CE81CA0E127206E400D8A725 /* watermark.png in Resources */ = {isa = PBXBuildFile; fileRef = CE81CA0A127206E400D8A725 /* watermark.png */; };
		CE81CA0F127206E400D8A725 /* watermark@2x.png in Resources */ = {isa = PBXBuildFile; fileRef = CE81CA0B127206E400D8A725 /* watermark@2x.png */; };
		CE9C64F81270E8D2000B2EC4 /* noHistory.png in Resources */ = {isa = PBXBuildFile; fileRef = CE9C64F71270E8D2000B2EC4 /* noHistory.png */; };
		CECA3AE0128853F800DD2363 /* icon_home@2x.png in Resources */ = {isa = PBXBuildFile; fileRef = CECA3ADD128853F800DD2363 /* icon_home@2x.png */; };
		CECA3AE1128853F800DD2363 /* icon_shopping@2x.png in Resources */ = {isa = PBXBuildFile; fileRef = CECA3ADE128853F800DD2363 /* icon_shopping@2x.png */; };
		CECA3AE2128853F800DD2363 /* icon_todo@2x.png in Resources */ = {isa = PBXBuildFile; fileRef = CECA3ADF128853F800DD2363 /* icon_todo@2x.png */; };
		CED7333A1270E56300B049BF /* icon.png in Resources */ = {isa = PBXBuildFile; fileRef = CED733381270E56300B049BF /* icon.png */; };
		CED7333B1270E56300B049BF /* icon@2x.png in Resources */ = {isa = PBXBuildFile; fileRef = CED733391270E56300B049BF /* icon@2x.png */; };
/* End PBXBuildFile section */

/* Begin PBXFileReference section */
		1D30AB110D05D00D00671497 /* Foundation.framework */ = {isa = PBXFileReference; lastKnownFileType = wrapper.framework; name = Foundation.framework; path = System/Library/Frameworks/Foundation.framework; sourceTree = SDKROOT; };
		1D6058910D05DD3D006BFB54 /* Recipes.app */ = {isa = PBXFileReference; explicitFileType = wrapper.application; includeInIndex = 0; path = Recipes.app; sourceTree = BUILT_PRODUCTS_DIR; };
		1DF5F4DF0D08C38300B7A737 /* UIKit.framework */ = {isa = PBXFileReference; lastKnownFileType = wrapper.framework; name = UIKit.framework; path = System/Library/Frameworks/UIKit.framework; sourceTree = SDKROOT; };
		288765070DF74369002DB57D /* CoreGraphics.framework */ = {isa = PBXFileReference; lastKnownFileType = wrapper.framework; name = CoreGraphics.framework; path = System/Library/Frameworks/CoreGraphics.framework; sourceTree = SDKROOT; };
		28A0AB4B0D9B1048005BE974 /* RecipeShopper_Prefix.pch */ = {isa = PBXFileReference; fileEncoding = 4; lastKnownFileType = sourcecode.c.h; path = RecipeShopper_Prefix.pch; sourceTree = "<group>"; };
		29B97316FDCFA39411CA2CEA /* main.m */ = {isa = PBXFileReference; fileEncoding = 4; lastKnownFileType = sourcecode.c.objc; path = main.m; sourceTree = "<group>"; };
		3E34822C123A8E58009E0214 /* QuartzCore.framework */ = {isa = PBXFileReference; lastKnownFileType = wrapper.framework; name = QuartzCore.framework; path = System/Library/Frameworks/QuartzCore.framework; sourceTree = SDKROOT; };
		3E892BCA1268B26500A512B5 /* imgs */ = {isa = PBXFileReference; lastKnownFileType = folder; path = imgs; sourceTree = "<group>"; };
		3EAD8E85126FB1D000B72B67 /* BasketViewCell.xib */ = {isa = PBXFileReference; lastKnownFileType = file.xib; name = BasketViewCell.xib; path = View/BasketViewCell.xib; sourceTree = "<group>"; };
		3EB5D4EB1268AB29009A80E0 /* AislesView.xib */ = {isa = PBXFileReference; lastKnownFileType = file.xib; name = AislesView.xib; path = View/AislesView.xib; sourceTree = "<group>"; };
		3EB5D4ED1268AB29009A80E0 /* DeliverySlotsView.xib */ = {isa = PBXFileReference; lastKnownFileType = file.xib; name = DeliverySlotsView.xib; path = View/DeliverySlotsView.xib; sourceTree = "<group>"; };
		3EB5D4EE1268AB29009A80E0 /* DepartmentCell.xib */ = {isa = PBXFileReference; lastKnownFileType = file.xib; name = DepartmentCell.xib; path = View/DepartmentCell.xib; sourceTree = "<group>"; };
		3EB5D4EF1268AB29009A80E0 /* HomeView.xib */ = {isa = PBXFileReference; lastKnownFileType = file.xib; name = HomeView.xib; path = View/HomeView.xib; sourceTree = "<group>"; };
		3EB5D4F01268AB29009A80E0 /* MainWindow.xib */ = {isa = PBXFileReference; lastKnownFileType = file.xib; name = MainWindow.xib; path = View/MainWindow.xib; sourceTree = "<group>"; };
		3EB5D4F11268AB29009A80E0 /* MoreSearchResultsCell.xib */ = {isa = PBXFileReference; lastKnownFileType = file.xib; name = MoreSearchResultsCell.xib; path = View/MoreSearchResultsCell.xib; sourceTree = "<group>"; };
		3EB5D4F21268AB29009A80E0 /* CheckoutView.xib */ = {isa = PBXFileReference; lastKnownFileType = file.xib; name = CheckoutView.xib; path = View/CheckoutView.xib; sourceTree = "<group>"; };
		3EB5D4F31268AB29009A80E0 /* OnlineShopView.xib */ = {isa = PBXFileReference; lastKnownFileType = file.xib; name = OnlineShopView.xib; path = View/OnlineShopView.xib; sourceTree = "<group>"; };
		3EB5D4F41268AB29009A80E0 /* OverlayView.xib */ = {isa = PBXFileReference; lastKnownFileType = file.xib; name = OverlayView.xib; path = View/OverlayView.xib; sourceTree = "<group>"; };
		3EB5D4F61268AB29009A80E0 /* ProductsView.xib */ = {isa = PBXFileReference; lastKnownFileType = file.xib; name = ProductsView.xib; path = View/ProductsView.xib; sourceTree = "<group>"; };
		3EB5D4F71268AB29009A80E0 /* ProductCell.xib */ = {isa = PBXFileReference; lastKnownFileType = file.xib; name = ProductCell.xib; path = View/ProductCell.xib; sourceTree = "<group>"; };
		3EB5D4F81268AB29009A80E0 /* RecipeBasketView.xib */ = {isa = PBXFileReference; lastKnownFileType = file.xib; name = RecipeBasketView.xib; path = View/RecipeBasketView.xib; sourceTree = "<group>"; };
		3EB5D4F91268AB29009A80E0 /* RecipeCategoryView.xib */ = {isa = PBXFileReference; lastKnownFileType = file.xib; name = RecipeCategoryView.xib; path = View/RecipeCategoryView.xib; sourceTree = "<group>"; };
		3EB5D4FA1268AB29009A80E0 /* RecipeHistoryView.xib */ = {isa = PBXFileReference; lastKnownFileType = file.xib; name = RecipeHistoryView.xib; path = View/RecipeHistoryView.xib; sourceTree = "<group>"; };
		3EB5D4FB1268AB29009A80E0 /* RecipeListView.xib */ = {isa = PBXFileReference; lastKnownFileType = file.xib; name = RecipeListView.xib; path = View/RecipeListView.xib; sourceTree = "<group>"; };
		3EB5D4FC1268AB29009A80E0 /* RecipeView.xib */ = {isa = PBXFileReference; lastKnownFileType = file.xib; name = RecipeView.xib; path = View/RecipeView.xib; sourceTree = "<group>"; };
		3EB5D4FD1268AB29009A80E0 /* RecipeCell.xib */ = {isa = PBXFileReference; lastKnownFileType = file.xib; name = RecipeCell.xib; path = View/RecipeCell.xib; sourceTree = "<group>"; };
		3EB5D4FF1268AB29009A80E0 /* ShelvesView.xib */ = {isa = PBXFileReference; lastKnownFileType = file.xib; name = ShelvesView.xib; path = View/ShelvesView.xib; sourceTree = "<group>"; };
		3EB5D5001268AB29009A80E0 /* ShoppingListView.xib */ = {isa = PBXFileReference; lastKnownFileType = file.xib; name = ShoppingListView.xib; path = View/ShoppingListView.xib; sourceTree = "<group>"; };
		3EB5D5171268AB3D009A80E0 /* AislesViewController.h */ = {isa = PBXFileReference; fileEncoding = 4; lastKnownFileType = sourcecode.c.h; name = AislesViewController.h; path = Controller/AislesViewController.h; sourceTree = "<group>"; };
		3EB5D5181268AB3D009A80E0 /* AislesViewController.m */ = {isa = PBXFileReference; fileEncoding = 4; lastKnownFileType = sourcecode.c.objc; name = AislesViewController.m; path = Controller/AislesViewController.m; sourceTree = "<group>"; };
		3EB5D5191268AB3D009A80E0 /* DeliverySlotsViewController.h */ = {isa = PBXFileReference; fileEncoding = 4; lastKnownFileType = sourcecode.c.h; name = DeliverySlotsViewController.h; path = Controller/DeliverySlotsViewController.h; sourceTree = "<group>"; };
		3EB5D51A1268AB3D009A80E0 /* DeliverySlotsViewController.m */ = {isa = PBXFileReference; fileEncoding = 4; lastKnownFileType = sourcecode.c.objc; name = DeliverySlotsViewController.m; path = Controller/DeliverySlotsViewController.m; sourceTree = "<group>"; };
		3EB5D51B1268AB3D009A80E0 /* HomeViewController.h */ = {isa = PBXFileReference; fileEncoding = 4; lastKnownFileType = sourcecode.c.h; name = HomeViewController.h; path = Controller/HomeViewController.h; sourceTree = "<group>"; };
		3EB5D51C1268AB3D009A80E0 /* HomeViewController.m */ = {isa = PBXFileReference; fileEncoding = 4; lastKnownFileType = sourcecode.c.objc; name = HomeViewController.m; path = Controller/HomeViewController.m; sourceTree = "<group>"; };
		3EB5D51D1268AB3D009A80E0 /* CheckoutViewController.h */ = {isa = PBXFileReference; fileEncoding = 4; lastKnownFileType = sourcecode.c.h; name = CheckoutViewController.h; path = Controller/CheckoutViewController.h; sourceTree = "<group>"; };
		3EB5D51E1268AB3D009A80E0 /* CheckoutViewController.m */ = {isa = PBXFileReference; fileEncoding = 4; lastKnownFileType = sourcecode.c.objc; name = CheckoutViewController.m; path = Controller/CheckoutViewController.m; sourceTree = "<group>"; };
		3EB5D51F1268AB3D009A80E0 /* OnlineShopViewController.h */ = {isa = PBXFileReference; fileEncoding = 4; lastKnownFileType = sourcecode.c.h; name = OnlineShopViewController.h; path = Controller/OnlineShopViewController.h; sourceTree = "<group>"; };
		3EB5D5201268AB3D009A80E0 /* OnlineShopViewController.m */ = {isa = PBXFileReference; fileEncoding = 4; lastKnownFileType = sourcecode.c.objc; name = OnlineShopViewController.m; path = Controller/OnlineShopViewController.m; sourceTree = "<group>"; };
		3EB5D5211268AB3D009A80E0 /* OverlayViewController.h */ = {isa = PBXFileReference; fileEncoding = 4; lastKnownFileType = sourcecode.c.h; name = OverlayViewController.h; path = Controller/OverlayViewController.h; sourceTree = "<group>"; };
		3EB5D5221268AB3D009A80E0 /* OverlayViewController.m */ = {isa = PBXFileReference; fileEncoding = 4; lastKnownFileType = sourcecode.c.objc; name = OverlayViewController.m; path = Controller/OverlayViewController.m; sourceTree = "<group>"; };
		3EB5D5231268AB3D009A80E0 /* ProductsViewController.h */ = {isa = PBXFileReference; fileEncoding = 4; lastKnownFileType = sourcecode.c.h; name = ProductsViewController.h; path = Controller/ProductsViewController.h; sourceTree = "<group>"; };
		3EB5D5241268AB3D009A80E0 /* ProductsViewController.m */ = {isa = PBXFileReference; fileEncoding = 4; lastKnownFileType = sourcecode.c.objc; name = ProductsViewController.m; path = Controller/ProductsViewController.m; sourceTree = "<group>"; };
		3EB5D5251268AB3D009A80E0 /* RecipeBasketViewController.h */ = {isa = PBXFileReference; fileEncoding = 4; lastKnownFileType = sourcecode.c.h; name = RecipeBasketViewController.h; path = Controller/RecipeBasketViewController.h; sourceTree = "<group>"; };
		3EB5D5261268AB3D009A80E0 /* RecipeBasketViewController.m */ = {isa = PBXFileReference; fileEncoding = 4; lastKnownFileType = sourcecode.c.objc; name = RecipeBasketViewController.m; path = Controller/RecipeBasketViewController.m; sourceTree = "<group>"; };
		3EB5D5271268AB3D009A80E0 /* RecipeCategoryViewController.h */ = {isa = PBXFileReference; fileEncoding = 4; lastKnownFileType = sourcecode.c.h; name = RecipeCategoryViewController.h; path = Controller/RecipeCategoryViewController.h; sourceTree = "<group>"; };
		3EB5D5281268AB3D009A80E0 /* RecipeCategoryViewController.m */ = {isa = PBXFileReference; fileEncoding = 4; lastKnownFileType = sourcecode.c.objc; name = RecipeCategoryViewController.m; path = Controller/RecipeCategoryViewController.m; sourceTree = "<group>"; };
		3EB5D5291268AB3D009A80E0 /* RecipeHistoryViewController.h */ = {isa = PBXFileReference; fileEncoding = 4; lastKnownFileType = sourcecode.c.h; name = RecipeHistoryViewController.h; path = Controller/RecipeHistoryViewController.h; sourceTree = "<group>"; };
		3EB5D52A1268AB3D009A80E0 /* RecipeHistoryViewController.m */ = {isa = PBXFileReference; fileEncoding = 4; lastKnownFileType = sourcecode.c.objc; name = RecipeHistoryViewController.m; path = Controller/RecipeHistoryViewController.m; sourceTree = "<group>"; };
		3EB5D52B1268AB3D009A80E0 /* RecipeListViewController.h */ = {isa = PBXFileReference; fileEncoding = 4; lastKnownFileType = sourcecode.c.h; name = RecipeListViewController.h; path = Controller/RecipeListViewController.h; sourceTree = "<group>"; };
		3EB5D52C1268AB3D009A80E0 /* RecipeListViewController.m */ = {isa = PBXFileReference; fileEncoding = 4; lastKnownFileType = sourcecode.c.objc; name = RecipeListViewController.m; path = Controller/RecipeListViewController.m; sourceTree = "<group>"; };
		3EB5D52D1268AB3D009A80E0 /* RecipeViewController.h */ = {isa = PBXFileReference; fileEncoding = 4; lastKnownFileType = sourcecode.c.h; name = RecipeViewController.h; path = Controller/RecipeViewController.h; sourceTree = "<group>"; };
		3EB5D52E1268AB3D009A80E0 /* RecipeViewController.m */ = {isa = PBXFileReference; fileEncoding = 4; lastKnownFileType = sourcecode.c.objc; name = RecipeViewController.m; path = Controller/RecipeViewController.m; sourceTree = "<group>"; };
		3EB5D5311268AB3D009A80E0 /* ShelvesViewController.h */ = {isa = PBXFileReference; fileEncoding = 4; lastKnownFileType = sourcecode.c.h; name = ShelvesViewController.h; path = Controller/ShelvesViewController.h; sourceTree = "<group>"; };
		3EB5D5321268AB3D009A80E0 /* ShelvesViewController.m */ = {isa = PBXFileReference; fileEncoding = 4; lastKnownFileType = sourcecode.c.objc; name = ShelvesViewController.m; path = Controller/ShelvesViewController.m; sourceTree = "<group>"; };
		3EB5D5331268AB3D009A80E0 /* ShoppingListViewController.h */ = {isa = PBXFileReference; fileEncoding = 4; lastKnownFileType = sourcecode.c.h; name = ShoppingListViewController.h; path = Controller/ShoppingListViewController.h; sourceTree = "<group>"; };
		3EB5D5341268AB3D009A80E0 /* ShoppingListViewController.m */ = {isa = PBXFileReference; fileEncoding = 4; lastKnownFileType = sourcecode.c.objc; name = ShoppingListViewController.m; path = Controller/ShoppingListViewController.m; sourceTree = "<group>"; };
		3EB5D5351268AB3D009A80E0 /* UITableViewCellFactory.h */ = {isa = PBXFileReference; fileEncoding = 4; lastKnownFileType = sourcecode.c.h; name = UITableViewCellFactory.h; path = Controller/UITableViewCellFactory.h; sourceTree = "<group>"; };
		3EB5D5361268AB3D009A80E0 /* UITableViewCellFactory.m */ = {isa = PBXFileReference; fileEncoding = 4; lastKnownFileType = sourcecode.c.objc; name = UITableViewCellFactory.m; path = Controller/UITableViewCellFactory.m; sourceTree = "<group>"; };
		3EB5D5471268AB4C009A80E0 /* APIRequestManager.h */ = {isa = PBXFileReference; fileEncoding = 4; lastKnownFileType = sourcecode.c.h; name = APIRequestManager.h; path = Model/APIRequestManager.h; sourceTree = "<group>"; };
		3EB5D5481268AB4C009A80E0 /* APIRequestManager.m */ = {isa = PBXFileReference; fileEncoding = 4; lastKnownFileType = sourcecode.c.objc; name = APIRequestManager.m; path = Model/APIRequestManager.m; sourceTree = "<group>"; };
		3EB5D5491268AB4C009A80E0 /* DatabaseRequestManager.h */ = {isa = PBXFileReference; fileEncoding = 4; lastKnownFileType = sourcecode.c.h; name = DatabaseRequestManager.h; path = Model/DatabaseRequestManager.h; sourceTree = "<group>"; };
		3EB5D54A1268AB4C009A80E0 /* DatabaseRequestManager.m */ = {isa = PBXFileReference; fileEncoding = 4; lastKnownFileType = sourcecode.c.objc; name = DatabaseRequestManager.m; path = Model/DatabaseRequestManager.m; sourceTree = "<group>"; };
		3EB5D54B1268AB4C009A80E0 /* DataManager.h */ = {isa = PBXFileReference; fileEncoding = 4; lastKnownFileType = sourcecode.c.h; name = DataManager.h; path = Model/DataManager.h; sourceTree = "<group>"; };
		3EB5D54C1268AB4C009A80E0 /* DataManager.m */ = {isa = PBXFileReference; fileEncoding = 4; lastKnownFileType = sourcecode.c.objc; name = DataManager.m; path = Model/DataManager.m; sourceTree = "<group>"; };
		3EB5D54D1268AB4C009A80E0 /* DeliverySlot.h */ = {isa = PBXFileReference; fileEncoding = 4; lastKnownFileType = sourcecode.c.h; name = DeliverySlot.h; path = Model/DeliverySlot.h; sourceTree = "<group>"; };
		3EB5D54E1268AB4C009A80E0 /* DeliverySlot.m */ = {isa = PBXFileReference; fileEncoding = 4; lastKnownFileType = sourcecode.c.objc; name = DeliverySlot.m; path = Model/DeliverySlot.m; sourceTree = "<group>"; };
		3EB5D5501268AB4C009A80E0 /* JSON.h */ = {isa = PBXFileReference; fileEncoding = 4; lastKnownFileType = sourcecode.c.h; path = JSON.h; sourceTree = "<group>"; };
		3EB5D5511268AB4C009A80E0 /* NSObject+SBJSON.h */ = {isa = PBXFileReference; fileEncoding = 4; lastKnownFileType = sourcecode.c.h; path = "NSObject+SBJSON.h"; sourceTree = "<group>"; };
		3EB5D5521268AB4C009A80E0 /* NSObject+SBJSON.m */ = {isa = PBXFileReference; fileEncoding = 4; lastKnownFileType = sourcecode.c.objc; path = "NSObject+SBJSON.m"; sourceTree = "<group>"; };
		3EB5D5531268AB4C009A80E0 /* NSString+SBJSON.h */ = {isa = PBXFileReference; fileEncoding = 4; lastKnownFileType = sourcecode.c.h; path = "NSString+SBJSON.h"; sourceTree = "<group>"; };
		3EB5D5541268AB4C009A80E0 /* NSString+SBJSON.m */ = {isa = PBXFileReference; fileEncoding = 4; lastKnownFileType = sourcecode.c.objc; path = "NSString+SBJSON.m"; sourceTree = "<group>"; };
		3EB5D5551268AB4C009A80E0 /* SBJSON.h */ = {isa = PBXFileReference; fileEncoding = 4; lastKnownFileType = sourcecode.c.h; path = SBJSON.h; sourceTree = "<group>"; };
		3EB5D5561268AB4C009A80E0 /* SBJSON.m */ = {isa = PBXFileReference; fileEncoding = 4; lastKnownFileType = sourcecode.c.objc; path = SBJSON.m; sourceTree = "<group>"; };
		3EB5D5571268AB4C009A80E0 /* SBJsonBase.h */ = {isa = PBXFileReference; fileEncoding = 4; lastKnownFileType = sourcecode.c.h; path = SBJsonBase.h; sourceTree = "<group>"; };
		3EB5D5581268AB4C009A80E0 /* SBJsonBase.m */ = {isa = PBXFileReference; fileEncoding = 4; lastKnownFileType = sourcecode.c.objc; path = SBJsonBase.m; sourceTree = "<group>"; };
		3EB5D5591268AB4C009A80E0 /* SBJsonParser.h */ = {isa = PBXFileReference; fileEncoding = 4; lastKnownFileType = sourcecode.c.h; path = SBJsonParser.h; sourceTree = "<group>"; };
		3EB5D55A1268AB4C009A80E0 /* SBJsonParser.m */ = {isa = PBXFileReference; fileEncoding = 4; lastKnownFileType = sourcecode.c.objc; path = SBJsonParser.m; sourceTree = "<group>"; };
		3EB5D55B1268AB4C009A80E0 /* SBJsonWriter.h */ = {isa = PBXFileReference; fileEncoding = 4; lastKnownFileType = sourcecode.c.h; path = SBJsonWriter.h; sourceTree = "<group>"; };
		3EB5D55C1268AB4C009A80E0 /* SBJsonWriter.m */ = {isa = PBXFileReference; fileEncoding = 4; lastKnownFileType = sourcecode.c.objc; path = SBJsonWriter.m; sourceTree = "<group>"; };
		3EB5D55D1268AB4C009A80E0 /* LoginManager.h */ = {isa = PBXFileReference; fileEncoding = 4; lastKnownFileType = sourcecode.c.h; name = LoginManager.h; path = Model/LoginManager.h; sourceTree = "<group>"; };
		3EB5D55E1268AB4C009A80E0 /* LoginManager.m */ = {isa = PBXFileReference; fileEncoding = 4; lastKnownFileType = sourcecode.c.objc; name = LoginManager.m; path = Model/LoginManager.m; sourceTree = "<group>"; };
		3EB5D55F1268AB4C009A80E0 /* LogManager.h */ = {isa = PBXFileReference; fileEncoding = 4; lastKnownFileType = sourcecode.c.h; name = LogManager.h; path = Model/LogManager.h; sourceTree = "<group>"; };
		3EB5D5601268AB4C009A80E0 /* LogManager.m */ = {isa = PBXFileReference; fileEncoding = 4; lastKnownFileType = sourcecode.c.objc; name = LogManager.m; path = Model/LogManager.m; sourceTree = "<group>"; };
		3EB5D5611268AB4C009A80E0 /* NSData-Extended.h */ = {isa = PBXFileReference; fileEncoding = 4; lastKnownFileType = sourcecode.c.h; name = "NSData-Extended.h"; path = "Model/NSData-Extended.h"; sourceTree = "<group>"; };
		3EB5D5621268AB4C009A80E0 /* NSData-Extended.m */ = {isa = PBXFileReference; fileEncoding = 4; lastKnownFileType = sourcecode.c.objc; name = "NSData-Extended.m"; path = "Model/NSData-Extended.m"; sourceTree = "<group>"; };
		3EB5D5631268AB4C009A80E0 /* Product.h */ = {isa = PBXFileReference; fileEncoding = 4; lastKnownFileType = sourcecode.c.h; name = Product.h; path = Model/Product.h; sourceTree = "<group>"; };
		3EB5D5641268AB4C009A80E0 /* Product.m */ = {isa = PBXFileReference; fileEncoding = 4; lastKnownFileType = sourcecode.c.objc; name = Product.m; path = Model/Product.m; sourceTree = "<group>"; };
		3EB5D5651268AB4C009A80E0 /* ProductBasketManager.h */ = {isa = PBXFileReference; fileEncoding = 4; lastKnownFileType = sourcecode.c.h; name = ProductBasketManager.h; path = Model/ProductBasketManager.h; sourceTree = "<group>"; };
		3EB5D5661268AB4C009A80E0 /* ProductBasketManager.m */ = {isa = PBXFileReference; fileEncoding = 4; lastKnownFileType = sourcecode.c.objc; name = ProductBasketManager.m; path = Model/ProductBasketManager.m; sourceTree = "<group>"; };
		3EB5D5671268AB4C009A80E0 /* Reachability.h */ = {isa = PBXFileReference; fileEncoding = 4; lastKnownFileType = sourcecode.c.h; name = Reachability.h; path = Model/Reachability.h; sourceTree = "<group>"; };
		3EB5D5681268AB4C009A80E0 /* Reachability.m */ = {isa = PBXFileReference; fileEncoding = 4; lastKnownFileType = sourcecode.c.objc; name = Reachability.m; path = Model/Reachability.m; sourceTree = "<group>"; };
		3EB5D5691268AB4C009A80E0 /* Recipe.h */ = {isa = PBXFileReference; fileEncoding = 4; lastKnownFileType = sourcecode.c.h; name = Recipe.h; path = Model/Recipe.h; sourceTree = "<group>"; };
		3EB5D56A1268AB4C009A80E0 /* Recipe.m */ = {isa = PBXFileReference; fileEncoding = 4; lastKnownFileType = sourcecode.c.objc; name = Recipe.m; path = Model/Recipe.m; sourceTree = "<group>"; };
		3EB5D56B1268AB4C009A80E0 /* RecipeBasketManager.h */ = {isa = PBXFileReference; fileEncoding = 4; lastKnownFileType = sourcecode.c.h; name = RecipeBasketManager.h; path = Model/RecipeBasketManager.h; sourceTree = "<group>"; };
		3EB5D56C1268AB4C009A80E0 /* RecipeBasketManager.m */ = {isa = PBXFileReference; fileEncoding = 4; lastKnownFileType = sourcecode.c.objc; name = RecipeBasketManager.m; path = Model/RecipeBasketManager.m; sourceTree = "<group>"; };
		3EB5D56D1268AB4C009A80E0 /* RecipeShopperAppDelegate.h */ = {isa = PBXFileReference; fileEncoding = 4; lastKnownFileType = sourcecode.c.h; name = RecipeShopperAppDelegate.h; path = Model/RecipeShopperAppDelegate.h; sourceTree = "<group>"; };
		3EB5D56E1268AB4C009A80E0 /* RecipeShopperAppDelegate.m */ = {isa = PBXFileReference; fileEncoding = 4; lastKnownFileType = sourcecode.c.objc; name = RecipeShopperAppDelegate.m; path = Model/RecipeShopperAppDelegate.m; sourceTree = "<group>"; };
		3EB5D56F1268AB4C009A80E0 /* UIImage-Extended.h */ = {isa = PBXFileReference; fileEncoding = 4; lastKnownFileType = sourcecode.c.h; name = "UIImage-Extended.h"; path = "Model/UIImage-Extended.h"; sourceTree = "<group>"; };
		3EB5D5701268AB4C009A80E0 /* UIImage-Extended.m */ = {isa = PBXFileReference; fileEncoding = 4; lastKnownFileType = sourcecode.c.objc; name = "UIImage-Extended.m"; path = "Model/UIImage-Extended.m"; sourceTree = "<group>"; };
		3EB5D66F1268ABA9009A80E0 /* recipeshopper.sqlite */ = {isa = PBXFileReference; lastKnownFileType = file; path = recipeshopper.sqlite; sourceTree = "<group>"; };
		3EB5D6721268ABBB009A80E0 /* recipe_base.css */ = {isa = PBXFileReference; fileEncoding = 4; lastKnownFileType = text.css; path = recipe_base.css; sourceTree = "<group>"; };
		3EB5D6731268ABBB009A80E0 /* recipe_base.html */ = {isa = PBXFileReference; fileEncoding = 4; lastKnownFileType = text.html; path = recipe_base.html; sourceTree = "<group>"; };
		3EB5D6781268ABBB009A80E0 /* bottom-fade.png */ = {isa = PBXFileReference; lastKnownFileType = image.png; path = "bottom-fade.png"; sourceTree = "<group>"; };
		3EB5D6791268ABBB009A80E0 /* button_minus.png */ = {isa = PBXFileReference; lastKnownFileType = image.png; path = button_minus.png; sourceTree = "<group>"; };
		3EB5D67A1268ABBB009A80E0 /* button_minus@2x.png */ = {isa = PBXFileReference; lastKnownFileType = image.png; path = "button_minus@2x.png"; sourceTree = "<group>"; };
		3EB5D67B1268ABBB009A80E0 /* button_plus.png */ = {isa = PBXFileReference; lastKnownFileType = image.png; path = button_plus.png; sourceTree = "<group>"; };
		3EB5D67C1268ABBB009A80E0 /* button_plus@2x.png */ = {isa = PBXFileReference; lastKnownFileType = image.png; path = "button_plus@2x.png"; sourceTree = "<group>"; };
		3EB5D67D1268ABBB009A80E0 /* Default.png */ = {isa = PBXFileReference; lastKnownFileType = image.png; name = Default.png; path = Misc/Default.png; sourceTree = "<group>"; };
		3EB5D67E1268ABBB009A80E0 /* Default@2x.png */ = {isa = PBXFileReference; lastKnownFileType = image.png; name = "Default@2x.png"; path = "Misc/Default@2x.png"; sourceTree = "<group>"; };
		3EB5D67F1268ABBB009A80E0 /* download@2x.png */ = {isa = PBXFileReference; lastKnownFileType = image.png; path = "download@2x.png"; sourceTree = "<group>"; };
		3EB5D6821268ABBB009A80E0 /* breakfasts.png */ = {isa = PBXFileReference; lastKnownFileType = image.png; path = breakfasts.png; sourceTree = "<group>"; };
		3EB5D6831268ABBB009A80E0 /* breakfasts@2x.png */ = {isa = PBXFileReference; lastKnownFileType = image.png; path = "breakfasts@2x.png"; sourceTree = "<group>"; };
		3EB5D6841268ABBB009A80E0 /* cakesBiscuits.png */ = {isa = PBXFileReference; lastKnownFileType = image.png; path = cakesBiscuits.png; sourceTree = "<group>"; };
		3EB5D6851268ABBB009A80E0 /* cakesBiscuits@2x.png */ = {isa = PBXFileReference; lastKnownFileType = image.png; path = "cakesBiscuits@2x.png"; sourceTree = "<group>"; };
		3EB5D6861268ABBB009A80E0 /* desserts.png */ = {isa = PBXFileReference; lastKnownFileType = image.png; path = desserts.png; sourceTree = "<group>"; };
		3EB5D6871268ABBB009A80E0 /* desserts@2x.png */ = {isa = PBXFileReference; lastKnownFileType = image.png; path = "desserts@2x.png"; sourceTree = "<group>"; };
		3EB5D6881268ABBB009A80E0 /* dinners.png */ = {isa = PBXFileReference; lastKnownFileType = image.png; path = dinners.png; sourceTree = "<group>"; };
		3EB5D6891268ABBB009A80E0 /* dinners@2x.png */ = {isa = PBXFileReference; lastKnownFileType = image.png; path = "dinners@2x.png"; sourceTree = "<group>"; };
		3EB5D68A1268ABBB009A80E0 /* drinks.png */ = {isa = PBXFileReference; lastKnownFileType = image.png; path = drinks.png; sourceTree = "<group>"; };
		3EB5D68B1268ABBB009A80E0 /* drinks@2x.png */ = {isa = PBXFileReference; lastKnownFileType = image.png; path = "drinks@2x.png"; sourceTree = "<group>"; };
		3EB5D68C1268ABBB009A80E0 /* lunches.png */ = {isa = PBXFileReference; lastKnownFileType = image.png; path = lunches.png; sourceTree = "<group>"; };
		3EB5D68D1268ABBB009A80E0 /* lunches@2x.png */ = {isa = PBXFileReference; lastKnownFileType = image.png; path = "lunches@2x.png"; sourceTree = "<group>"; };
		3EB5D68E1268ABBB009A80E0 /* mains.png */ = {isa = PBXFileReference; lastKnownFileType = image.png; path = mains.png; sourceTree = "<group>"; };
		3EB5D68F1268ABBB009A80E0 /* mains@2x.png */ = {isa = PBXFileReference; lastKnownFileType = image.png; path = "mains@2x.png"; sourceTree = "<group>"; };
		3EB5D6901268ABBB009A80E0 /* partyFood.png */ = {isa = PBXFileReference; lastKnownFileType = image.png; path = partyFood.png; sourceTree = "<group>"; };
		3EB5D6911268ABBB009A80E0 /* partyFood@2x.png */ = {isa = PBXFileReference; lastKnownFileType = image.png; path = "partyFood@2x.png"; sourceTree = "<group>"; };
		3EB5D6921268ABBB009A80E0 /* salads.png */ = {isa = PBXFileReference; lastKnownFileType = image.png; path = salads.png; sourceTree = "<group>"; };
		3EB5D6931268ABBB009A80E0 /* salads@2x.png */ = {isa = PBXFileReference; lastKnownFileType = image.png; path = "salads@2x.png"; sourceTree = "<group>"; };
		3EB5D6941268ABBB009A80E0 /* sauces.png */ = {isa = PBXFileReference; lastKnownFileType = image.png; path = sauces.png; sourceTree = "<group>"; };
		3EB5D6951268ABBB009A80E0 /* sauces@2x.png */ = {isa = PBXFileReference; lastKnownFileType = image.png; path = "sauces@2x.png"; sourceTree = "<group>"; };
		3EB5D6961268ABBB009A80E0 /* snacksSides.png */ = {isa = PBXFileReference; lastKnownFileType = image.png; path = snacksSides.png; sourceTree = "<group>"; };
		3EB5D6971268ABBB009A80E0 /* snacksSides@2x.png */ = {isa = PBXFileReference; lastKnownFileType = image.png; path = "snacksSides@2x.png"; sourceTree = "<group>"; };
		3EB5D6981268ABBB009A80E0 /* soups.png */ = {isa = PBXFileReference; lastKnownFileType = image.png; path = soups.png; sourceTree = "<group>"; };
		3EB5D6991268ABBB009A80E0 /* soups@2x.png */ = {isa = PBXFileReference; lastKnownFileType = image.png; path = "soups@2x.png"; sourceTree = "<group>"; };
		3EB5D69A1268ABBB009A80E0 /* starters.png */ = {isa = PBXFileReference; lastKnownFileType = image.png; path = starters.png; sourceTree = "<group>"; };
		3EB5D69B1268ABBB009A80E0 /* starters@2x.png */ = {isa = PBXFileReference; lastKnownFileType = image.png; path = "starters@2x.png"; sourceTree = "<group>"; };
		3EB5D69D1268ABBB009A80E0 /* baby_icon.png */ = {isa = PBXFileReference; lastKnownFileType = image.png; path = baby_icon.png; sourceTree = "<group>"; };
		3EB5D69E1268ABBB009A80E0 /* bakery_icon.png */ = {isa = PBXFileReference; lastKnownFileType = image.png; path = bakery_icon.png; sourceTree = "<group>"; };
		3EB5D69F1268ABBB009A80E0 /* cupboard_icon.png */ = {isa = PBXFileReference; lastKnownFileType = image.png; path = cupboard_icon.png; sourceTree = "<group>"; };
		3EB5D6A01268ABBB009A80E0 /* drinks_icon.png */ = {isa = PBXFileReference; lastKnownFileType = image.png; path = drinks_icon.png; sourceTree = "<group>"; };
		3EB5D6A11268ABBB009A80E0 /* fresh_icon.png */ = {isa = PBXFileReference; lastKnownFileType = image.png; path = fresh_icon.png; sourceTree = "<group>"; };
		3EB5D6A21268ABBB009A80E0 /* frozen_icon.png */ = {isa = PBXFileReference; lastKnownFileType = image.png; path = frozen_icon.png; sourceTree = "<group>"; };
		3EB5D6A31268ABBB009A80E0 /* health_icon.png */ = {isa = PBXFileReference; lastKnownFileType = image.png; path = health_icon.png; sourceTree = "<group>"; };
		3EB5D6A41268ABBB009A80E0 /* home_icon.png */ = {isa = PBXFileReference; lastKnownFileType = image.png; path = home_icon.png; sourceTree = "<group>"; };
		3EB5D6A51268ABBB009A80E0 /* household_icon.png */ = {isa = PBXFileReference; lastKnownFileType = image.png; path = household_icon.png; sourceTree = "<group>"; };
		3EB5D6A61268ABBB009A80E0 /* pets_icon.png */ = {isa = PBXFileReference; lastKnownFileType = image.png; path = pets_icon.png; sourceTree = "<group>"; };
		3EB5D6A81268ABBB009A80E0 /* icon_cart.png */ = {isa = PBXFileReference; lastKnownFileType = image.png; path = icon_cart.png; sourceTree = "<group>"; };
		3EB5D6A91268ABBB009A80E0 /* icon_cart@2x.png */ = {isa = PBXFileReference; lastKnownFileType = image.png; path = "icon_cart@2x.png"; sourceTree = "<group>"; };
		3EB5D6AA1268ABBB009A80E0 /* icon_home.png */ = {isa = PBXFileReference; lastKnownFileType = image.png; path = icon_home.png; sourceTree = "<group>"; };
		3EB5D6AB1268ABBB009A80E0 /* icon_shopping.png */ = {isa = PBXFileReference; lastKnownFileType = image.png; path = icon_shopping.png; sourceTree = "<group>"; };
		3EB5D6AC1268ABBB009A80E0 /* icon_todo.png */ = {isa = PBXFileReference; lastKnownFileType = image.png; path = icon_todo.png; sourceTree = "<group>"; };
		3EB80E4B1235A50F00F74165 /* libsqlite3.0.dylib */ = {isa = PBXFileReference; lastKnownFileType = "compiled.mach-o.dylib"; name = libsqlite3.0.dylib; path = usr/lib/libsqlite3.0.dylib; sourceTree = SDKROOT; };
		3EFBE0EB123CF117008B7DC2 /* SystemConfiguration.framework */ = {isa = PBXFileReference; lastKnownFileType = wrapper.framework; name = SystemConfiguration.framework; path = System/Library/Frameworks/SystemConfiguration.framework; sourceTree = SDKROOT; };
		8D1107310486CEB800E47090 /* RecipeShopper-Info.plist */ = {isa = PBXFileReference; fileEncoding = 4; lastKnownFileType = text.plist.xml; path = "RecipeShopper-Info.plist"; plistStructureDefinitionIdentifier = "com.apple.xcode.plist.structure-definition.iphone.info-plist"; sourceTree = "<group>"; };
		CE3D2DE512710C8700D100E2 /* watermarkScroll.png */ = {isa = PBXFileReference; lastKnownFileType = image.png; path = watermarkScroll.png; sourceTree = "<group>"; };
		CE3D2DE612710C8700D100E2 /* watermarkScroll@2x.png */ = {isa = PBXFileReference; lastKnownFileType = image.png; path = "watermarkScroll@2x.png"; sourceTree = "<group>"; };
		CE6E45751278DF2400888D64 /* fetchMore.png */ = {isa = PBXFileReference; lastKnownFileType = image.png; path = fetchMore.png; sourceTree = "<group>"; };
		CE6E45761278DF2400888D64 /* fetchMore@2x.png */ = {isa = PBXFileReference; lastKnownFileType = image.png; path = "fetchMore@2x.png"; sourceTree = "<group>"; };
		CE6F01D1127641F6003696FA /* DepartmentCellHeader.xib */ = {isa = PBXFileReference; lastKnownFileType = file.xib; path = DepartmentCellHeader.xib; sourceTree = "<group>"; };
		CE6F022812764A28003696FA /* AisleCell.xib */ = {isa = PBXFileReference; lastKnownFileType = file.xib; path = AisleCell.xib; sourceTree = "<group>"; };
		CE6F022A12764A37003696FA /* AisleCellHeader.xib */ = {isa = PBXFileReference; lastKnownFileType = file.xib; path = AisleCellHeader.xib; sourceTree = "<group>"; };
		CE6F026412764FF9003696FA /* ShelfCell.xib */ = {isa = PBXFileReference; lastKnownFileType = file.xib; path = ShelfCell.xib; sourceTree = "<group>"; };
		CE6F026612765008003696FA /* ShelfCellHeader.xib */ = {isa = PBXFileReference; lastKnownFileType = file.xib; path = ShelfCellHeader.xib; sourceTree = "<group>"; };
		CE70DF3E12B82B0100FADE5C /* NSString-Extended.h */ = {isa = PBXFileReference; fileEncoding = 4; lastKnownFileType = sourcecode.c.h; path = "NSString-Extended.h"; sourceTree = "<group>"; };
		CE70DF3F12B82B0100FADE5C /* NSString-Extended.m */ = {isa = PBXFileReference; fileEncoding = 4; lastKnownFileType = sourcecode.c.objc; path = "NSString-Extended.m"; sourceTree = "<group>"; };
		CE70DF4112B82BAA00FADE5C /* GTMNSString+HTML.h */ = {isa = PBXFileReference; fileEncoding = 4; lastKnownFileType = sourcecode.c.h; path = "GTMNSString+HTML.h"; sourceTree = "<group>"; };
		CE70DF4212B82BAA00FADE5C /* GTMNSString+HTML.m */ = {isa = PBXFileReference; fileEncoding = 4; lastKnownFileType = sourcecode.c.objc; path = "GTMNSString+HTML.m"; sourceTree = "<group>"; };
		CE70DF4812B82DB300FADE5C /* GTMDefines.h */ = {isa = PBXFileReference; fileEncoding = 4; lastKnownFileType = sourcecode.c.h; path = GTMDefines.h; sourceTree = "<group>"; };
		CE7338191297D81800250439 /* iTunesArtwork */ = {isa = PBXFileReference; explicitFileType = file; path = iTunesArtwork; sourceTree = "<group>"; };
		CE73D1521277742700325A43 /* DeliverySlotCell.xib */ = {isa = PBXFileReference; lastKnownFileType = file.xib; path = DeliverySlotCell.xib; sourceTree = "<group>"; };
		CE73D1541277743300325A43 /* DeliverySlotCellHeader.xib */ = {isa = PBXFileReference; lastKnownFileType = file.xib; path = DeliverySlotCellHeader.xib; sourceTree = "<group>"; };
		CE74CBBA12732B1200B5566E /* recipesHome.png */ = {isa = PBXFileReference; lastKnownFileType = image.png; path = recipesHome.png; sourceTree = "<group>"; };
		CE74CBBB12732B1200B5566E /* recipesHome@2x.png */ = {isa = PBXFileReference; lastKnownFileType = image.png; path = "recipesHome@2x.png"; sourceTree = "<group>"; };
		CE74CBBE12732B4B00B5566E /* recipeHistoryHome.png */ = {isa = PBXFileReference; lastKnownFileType = image.png; path = recipeHistoryHome.png; sourceTree = "<group>"; };
		CE74CBBF12732B4B00B5566E /* recipeHistoryHome@2x.png */ = {isa = PBXFileReference; lastKnownFileType = image.png; path = "recipeHistoryHome@2x.png"; sourceTree = "<group>"; };
		CE74CBC212732B5D00B5566E /* disclosure@2x.png */ = {isa = PBXFileReference; lastKnownFileType = image.png; path = "disclosure@2x.png"; sourceTree = "<group>"; };
		CE74CBC412732B8400B5566E /* disclosure.png */ = {isa = PBXFileReference; lastKnownFileType = image.png; path = disclosure.png; sourceTree = "<group>"; };
		CE74CBDB12732BC500B5566E /* login.png */ = {isa = PBXFileReference; lastKnownFileType = image.png; path = login.png; sourceTree = "<group>"; };
		CE74CBDC12732BC500B5566E /* login@2x.png */ = {isa = PBXFileReference; lastKnownFileType = image.png; path = "login@2x.png"; sourceTree = "<group>"; };
		CE74CBDD12732BC500B5566E /* logout.png */ = {isa = PBXFileReference; lastKnownFileType = image.png; path = logout.png; sourceTree = "<group>"; };
		CE74CBDE12732BC500B5566E /* logout@2x.png */ = {isa = PBXFileReference; lastKnownFileType = image.png; path = "logout@2x.png"; sourceTree = "<group>"; };
		CE74CBE312732BD100B5566E /* homeButton.png */ = {isa = PBXFileReference; lastKnownFileType = image.png; path = homeButton.png; sourceTree = "<group>"; };
		CE74CBE412732BD200B5566E /* homeButton@2x.png */ = {isa = PBXFileReference; lastKnownFileType = image.png; path = "homeButton@2x.png"; sourceTree = "<group>"; };
		CE74CBE712732BE400B5566E /* logoSmall.png */ = {isa = PBXFileReference; lastKnownFileType = image.png; path = logoSmall.png; sourceTree = "<group>"; };
		CE74CBE812732BE400B5566E /* logoSmall@2x.png */ = {isa = PBXFileReference; lastKnownFileType = image.png; path = "logoSmall@2x.png"; sourceTree = "<group>"; };
		CE74CBEB12732F8200B5566E /* shopOfflineBackground.png */ = {isa = PBXFileReference; lastKnownFileType = image.png; path = shopOfflineBackground.png; sourceTree = "<group>"; };
		CE74CBEC12732F8200B5566E /* shopOfflineBackground@2x.png */ = {isa = PBXFileReference; lastKnownFileType = image.png; path = "shopOfflineBackground@2x.png"; sourceTree = "<group>"; };
		CE74CC031273366500B5566E /* basketHome.png */ = {isa = PBXFileReference; lastKnownFileType = image.png; path = basketHome.png; sourceTree = "<group>"; };
		CE74CC041273366500B5566E /* basketHome@2x.png */ = {isa = PBXFileReference; lastKnownFileType = image.png; path = "basketHome@2x.png"; sourceTree = "<group>"; };
		CE74CC091273376A00B5566E /* createAccount.png */ = {isa = PBXFileReference; lastKnownFileType = image.png; path = createAccount.png; sourceTree = "<group>"; };
		CE74CC0A1273376A00B5566E /* createAccount@2x.png */ = {isa = PBXFileReference; lastKnownFileType = image.png; path = "createAccount@2x.png"; sourceTree = "<group>"; };
		CE74CC511273503000B5566E /* tableHeader.png */ = {isa = PBXFileReference; lastKnownFileType = image.png; path = tableHeader.png; sourceTree = "<group>"; };
		CE74CC521273503000B5566E /* tableHeader@2x.png */ = {isa = PBXFileReference; lastKnownFileType = image.png; path = "tableHeader@2x.png"; sourceTree = "<group>"; };
		CE76EB2612748D0800903FCC /* RecipeHistoryEmpty.xib */ = {isa = PBXFileReference; lastKnownFileType = file.xib; path = RecipeHistoryEmpty.xib; sourceTree = "<group>"; };
		CE76EB6B1274935800903FCC /* RecipeBasketEmpty.xib */ = {isa = PBXFileReference; lastKnownFileType = file.xib; path = RecipeBasketEmpty.xib; sourceTree = "<group>"; };
		CE76EB6F1274C85E00903FCC /* recipeBasketEmpty.png */ = {isa = PBXFileReference; lastKnownFileType = image.png; path = recipeBasketEmpty.png; sourceTree = "<group>"; };
		CE76EB701274C85E00903FCC /* recipeBasketEmpty@2x.png */ = {isa = PBXFileReference; lastKnownFileType = image.png; path = "recipeBasketEmpty@2x.png"; sourceTree = "<group>"; };
		CE76EC0B1274DE8900903FCC /* TotalCell.xib */ = {isa = PBXFileReference; lastKnownFileType = file.xib; path = TotalCell.xib; sourceTree = "<group>"; };
		CE76EC0D1274DE9B00903FCC /* TotalCellHeader.xib */ = {isa = PBXFileReference; lastKnownFileType = file.xib; path = TotalCellHeader.xib; sourceTree = "<group>"; };
		CE76EC171274EAB700903FCC /* ProductCellHeader.xib */ = {isa = PBXFileReference; lastKnownFileType = file.xib; path = ProductCellHeader.xib; sourceTree = "<group>"; };
		CE77C65912A82CC700031799 /* ProductUnavailableCell.xib */ = {isa = PBXFileReference; lastKnownFileType = file.xib; name = ProductUnavailableCell.xib; path = View/ProductUnavailableCell.xib; sourceTree = "<group>"; };
		CE77C65D12A82CE600031799 /* ProductUnavailableCellHeader.xib */ = {isa = PBXFileReference; lastKnownFileType = file.xib; name = ProductUnavailableCellHeader.xib; path = View/ProductUnavailableCellHeader.xib; sourceTree = "<group>"; };
		CE77C66112A8323C00031799 /* remove.png */ = {isa = PBXFileReference; lastKnownFileType = image.png; path = remove.png; sourceTree = "<group>"; };
		CE77C66212A8323C00031799 /* remove@2x.png */ = {isa = PBXFileReference; lastKnownFileType = image.png; path = "remove@2x.png"; sourceTree = "<group>"; };
		CE77C66312A8323C00031799 /* replace.png */ = {isa = PBXFileReference; lastKnownFileType = image.png; path = replace.png; sourceTree = "<group>"; };
		CE77C66412A8323C00031799 /* replace@2x.png */ = {isa = PBXFileReference; lastKnownFileType = image.png; path = "replace@2x.png"; sourceTree = "<group>"; };
		CE81C89C1271967200D8A725 /* header@2x.png */ = {isa = PBXFileReference; lastKnownFileType = image.png; path = "header@2x.png"; sourceTree = "<group>"; };
		CE81C90A1271B73500D8A725 /* recentRecipesHeader@2x.png */ = {isa = PBXFileReference; lastKnownFileType = image.png; path = "recentRecipesHeader@2x.png"; sourceTree = "<group>"; };
		CE81C9981271FA4500D8A725 /* RecipeCellHeader.xib */ = {isa = PBXFileReference; lastKnownFileType = file.xib; path = RecipeCellHeader.xib; sourceTree = "<group>"; };
		CE81CA08127206E400D8A725 /* header.png */ = {isa = PBXFileReference; lastKnownFileType = image.png; path = header.png; sourceTree = "<group>"; };
		CE81CA09127206E400D8A725 /* noHistory@2x.png */ = {isa = PBXFileReference; lastKnownFileType = image.png; path = "noHistory@2x.png"; sourceTree = "<group>"; };
		CE81CA0A127206E400D8A725 /* watermark.png */ = {isa = PBXFileReference; lastKnownFileType = image.png; path = watermark.png; sourceTree = "<group>"; };
		CE81CA0B127206E400D8A725 /* watermark@2x.png */ = {isa = PBXFileReference; lastKnownFileType = image.png; path = "watermark@2x.png"; sourceTree = "<group>"; };
		CE9C64F71270E8D2000B2EC4 /* noHistory.png */ = {isa = PBXFileReference; lastKnownFileType = image.png; path = noHistory.png; sourceTree = "<group>"; };
		CECA3ADD128853F800DD2363 /* icon_home@2x.png */ = {isa = PBXFileReference; lastKnownFileType = image.png; path = "icon_home@2x.png"; sourceTree = "<group>"; };
		CECA3ADE128853F800DD2363 /* icon_shopping@2x.png */ = {isa = PBXFileReference; lastKnownFileType = image.png; path = "icon_shopping@2x.png"; sourceTree = "<group>"; };
		CECA3ADF128853F800DD2363 /* icon_todo@2x.png */ = {isa = PBXFileReference; lastKnownFileType = image.png; path = "icon_todo@2x.png"; sourceTree = "<group>"; };
		CED733381270E56300B049BF /* icon.png */ = {isa = PBXFileReference; lastKnownFileType = image.png; name = icon.png; path = Misc/icon.png; sourceTree = "<group>"; };
		CED733391270E56300B049BF /* icon@2x.png */ = {isa = PBXFileReference; lastKnownFileType = image.png; name = "icon@2x.png"; path = "Misc/icon@2x.png"; sourceTree = "<group>"; };
/* End PBXFileReference section */

/* Begin PBXFrameworksBuildPhase section */
		1D60588F0D05DD3D006BFB54 /* Frameworks */ = {
			isa = PBXFrameworksBuildPhase;
			buildActionMask = 2147483647;
			files = (
				1D60589F0D05DD5A006BFB54 /* Foundation.framework in Frameworks */,
				1DF5F4E00D08C38300B7A737 /* UIKit.framework in Frameworks */,
				288765080DF74369002DB57D /* CoreGraphics.framework in Frameworks */,
				3EB80E4C1235A50F00F74165 /* libsqlite3.0.dylib in Frameworks */,
				3E34822D123A8E58009E0214 /* QuartzCore.framework in Frameworks */,
				3EFBE0EC123CF117008B7DC2 /* SystemConfiguration.framework in Frameworks */,
			);
			runOnlyForDeploymentPostprocessing = 0;
		};
/* End PBXFrameworksBuildPhase section */

/* Begin PBXGroup section */
		080E96DDFE201D6D7F000001 /* Classes */ = {
			isa = PBXGroup;
			children = (
				3EB5D0C4125F79F5009A80E0 /* View */,
				3EB5D0C5125F79FF009A80E0 /* Controller */,
				3EB5D0C3125F79E0009A80E0 /* Model */,
			);
			path = Classes;
			sourceTree = "<group>";
		};
		19C28FACFE9D520D11CA2CBB /* Products */ = {
			isa = PBXGroup;
			children = (
				1D6058910D05DD3D006BFB54 /* Recipes.app */,
			);
			name = Products;
			sourceTree = "<group>";
		};
		29B97314FDCFA39411CA2CEA /* Shopper */ = {
			isa = PBXGroup;
			children = (
				080E96DDFE201D6D7F000001 /* Classes */,
				29B97315FDCFA39411CA2CEA /* Other Sources */,
				29B97317FDCFA39411CA2CEA /* Resources */,
				29B97323FDCFA39411CA2CEA /* Frameworks */,
				19C28FACFE9D520D11CA2CBB /* Products */,
			);
			name = Shopper;
			sourceTree = "<group>";
		};
		29B97315FDCFA39411CA2CEA /* Other Sources */ = {
			isa = PBXGroup;
			children = (
				28A0AB4B0D9B1048005BE974 /* RecipeShopper_Prefix.pch */,
				29B97316FDCFA39411CA2CEA /* main.m */,
			);
			name = "Other Sources";
			sourceTree = "<group>";
		};
		29B97317FDCFA39411CA2CEA /* Resources */ = {
			isa = PBXGroup;
			children = (
				CE7338191297D81800250439 /* iTunesArtwork */,
				3EB5D6711268ABBB009A80E0 /* html */,
				3EB5D6741268ABBB009A80E0 /* images */,
				3EB5D66E1268ABA9009A80E0 /* database */,
				8D1107310486CEB800E47090 /* RecipeShopper-Info.plist */,
			);
			name = Resources;
			sourceTree = "<group>";
		};
		29B97323FDCFA39411CA2CEA /* Frameworks */ = {
			isa = PBXGroup;
			children = (
				3E34822C123A8E58009E0214 /* QuartzCore.framework */,
				1DF5F4DF0D08C38300B7A737 /* UIKit.framework */,
				1D30AB110D05D00D00671497 /* Foundation.framework */,
				288765070DF74369002DB57D /* CoreGraphics.framework */,
				3EB80E4B1235A50F00F74165 /* libsqlite3.0.dylib */,
				3EFBE0EB123CF117008B7DC2 /* SystemConfiguration.framework */,
			);
			name = Frameworks;
			sourceTree = "<group>";
		};
		3EB5D0C3125F79E0009A80E0 /* Model */ = {
			isa = PBXGroup;
			children = (
				3EB5D54F1268AB4C009A80E0 /* JSON */,
				3EB5D5471268AB4C009A80E0 /* APIRequestManager.h */,
				3EB5D5481268AB4C009A80E0 /* APIRequestManager.m */,
				3EB5D5491268AB4C009A80E0 /* DatabaseRequestManager.h */,
				3EB5D54A1268AB4C009A80E0 /* DatabaseRequestManager.m */,
				3EB5D54B1268AB4C009A80E0 /* DataManager.h */,
				3EB5D54C1268AB4C009A80E0 /* DataManager.m */,
				3EB5D54D1268AB4C009A80E0 /* DeliverySlot.h */,
				3EB5D54E1268AB4C009A80E0 /* DeliverySlot.m */,
				3EB5D55D1268AB4C009A80E0 /* LoginManager.h */,
				3EB5D55E1268AB4C009A80E0 /* LoginManager.m */,
				3EB5D55F1268AB4C009A80E0 /* LogManager.h */,
				3EB5D5601268AB4C009A80E0 /* LogManager.m */,
				3EB5D5611268AB4C009A80E0 /* NSData-Extended.h */,
				3EB5D5621268AB4C009A80E0 /* NSData-Extended.m */,
				3EB5D5631268AB4C009A80E0 /* Product.h */,
				3EB5D5641268AB4C009A80E0 /* Product.m */,
				3EB5D5651268AB4C009A80E0 /* ProductBasketManager.h */,
				3EB5D5661268AB4C009A80E0 /* ProductBasketManager.m */,
				3EB5D5671268AB4C009A80E0 /* Reachability.h */,
				3EB5D5681268AB4C009A80E0 /* Reachability.m */,
				3EB5D5691268AB4C009A80E0 /* Recipe.h */,
				3EB5D56A1268AB4C009A80E0 /* Recipe.m */,
				3EB5D56B1268AB4C009A80E0 /* RecipeBasketManager.h */,
				3EB5D56C1268AB4C009A80E0 /* RecipeBasketManager.m */,
				3EB5D56D1268AB4C009A80E0 /* RecipeShopperAppDelegate.h */,
				3EB5D56E1268AB4C009A80E0 /* RecipeShopperAppDelegate.m */,
				3EB5D56F1268AB4C009A80E0 /* UIImage-Extended.h */,
				3EB5D5701268AB4C009A80E0 /* UIImage-Extended.m */,
				CE70DF3E12B82B0100FADE5C /* NSString-Extended.h */,
				CE70DF3F12B82B0100FADE5C /* NSString-Extended.m */,
				CE70DF4112B82BAA00FADE5C /* GTMNSString+HTML.h */,
				CE70DF4212B82BAA00FADE5C /* GTMNSString+HTML.m */,
				CE70DF4812B82DB300FADE5C /* GTMDefines.h */,
			);
			name = Model;
			sourceTree = "<group>";
		};
		3EB5D0C4125F79F5009A80E0 /* View */ = {
			isa = PBXGroup;
			children = (
				3EB5D4EB1268AB29009A80E0 /* AislesView.xib */,
				CE6F022812764A28003696FA /* AisleCell.xib */,
				CE6F022A12764A37003696FA /* AisleCellHeader.xib */,
				3EAD8E85126FB1D000B72B67 /* BasketViewCell.xib */,
				3EB5D4F21268AB29009A80E0 /* CheckoutView.xib */,
				3EB5D4ED1268AB29009A80E0 /* DeliverySlotsView.xib */,
				CE73D1521277742700325A43 /* DeliverySlotCell.xib */,
				CE73D1541277743300325A43 /* DeliverySlotCellHeader.xib */,
				3EB5D4F31268AB29009A80E0 /* OnlineShopView.xib */,
				3EB5D4EE1268AB29009A80E0 /* DepartmentCell.xib */,
				CE6F01D1127641F6003696FA /* DepartmentCellHeader.xib */,
				3EB5D4EF1268AB29009A80E0 /* HomeView.xib */,
				3EB5D4F01268AB29009A80E0 /* MainWindow.xib */,
				3EB5D4F11268AB29009A80E0 /* MoreSearchResultsCell.xib */,
				3EB5D4F41268AB29009A80E0 /* OverlayView.xib */,
				3EB5D4F61268AB29009A80E0 /* ProductsView.xib */,
				CE76EC171274EAB700903FCC /* ProductCellHeader.xib */,
				3EB5D4F71268AB29009A80E0 /* ProductCell.xib */,
				CE77C65D12A82CE600031799 /* ProductUnavailableCellHeader.xib */,
				CE77C65912A82CC700031799 /* ProductUnavailableCell.xib */,
				3EB5D4F81268AB29009A80E0 /* RecipeBasketView.xib */,
				3EB5D4F91268AB29009A80E0 /* RecipeCategoryView.xib */,
				3EB5D4FA1268AB29009A80E0 /* RecipeHistoryView.xib */,
				3EB5D4FB1268AB29009A80E0 /* RecipeListView.xib */,
				3EB5D4FC1268AB29009A80E0 /* RecipeView.xib */,
				3EB5D4FD1268AB29009A80E0 /* RecipeCell.xib */,
				CE81C9981271FA4500D8A725 /* RecipeCellHeader.xib */,
				CE76EB6B1274935800903FCC /* RecipeBasketEmpty.xib */,
				CE76EB2612748D0800903FCC /* RecipeHistoryEmpty.xib */,
				3EB5D4FF1268AB29009A80E0 /* ShelvesView.xib */,
				CE6F026412764FF9003696FA /* ShelfCell.xib */,
				CE6F026612765008003696FA /* ShelfCellHeader.xib */,
				3EB5D5001268AB29009A80E0 /* ShoppingListView.xib */,
				CE76EC0B1274DE8900903FCC /* TotalCell.xib */,
				CE76EC0D1274DE9B00903FCC /* TotalCellHeader.xib */,
			);
			name = View;
			sourceTree = "<group>";
		};
		3EB5D0C5125F79FF009A80E0 /* Controller */ = {
			isa = PBXGroup;
			children = (
				3EB5D5171268AB3D009A80E0 /* AislesViewController.h */,
				3EB5D5181268AB3D009A80E0 /* AislesViewController.m */,
				3EB5D51D1268AB3D009A80E0 /* CheckoutViewController.h */,
				3EB5D51E1268AB3D009A80E0 /* CheckoutViewController.m */,
				3EB5D5191268AB3D009A80E0 /* DeliverySlotsViewController.h */,
				3EB5D51A1268AB3D009A80E0 /* DeliverySlotsViewController.m */,
				3EB5D51B1268AB3D009A80E0 /* HomeViewController.h */,
				3EB5D51C1268AB3D009A80E0 /* HomeViewController.m */,
				3EB5D51F1268AB3D009A80E0 /* OnlineShopViewController.h */,
				3EB5D5201268AB3D009A80E0 /* OnlineShopViewController.m */,
				3EB5D5211268AB3D009A80E0 /* OverlayViewController.h */,
				3EB5D5221268AB3D009A80E0 /* OverlayViewController.m */,
				3EB5D5231268AB3D009A80E0 /* ProductsViewController.h */,
				3EB5D5241268AB3D009A80E0 /* ProductsViewController.m */,
				3EB5D5251268AB3D009A80E0 /* RecipeBasketViewController.h */,
				3EB5D5261268AB3D009A80E0 /* RecipeBasketViewController.m */,
				3EB5D5271268AB3D009A80E0 /* RecipeCategoryViewController.h */,
				3EB5D5281268AB3D009A80E0 /* RecipeCategoryViewController.m */,
				3EB5D5291268AB3D009A80E0 /* RecipeHistoryViewController.h */,
				3EB5D52A1268AB3D009A80E0 /* RecipeHistoryViewController.m */,
				3EB5D52B1268AB3D009A80E0 /* RecipeListViewController.h */,
				3EB5D52C1268AB3D009A80E0 /* RecipeListViewController.m */,
				3EB5D52D1268AB3D009A80E0 /* RecipeViewController.h */,
				3EB5D52E1268AB3D009A80E0 /* RecipeViewController.m */,
				3EB5D5311268AB3D009A80E0 /* ShelvesViewController.h */,
				3EB5D5321268AB3D009A80E0 /* ShelvesViewController.m */,
				3EB5D5331268AB3D009A80E0 /* ShoppingListViewController.h */,
				3EB5D5341268AB3D009A80E0 /* ShoppingListViewController.m */,
				3EB5D5351268AB3D009A80E0 /* UITableViewCellFactory.h */,
				3EB5D5361268AB3D009A80E0 /* UITableViewCellFactory.m */,
			);
			name = Controller;
			sourceTree = "<group>";
		};
		3EB5D54F1268AB4C009A80E0 /* JSON */ = {
			isa = PBXGroup;
			children = (
				3EB5D5501268AB4C009A80E0 /* JSON.h */,
				3EB5D5511268AB4C009A80E0 /* NSObject+SBJSON.h */,
				3EB5D5521268AB4C009A80E0 /* NSObject+SBJSON.m */,
				3EB5D5531268AB4C009A80E0 /* NSString+SBJSON.h */,
				3EB5D5541268AB4C009A80E0 /* NSString+SBJSON.m */,
				3EB5D5551268AB4C009A80E0 /* SBJSON.h */,
				3EB5D5561268AB4C009A80E0 /* SBJSON.m */,
				3EB5D5571268AB4C009A80E0 /* SBJsonBase.h */,
				3EB5D5581268AB4C009A80E0 /* SBJsonBase.m */,
				3EB5D5591268AB4C009A80E0 /* SBJsonParser.h */,
				3EB5D55A1268AB4C009A80E0 /* SBJsonParser.m */,
				3EB5D55B1268AB4C009A80E0 /* SBJsonWriter.h */,
				3EB5D55C1268AB4C009A80E0 /* SBJsonWriter.m */,
			);
			name = JSON;
			path = Model/JSON;
			sourceTree = "<group>";
		};
		3EB5D66E1268ABA9009A80E0 /* database */ = {
			isa = PBXGroup;
			children = (
				3EB5D66F1268ABA9009A80E0 /* recipeshopper.sqlite */,
			);
			path = database;
			sourceTree = "<group>";
		};
		3EB5D6711268ABBB009A80E0 /* html */ = {
			isa = PBXGroup;
			children = (
				3EB5D6721268ABBB009A80E0 /* recipe_base.css */,
				3EB5D6731268ABBB009A80E0 /* recipe_base.html */,
			);
			path = html;
			sourceTree = "<group>";
		};
		3EB5D6741268ABBB009A80E0 /* images */ = {
			isa = PBXGroup;
			children = (
				CE81C9821271EC3000D8A725 /* iPhone Resources */,
				3E892BCA1268B26500A512B5 /* imgs */,
				3EB5D6771268ABBB009A80E0 /* Misc */,
				3EB5D6811268ABBB009A80E0 /* Recipe Categories */,
				3EB5D69C1268ABBB009A80E0 /* Shopping */,
				3EB5D6A71268ABBB009A80E0 /* Tab Bar */,
			);
			path = images;
			sourceTree = "<group>";
		};
		3EB5D6771268ABBB009A80E0 /* Misc */ = {
			isa = PBXGroup;
			children = (
				CE77C66112A8323C00031799 /* remove.png */,
				CE77C66212A8323C00031799 /* remove@2x.png */,
				CE77C66312A8323C00031799 /* replace.png */,
				CE77C66412A8323C00031799 /* replace@2x.png */,
				CE74CC031273366500B5566E /* basketHome.png */,
				CE74CC041273366500B5566E /* basketHome@2x.png */,
				3EB5D6781268ABBB009A80E0 /* bottom-fade.png */,
				3EB5D6791268ABBB009A80E0 /* button_minus.png */,
				3EB5D67A1268ABBB009A80E0 /* button_minus@2x.png */,
				3EB5D67B1268ABBB009A80E0 /* button_plus.png */,
				3EB5D67C1268ABBB009A80E0 /* button_plus@2x.png */,
				CE74CC091273376A00B5566E /* createAccount.png */,
				CE74CC0A1273376A00B5566E /* createAccount@2x.png */,
				CE6E45751278DF2400888D64 /* fetchMore.png */,
				CE6E45761278DF2400888D64 /* fetchMore@2x.png */,
				CE74CBE312732BD100B5566E /* homeButton.png */,
				CE74CBE412732BD200B5566E /* homeButton@2x.png */,
				CE74CBE712732BE400B5566E /* logoSmall.png */,
				CE74CBE812732BE400B5566E /* logoSmall@2x.png */,
				CE74CBDB12732BC500B5566E /* login.png */,
				CE74CBDC12732BC500B5566E /* login@2x.png */,
				CE74CBDD12732BC500B5566E /* logout.png */,
				CE74CBDE12732BC500B5566E /* logout@2x.png */,
				CE9C64F71270E8D2000B2EC4 /* noHistory.png */,
				CE81CA09127206E400D8A725 /* noHistory@2x.png */,
				CE81CA0A127206E400D8A725 /* watermark.png */,
				CE81CA0B127206E400D8A725 /* watermark@2x.png */,
				CE81CA08127206E400D8A725 /* header.png */,
				CE81C89C1271967200D8A725 /* header@2x.png */,
				CE76EB6F1274C85E00903FCC /* recipeBasketEmpty.png */,
				CE76EB701274C85E00903FCC /* recipeBasketEmpty@2x.png */,
				CE81C90A1271B73500D8A725 /* recentRecipesHeader@2x.png */,
				CE74CBBE12732B4B00B5566E /* recipeHistoryHome.png */,
				CE74CBBF12732B4B00B5566E /* recipeHistoryHome@2x.png */,
				CE74CBBA12732B1200B5566E /* recipesHome.png */,
				CE74CBBB12732B1200B5566E /* recipesHome@2x.png */,
				CE74CBEB12732F8200B5566E /* shopOfflineBackground.png */,
				CE74CBEC12732F8200B5566E /* shopOfflineBackground@2x.png */,
				CE74CC511273503000B5566E /* tableHeader.png */,
				CE74CC521273503000B5566E /* tableHeader@2x.png */,
				CE74CBC412732B8400B5566E /* disclosure.png */,
				CE74CBC212732B5D00B5566E /* disclosure@2x.png */,
				CE3D2DE512710C8700D100E2 /* watermarkScroll.png */,
				CE3D2DE612710C8700D100E2 /* watermarkScroll@2x.png */,
				3EB5D67F1268ABBB009A80E0 /* download@2x.png */,
			);
			path = Misc;
			sourceTree = "<group>";
		};
		3EB5D6811268ABBB009A80E0 /* Recipe Categories */ = {
			isa = PBXGroup;
			children = (
				3EB5D6821268ABBB009A80E0 /* breakfasts.png */,
				3EB5D6831268ABBB009A80E0 /* breakfasts@2x.png */,
				3EB5D6841268ABBB009A80E0 /* cakesBiscuits.png */,
				3EB5D6851268ABBB009A80E0 /* cakesBiscuits@2x.png */,
				3EB5D6861268ABBB009A80E0 /* desserts.png */,
				3EB5D6871268ABBB009A80E0 /* desserts@2x.png */,
				3EB5D6881268ABBB009A80E0 /* dinners.png */,
				3EB5D6891268ABBB009A80E0 /* dinners@2x.png */,
				3EB5D68A1268ABBB009A80E0 /* drinks.png */,
				3EB5D68B1268ABBB009A80E0 /* drinks@2x.png */,
				3EB5D68C1268ABBB009A80E0 /* lunches.png */,
				3EB5D68D1268ABBB009A80E0 /* lunches@2x.png */,
				3EB5D68E1268ABBB009A80E0 /* mains.png */,
				3EB5D68F1268ABBB009A80E0 /* mains@2x.png */,
				3EB5D6901268ABBB009A80E0 /* partyFood.png */,
				3EB5D6911268ABBB009A80E0 /* partyFood@2x.png */,
				3EB5D6921268ABBB009A80E0 /* salads.png */,
				3EB5D6931268ABBB009A80E0 /* salads@2x.png */,
				3EB5D6941268ABBB009A80E0 /* sauces.png */,
				3EB5D6951268ABBB009A80E0 /* sauces@2x.png */,
				3EB5D6961268ABBB009A80E0 /* snacksSides.png */,
				3EB5D6971268ABBB009A80E0 /* snacksSides@2x.png */,
				3EB5D6981268ABBB009A80E0 /* soups.png */,
				3EB5D6991268ABBB009A80E0 /* soups@2x.png */,
				3EB5D69A1268ABBB009A80E0 /* starters.png */,
				3EB5D69B1268ABBB009A80E0 /* starters@2x.png */,
			);
			path = "Recipe Categories";
			sourceTree = "<group>";
		};
		3EB5D69C1268ABBB009A80E0 /* Shopping */ = {
			isa = PBXGroup;
			children = (
				3EB5D69D1268ABBB009A80E0 /* baby_icon.png */,
				3EB5D69E1268ABBB009A80E0 /* bakery_icon.png */,
				3EB5D69F1268ABBB009A80E0 /* cupboard_icon.png */,
				3EB5D6A01268ABBB009A80E0 /* drinks_icon.png */,
				3EB5D6A11268ABBB009A80E0 /* fresh_icon.png */,
				3EB5D6A21268ABBB009A80E0 /* frozen_icon.png */,
				3EB5D6A31268ABBB009A80E0 /* health_icon.png */,
				3EB5D6A41268ABBB009A80E0 /* home_icon.png */,
				3EB5D6A51268ABBB009A80E0 /* household_icon.png */,
				3EB5D6A61268ABBB009A80E0 /* pets_icon.png */,
			);
			path = Shopping;
			sourceTree = "<group>";
		};
		3EB5D6A71268ABBB009A80E0 /* Tab Bar */ = {
			isa = PBXGroup;
			children = (
				3EB5D6A81268ABBB009A80E0 /* icon_cart.png */,
				3EB5D6A91268ABBB009A80E0 /* icon_cart@2x.png */,
				CECA3ADE128853F800DD2363 /* icon_shopping@2x.png */,
				CECA3ADD128853F800DD2363 /* icon_home@2x.png */,
				3EB5D6AB1268ABBB009A80E0 /* icon_shopping.png */,
				3EB5D6AA1268ABBB009A80E0 /* icon_home.png */,
				3EB5D6AC1268ABBB009A80E0 /* icon_todo.png */,
				CECA3ADF128853F800DD2363 /* icon_todo@2x.png */,
			);
			path = "Tab Bar";
			sourceTree = "<group>";
		};
		CE81C9821271EC3000D8A725 /* iPhone Resources */ = {
			isa = PBXGroup;
			children = (
				CED733381270E56300B049BF /* icon.png */,
				CED733391270E56300B049BF /* icon@2x.png */,
				3EB5D67D1268ABBB009A80E0 /* Default.png */,
				3EB5D67E1268ABBB009A80E0 /* Default@2x.png */,
			);
			name = "iPhone Resources";
			sourceTree = "<group>";
		};
/* End PBXGroup section */

/* Begin PBXNativeTarget section */
		1D6058900D05DD3D006BFB54 /* RecipeShopper */ = {
			isa = PBXNativeTarget;
			buildConfigurationList = 1D6058960D05DD3E006BFB54 /* Build configuration list for PBXNativeTarget "RecipeShopper" */;
			buildPhases = (
				1D60588D0D05DD3D006BFB54 /* Resources */,
				1D60588E0D05DD3D006BFB54 /* Sources */,
				1D60588F0D05DD3D006BFB54 /* Frameworks */,
			);
			buildRules = (
			);
			dependencies = (
			);
			name = RecipeShopper;
			productName = Shopper;
			productReference = 1D6058910D05DD3D006BFB54 /* Recipes.app */;
			productType = "com.apple.product-type.application";
		};
/* End PBXNativeTarget section */

/* Begin PBXProject section */
		29B97313FDCFA39411CA2CEA /* Project object */ = {
			isa = PBXProject;
			attributes = {
				ORGANIZATIONNAME = Assentec;
			};
			buildConfigurationList = C01FCF4E08A954540054247B /* Build configuration list for PBXProject "RecipeShopper" */;
			compatibilityVersion = "Xcode 3.1";
			developmentRegion = English;
			hasScannedForEncodings = 1;
			knownRegions = (
				en,
			);
			mainGroup = 29B97314FDCFA39411CA2CEA /* Shopper */;
			projectDirPath = "";
			projectRoot = "";
			targets = (
				1D6058900D05DD3D006BFB54 /* RecipeShopper */,
			);
		};
/* End PBXProject section */

/* Begin PBXResourcesBuildPhase section */
		1D60588D0D05DD3D006BFB54 /* Resources */ = {
			isa = PBXResourcesBuildPhase;
			buildActionMask = 2147483647;
			files = (
				3EB5D5011268AB29009A80E0 /* AislesView.xib in Resources */,
				3EB5D5031268AB29009A80E0 /* DeliverySlotsView.xib in Resources */,
				3EB5D5041268AB29009A80E0 /* DepartmentCell.xib in Resources */,
				3EB5D5051268AB29009A80E0 /* HomeView.xib in Resources */,
				3EB5D5061268AB29009A80E0 /* MainWindow.xib in Resources */,
				3EB5D5071268AB29009A80E0 /* MoreSearchResultsCell.xib in Resources */,
				3EB5D5081268AB29009A80E0 /* CheckoutView.xib in Resources */,
				3EB5D5091268AB29009A80E0 /* OnlineShopView.xib in Resources */,
				3EB5D50A1268AB29009A80E0 /* OverlayView.xib in Resources */,
				3EB5D50C1268AB29009A80E0 /* ProductsView.xib in Resources */,
				3EB5D50D1268AB29009A80E0 /* ProductCell.xib in Resources */,
				3EB5D50E1268AB29009A80E0 /* RecipeBasketView.xib in Resources */,
				3EB5D50F1268AB29009A80E0 /* RecipeCategoryView.xib in Resources */,
				3EB5D5101268AB29009A80E0 /* RecipeHistoryView.xib in Resources */,
				3EB5D5111268AB29009A80E0 /* RecipeListView.xib in Resources */,
				3EB5D5121268AB29009A80E0 /* RecipeView.xib in Resources */,
				3EB5D5131268AB29009A80E0 /* RecipeCell.xib in Resources */,
				3EB5D5151268AB29009A80E0 /* ShelvesView.xib in Resources */,
				3EB5D5161268AB29009A80E0 /* ShoppingListView.xib in Resources */,
				3EB5D6701268ABA9009A80E0 /* recipeshopper.sqlite in Resources */,
				3EB5D6AD1268ABBB009A80E0 /* recipe_base.css in Resources */,
				3EB5D6AE1268ABBB009A80E0 /* recipe_base.html in Resources */,
				3EB5D6B01268ABBB009A80E0 /* bottom-fade.png in Resources */,
				3EB5D6B11268ABBB009A80E0 /* button_minus.png in Resources */,
				3EB5D6B21268ABBB009A80E0 /* button_minus@2x.png in Resources */,
				3EB5D6B31268ABBB009A80E0 /* button_plus.png in Resources */,
				3EB5D6B41268ABBB009A80E0 /* button_plus@2x.png in Resources */,
				3EB5D6B51268ABBB009A80E0 /* Default.png in Resources */,
				3EB5D6B61268ABBB009A80E0 /* Default@2x.png in Resources */,
				3EB5D6B71268ABBB009A80E0 /* download@2x.png in Resources */,
				3EB5D6B91268ABBB009A80E0 /* breakfasts.png in Resources */,
				3EB5D6BA1268ABBB009A80E0 /* breakfasts@2x.png in Resources */,
				3EB5D6BB1268ABBB009A80E0 /* cakesBiscuits.png in Resources */,
				3EB5D6BC1268ABBB009A80E0 /* cakesBiscuits@2x.png in Resources */,
				3EB5D6BD1268ABBB009A80E0 /* desserts.png in Resources */,
				3EB5D6BE1268ABBB009A80E0 /* desserts@2x.png in Resources */,
				3EB5D6BF1268ABBB009A80E0 /* dinners.png in Resources */,
				3EB5D6C01268ABBB009A80E0 /* dinners@2x.png in Resources */,
				3EB5D6C11268ABBB009A80E0 /* drinks.png in Resources */,
				3EB5D6C21268ABBB009A80E0 /* drinks@2x.png in Resources */,
				3EB5D6C31268ABBB009A80E0 /* lunches.png in Resources */,
				3EB5D6C41268ABBB009A80E0 /* lunches@2x.png in Resources */,
				3EB5D6C51268ABBB009A80E0 /* mains.png in Resources */,
				3EB5D6C61268ABBB009A80E0 /* mains@2x.png in Resources */,
				3EB5D6C71268ABBB009A80E0 /* partyFood.png in Resources */,
				3EB5D6C81268ABBB009A80E0 /* partyFood@2x.png in Resources */,
				3EB5D6C91268ABBB009A80E0 /* salads.png in Resources */,
				3EB5D6CA1268ABBB009A80E0 /* salads@2x.png in Resources */,
				3EB5D6CB1268ABBB009A80E0 /* sauces.png in Resources */,
				3EB5D6CC1268ABBB009A80E0 /* sauces@2x.png in Resources */,
				3EB5D6CD1268ABBB009A80E0 /* snacksSides.png in Resources */,
				3EB5D6CE1268ABBB009A80E0 /* snacksSides@2x.png in Resources */,
				3EB5D6CF1268ABBB009A80E0 /* soups.png in Resources */,
				3EB5D6D01268ABBB009A80E0 /* soups@2x.png in Resources */,
				3EB5D6D11268ABBB009A80E0 /* starters.png in Resources */,
				3EB5D6D21268ABBB009A80E0 /* starters@2x.png in Resources */,
				3EB5D6D31268ABBB009A80E0 /* baby_icon.png in Resources */,
				3EB5D6D41268ABBB009A80E0 /* bakery_icon.png in Resources */,
				3EB5D6D51268ABBB009A80E0 /* cupboard_icon.png in Resources */,
				3EB5D6D61268ABBB009A80E0 /* drinks_icon.png in Resources */,
				3EB5D6D71268ABBB009A80E0 /* fresh_icon.png in Resources */,
				3EB5D6D81268ABBB009A80E0 /* frozen_icon.png in Resources */,
				3EB5D6D91268ABBB009A80E0 /* health_icon.png in Resources */,
				3EB5D6DA1268ABBB009A80E0 /* home_icon.png in Resources */,
				3EB5D6DB1268ABBB009A80E0 /* household_icon.png in Resources */,
				3EB5D6DC1268ABBB009A80E0 /* pets_icon.png in Resources */,
				3EB5D6DD1268ABBB009A80E0 /* icon_cart.png in Resources */,
				3EB5D6DE1268ABBB009A80E0 /* icon_cart@2x.png in Resources */,
				3EB5D6DF1268ABBB009A80E0 /* icon_home.png in Resources */,
				3EB5D6E01268ABBB009A80E0 /* icon_shopping.png in Resources */,
				3EB5D6E11268ABBB009A80E0 /* icon_todo.png in Resources */,
				3E892BE11268B26500A512B5 /* imgs in Resources */,
				3EAD8E86126FB1D000B72B67 /* BasketViewCell.xib in Resources */,
				CED7333A1270E56300B049BF /* icon.png in Resources */,
				CED7333B1270E56300B049BF /* icon@2x.png in Resources */,
				CE9C64F81270E8D2000B2EC4 /* noHistory.png in Resources */,
				CE3D2DE712710C8700D100E2 /* watermarkScroll.png in Resources */,
				CE3D2DE812710C8700D100E2 /* watermarkScroll@2x.png in Resources */,
				CE81C89E1271967200D8A725 /* header@2x.png in Resources */,
				CE81C90B1271B73500D8A725 /* recentRecipesHeader@2x.png in Resources */,
				CE81C9991271FA4500D8A725 /* RecipeCellHeader.xib in Resources */,
				CE81CA0C127206E400D8A725 /* header.png in Resources */,
				CE81CA0D127206E400D8A725 /* noHistory@2x.png in Resources */,
				CE81CA0E127206E400D8A725 /* watermark.png in Resources */,
				CE81CA0F127206E400D8A725 /* watermark@2x.png in Resources */,
				CE74CBBC12732B1200B5566E /* recipesHome.png in Resources */,
				CE74CBBD12732B1200B5566E /* recipesHome@2x.png in Resources */,
				CE74CBC012732B4B00B5566E /* recipeHistoryHome.png in Resources */,
				CE74CBC112732B4B00B5566E /* recipeHistoryHome@2x.png in Resources */,
				CE74CBC312732B5D00B5566E /* disclosure@2x.png in Resources */,
				CE74CBC512732B8400B5566E /* disclosure.png in Resources */,
				CE74CBDF12732BC500B5566E /* login.png in Resources */,
				CE74CBE012732BC500B5566E /* login@2x.png in Resources */,
				CE74CBE112732BC500B5566E /* logout.png in Resources */,
				CE74CBE212732BC500B5566E /* logout@2x.png in Resources */,
				CE74CBE512732BD200B5566E /* homeButton.png in Resources */,
				CE74CBE612732BD200B5566E /* homeButton@2x.png in Resources */,
				CE74CBE912732BE400B5566E /* logoSmall.png in Resources */,
				CE74CBEA12732BE400B5566E /* logoSmall@2x.png in Resources */,
				CE74CBED12732F8200B5566E /* shopOfflineBackground.png in Resources */,
				CE74CBEE12732F8200B5566E /* shopOfflineBackground@2x.png in Resources */,
				CE74CC051273366500B5566E /* basketHome.png in Resources */,
				CE74CC061273366500B5566E /* basketHome@2x.png in Resources */,
				CE74CC0B1273376A00B5566E /* createAccount.png in Resources */,
				CE74CC0C1273376A00B5566E /* createAccount@2x.png in Resources */,
				CE74CC531273503000B5566E /* tableHeader.png in Resources */,
				CE74CC541273503000B5566E /* tableHeader@2x.png in Resources */,
				CE76EB2712748D0800903FCC /* RecipeHistoryEmpty.xib in Resources */,
				CE76EB6C1274935800903FCC /* RecipeBasketEmpty.xib in Resources */,
				CE76EB711274C85E00903FCC /* recipeBasketEmpty.png in Resources */,
				CE76EB721274C85E00903FCC /* recipeBasketEmpty@2x.png in Resources */,
				CE76EC0C1274DE8900903FCC /* TotalCell.xib in Resources */,
				CE76EC0E1274DE9B00903FCC /* TotalCellHeader.xib in Resources */,
				CE76EC181274EAB700903FCC /* ProductCellHeader.xib in Resources */,
				CE6F01D2127641F6003696FA /* DepartmentCellHeader.xib in Resources */,
				CE6F022912764A28003696FA /* AisleCell.xib in Resources */,
				CE6F022B12764A37003696FA /* AisleCellHeader.xib in Resources */,
				CE6F026512764FF9003696FA /* ShelfCell.xib in Resources */,
				CE6F026712765008003696FA /* ShelfCellHeader.xib in Resources */,
				CE73D1531277742700325A43 /* DeliverySlotCell.xib in Resources */,
				CE73D1551277743300325A43 /* DeliverySlotCellHeader.xib in Resources */,
				CE6E45771278DF2400888D64 /* fetchMore.png in Resources */,
				CE6E45781278DF2400888D64 /* fetchMore@2x.png in Resources */,
				CECA3AE0128853F800DD2363 /* icon_home@2x.png in Resources */,
				CECA3AE1128853F800DD2363 /* icon_shopping@2x.png in Resources */,
				CECA3AE2128853F800DD2363 /* icon_todo@2x.png in Resources */,
				CE73381A1297D81800250439 /* iTunesArtwork in Resources */,
				CE77C65A12A82CC700031799 /* ProductUnavailableCell.xib in Resources */,
				CE77C65E12A82CE600031799 /* ProductUnavailableCellHeader.xib in Resources */,
				CE77C66512A8323C00031799 /* remove.png in Resources */,
				CE77C66612A8323C00031799 /* remove@2x.png in Resources */,
				CE77C66712A8323C00031799 /* replace.png in Resources */,
				CE77C66812A8323C00031799 /* replace@2x.png in Resources */,
			);
			runOnlyForDeploymentPostprocessing = 0;
		};
/* End PBXResourcesBuildPhase section */

/* Begin PBXSourcesBuildPhase section */
		1D60588E0D05DD3D006BFB54 /* Sources */ = {
			isa = PBXSourcesBuildPhase;
			buildActionMask = 2147483647;
			files = (
				1D60589B0D05DD56006BFB54 /* main.m in Sources */,
				3EB5D5371268AB3D009A80E0 /* AislesViewController.m in Sources */,
				3EB5D5381268AB3D009A80E0 /* DeliverySlotsViewController.m in Sources */,
				3EB5D5391268AB3D009A80E0 /* HomeViewController.m in Sources */,
				3EB5D53A1268AB3D009A80E0 /* CheckoutViewController.m in Sources */,
				3EB5D53B1268AB3D009A80E0 /* OnlineShopViewController.m in Sources */,
				3EB5D53C1268AB3D009A80E0 /* OverlayViewController.m in Sources */,
				3EB5D53D1268AB3D009A80E0 /* ProductsViewController.m in Sources */,
				3EB5D53E1268AB3D009A80E0 /* RecipeBasketViewController.m in Sources */,
				3EB5D53F1268AB3D009A80E0 /* RecipeCategoryViewController.m in Sources */,
				3EB5D5401268AB3D009A80E0 /* RecipeHistoryViewController.m in Sources */,
				3EB5D5411268AB3D009A80E0 /* RecipeListViewController.m in Sources */,
				3EB5D5421268AB3D009A80E0 /* RecipeViewController.m in Sources */,
				3EB5D5441268AB3D009A80E0 /* ShelvesViewController.m in Sources */,
				3EB5D5451268AB3D009A80E0 /* ShoppingListViewController.m in Sources */,
				3EB5D5461268AB3D009A80E0 /* UITableViewCellFactory.m in Sources */,
				3EB5D5711268AB4C009A80E0 /* APIRequestManager.m in Sources */,
				3EB5D5721268AB4C009A80E0 /* DatabaseRequestManager.m in Sources */,
				3EB5D5731268AB4C009A80E0 /* DataManager.m in Sources */,
				3EB5D5741268AB4C009A80E0 /* DeliverySlot.m in Sources */,
				3EB5D5751268AB4C009A80E0 /* NSObject+SBJSON.m in Sources */,
				3EB5D5761268AB4C009A80E0 /* NSString+SBJSON.m in Sources */,
				3EB5D5771268AB4C009A80E0 /* SBJSON.m in Sources */,
				3EB5D5781268AB4C009A80E0 /* SBJsonBase.m in Sources */,
				3EB5D5791268AB4C009A80E0 /* SBJsonParser.m in Sources */,
				3EB5D57A1268AB4C009A80E0 /* SBJsonWriter.m in Sources */,
				3EB5D57B1268AB4C009A80E0 /* LoginManager.m in Sources */,
				3EB5D57C1268AB4C009A80E0 /* LogManager.m in Sources */,
				3EB5D57D1268AB4C009A80E0 /* NSData-Extended.m in Sources */,
				3EB5D57E1268AB4C009A80E0 /* Product.m in Sources */,
				3EB5D57F1268AB4C009A80E0 /* ProductBasketManager.m in Sources */,
				3EB5D5801268AB4C009A80E0 /* Reachability.m in Sources */,
				3EB5D5811268AB4C009A80E0 /* Recipe.m in Sources */,
				3EB5D5821268AB4C009A80E0 /* RecipeBasketManager.m in Sources */,
				3EB5D5831268AB4C009A80E0 /* RecipeShopperAppDelegate.m in Sources */,
				3EB5D5841268AB4C009A80E0 /* UIImage-Extended.m in Sources */,
				CE70DF4012B82B0100FADE5C /* NSString-Extended.m in Sources */,
				CE70DF4312B82BAA00FADE5C /* GTMNSString+HTML.m in Sources */,
			);
			runOnlyForDeploymentPostprocessing = 0;
		};
/* End PBXSourcesBuildPhase section */

/* Begin XCBuildConfiguration section */
		1D6058940D05DD3E006BFB54 /* Debug */ = {
			isa = XCBuildConfiguration;
			buildSettings = {
				ALWAYS_SEARCH_USER_PATHS = NO;
				COPY_PHASE_STRIP = NO;
				GCC_DYNAMIC_NO_PIC = NO;
				GCC_OPTIMIZATION_LEVEL = 0;
				GCC_PRECOMPILE_PREFIX_HEADER = YES;
				GCC_PREFIX_HEADER = RecipeShopper_Prefix.pch;
				INFOPLIST_FILE = "RecipeShopper-Info.plist";
				PRODUCT_NAME = Recipes;
			};
			name = Debug;
		};
		1D6058950D05DD3E006BFB54 /* Release */ = {
			isa = XCBuildConfiguration;
			buildSettings = {
				ALWAYS_SEARCH_USER_PATHS = NO;
				COPY_PHASE_STRIP = YES;
				GCC_PRECOMPILE_PREFIX_HEADER = YES;
				GCC_PREFIX_HEADER = RecipeShopper_Prefix.pch;
				INFOPLIST_FILE = "RecipeShopper-Info.plist";
				PRODUCT_NAME = Recipes;
				VALIDATE_PRODUCT = YES;
			};
			name = Release;
		};
		C01FCF4F08A954540054247B /* Debug */ = {
			isa = XCBuildConfiguration;
			buildSettings = {
				ARCHS = "$(ARCHS_STANDARD_32_BIT)";
				"CODE_SIGN_IDENTITY[sdk=iphoneos*]" = "iPhone Developer: james grafton (CWWZ65GR72)";
				GCC_C_LANGUAGE_STANDARD = c99;
				GCC_VERSION = 4.2;
				GCC_WARN_ABOUT_RETURN_TYPE = YES;
				GCC_WARN_UNUSED_VARIABLE = YES;
				PREBINDING = NO;
				PRODUCT_NAME = Recipes;
				"PROVISIONING_PROFILE[sdk=iphoneos*]" = "D8CE6A20-39B4-4223-9177-959C62197260";
				SDKROOT = iphoneos4.2;
			};
			name = Debug;
		};
		C01FCF5008A954540054247B /* Release */ = {
			isa = XCBuildConfiguration;
			buildSettings = {
				ARCHS = "$(ARCHS_STANDARD_32_BIT)";
				CODE_SIGN_IDENTITY = "iPhone Developer: james grafton (CWWZ65GR72)";
				"CODE_SIGN_IDENTITY[sdk=iphoneos*]" = "iPhone Developer: james grafton (CWWZ65GR72)";
				GCC_C_LANGUAGE_STANDARD = c99;
				GCC_VERSION = 4.2;
				GCC_WARN_ABOUT_RETURN_TYPE = YES;
				GCC_WARN_UNUSED_VARIABLE = YES;
				OTHER_CFLAGS = "-DNS_BLOCK_ASSERTIONS=1";
				PREBINDING = NO;
				PRODUCT_NAME = Recipes;
				PROVISIONING_PROFILE = "C5DF6C44-CB12-4A15-92DE-96853AF7F5F5";
				"PROVISIONING_PROFILE[sdk=iphoneos*]" = "D8CE6A20-39B4-4223-9177-959C62197260";
				SDKROOT = iphoneos4.2;
			};
			name = Release;
		};
/* End XCBuildConfiguration section */

/* Begin XCConfigurationList section */
		1D6058960D05DD3E006BFB54 /* Build configuration list for PBXNativeTarget "RecipeShopper" */ = {
			isa = XCConfigurationList;
			buildConfigurations = (
				1D6058940D05DD3E006BFB54 /* Debug */,
				1D6058950D05DD3E006BFB54 /* Release */,
			);
			defaultConfigurationIsVisible = 0;
			defaultConfigurationName = Release;
		};
		C01FCF4E08A954540054247B /* Build configuration list for PBXProject "RecipeShopper" */ = {
			isa = XCConfigurationList;
			buildConfigurations = (
				C01FCF4F08A954540054247B /* Debug */,
				C01FCF5008A954540054247B /* Release */,
			);
			defaultConfigurationIsVisible = 0;
			defaultConfigurationName = Release;
		};
/* End XCConfigurationList section */
	};
	rootObject = 29B97313FDCFA39411CA2CEA /* Project object */;
}
