// !$*UTF8*$!
{
	archiveVersion = 1;
	classes = {
	};
	objectVersion = 45;
	objects = {

/* Begin PBXBuildFile section */
		1D3623260D0F684500981E51 /* RecipeShopperAppDelegate.m in Sources */ = {isa = PBXBuildFile; fileRef = 1D3623250D0F684500981E51 /* RecipeShopperAppDelegate.m */; };
		1D60589B0D05DD56006BFB54 /* main.m in Sources */ = {isa = PBXBuildFile; fileRef = 29B97316FDCFA39411CA2CEA /* main.m */; };
		1D60589F0D05DD5A006BFB54 /* Foundation.framework in Frameworks */ = {isa = PBXBuildFile; fileRef = 1D30AB110D05D00D00671497 /* Foundation.framework */; };
		1DF5F4E00D08C38300B7A737 /* UIKit.framework in Frameworks */ = {isa = PBXBuildFile; fileRef = 1DF5F4DF0D08C38300B7A737 /* UIKit.framework */; };
		28216C970DB411BC00E5133A /* RecipeCategoryViewController.m in Sources */ = {isa = PBXBuildFile; fileRef = 28216C960DB411BC00E5133A /* RecipeCategoryViewController.m */; };
		282CCBFE0DB6C98000C4EA27 /* RecipeBasketView.xib in Resources */ = {isa = PBXBuildFile; fileRef = 282CCBFD0DB6C98000C4EA27 /* RecipeBasketView.xib */; };
		2840D7CE1179279E00D7F93C /* RecipeCategoryView.xib in Resources */ = {isa = PBXBuildFile; fileRef = 2840D7CD1179279E00D7F93C /* RecipeCategoryView.xib */; };
		288765080DF74369002DB57D /* CoreGraphics.framework in Frameworks */ = {isa = PBXBuildFile; fileRef = 288765070DF74369002DB57D /* CoreGraphics.framework */; };
		28AD73880D9D96C1002E5188 /* MainWindow.xib in Resources */ = {isa = PBXBuildFile; fileRef = 28AD73870D9D96C1002E5188 /* MainWindow.xib */; };
		3E22B6F312560A4200223CC3 /* recipeshopper.sqlite in Resources */ = {isa = PBXBuildFile; fileRef = 3E22B6F212560A4200223CC3 /* recipeshopper.sqlite */; };
		3E22B89212560FD200223CC3 /* imgs in Resources */ = {isa = PBXBuildFile; fileRef = 3E22B87112560FD200223CC3 /* imgs */; };
		3E22BA03125A32CD00223CC3 /* button_green.png in Resources */ = {isa = PBXBuildFile; fileRef = 3E22BA02125A32CD00223CC3 /* button_green.png */; };
		3E22CCC0124963E00007FF5E /* DataManager.m in Sources */ = {isa = PBXBuildFile; fileRef = 3E22CCBF124963E00007FF5E /* DataManager.m */; };
		3E347C1912363D51009E0214 /* NSData-Extended.m in Sources */ = {isa = PBXBuildFile; fileRef = 3E347C1812363D51009E0214 /* NSData-Extended.m */; };
		3E347C201236408D009E0214 /* Recipe.m in Sources */ = {isa = PBXBuildFile; fileRef = 3E347C1F1236408D009E0214 /* Recipe.m */; };
		3E347C7512364A58009E0214 /* UIImage-Extended.m in Sources */ = {isa = PBXBuildFile; fileRef = 3E347C7412364A58009E0214 /* UIImage-Extended.m */; };
		3E347C89123655D2009E0214 /* Product.m in Sources */ = {isa = PBXBuildFile; fileRef = 3E347C88123655D2009E0214 /* Product.m */; };
		3E347E691236B5B9009E0214 /* recipe_base.html in Resources */ = {isa = PBXBuildFile; fileRef = 3E347E671236B5B9009E0214 /* recipe_base.html */; };
		3E347E6A1236B5B9009E0214 /* recipe_base.css in Resources */ = {isa = PBXBuildFile; fileRef = 3E347E681236B5B9009E0214 /* recipe_base.css */; };
		3E34804F1236FB50009E0214 /* tesco_header.png in Resources */ = {isa = PBXBuildFile; fileRef = 3E34804E1236FB50009E0214 /* tesco_header.png */; };
		3E3480891237A8EA009E0214 /* RecipeBasketManager.m in Sources */ = {isa = PBXBuildFile; fileRef = 3E3480881237A8EA009E0214 /* RecipeBasketManager.m */; };
		3E3481A0123A6432009E0214 /* APIRequestManager.m in Sources */ = {isa = PBXBuildFile; fileRef = 3E34819F123A6432009E0214 /* APIRequestManager.m */; };
		3E3481B4123A67CB009E0214 /* NSObject+SBJSON.m in Sources */ = {isa = PBXBuildFile; fileRef = 3E3481A5123A67CB009E0214 /* NSObject+SBJSON.m */; };
		3E3481B5123A67CB009E0214 /* NSString+SBJSON.m in Sources */ = {isa = PBXBuildFile; fileRef = 3E3481A7123A67CB009E0214 /* NSString+SBJSON.m */; };
		3E3481B6123A67CB009E0214 /* SBJSON.m in Sources */ = {isa = PBXBuildFile; fileRef = 3E3481A9123A67CB009E0214 /* SBJSON.m */; };
		3E3481B7123A67CB009E0214 /* SBJsonBase.m in Sources */ = {isa = PBXBuildFile; fileRef = 3E3481AB123A67CB009E0214 /* SBJsonBase.m */; };
		3E3481B8123A67CB009E0214 /* SBJsonParser.m in Sources */ = {isa = PBXBuildFile; fileRef = 3E3481AD123A67CB009E0214 /* SBJsonParser.m */; };
		3E3481B9123A67CB009E0214 /* SBJsonWriter.m in Sources */ = {isa = PBXBuildFile; fileRef = 3E3481AF123A67CB009E0214 /* SBJsonWriter.m */; };
		3E3481FB123A8862009E0214 /* ShoppingListViewController.m in Sources */ = {isa = PBXBuildFile; fileRef = 3E3481F9123A8862009E0214 /* ShoppingListViewController.m */; };
		3E3481FC123A8862009E0214 /* ShoppingListView.xib in Resources */ = {isa = PBXBuildFile; fileRef = 3E3481FA123A8862009E0214 /* ShoppingListView.xib */; };
		3E34822D123A8E58009E0214 /* QuartzCore.framework in Frameworks */ = {isa = PBXBuildFile; fileRef = 3E34822C123A8E58009E0214 /* QuartzCore.framework */; };
		3E5B8916123B95530070527A /* LogManager.m in Sources */ = {isa = PBXBuildFile; fileRef = 3E5B8915123B95530070527A /* LogManager.m */; };
		3EAF0601124B6B6700BAF6CD /* LoginManager.m in Sources */ = {isa = PBXBuildFile; fileRef = 3EAF0600124B6B6700BAF6CD /* LoginManager.m */; };
		3EAF0682124CD89400BAF6CD /* baby_icon.png in Resources */ = {isa = PBXBuildFile; fileRef = 3EAF0678124CD89400BAF6CD /* baby_icon.png */; };
		3EAF0683124CD89400BAF6CD /* bakery_icon.png in Resources */ = {isa = PBXBuildFile; fileRef = 3EAF0679124CD89400BAF6CD /* bakery_icon.png */; };
		3EAF0684124CD89400BAF6CD /* cupboard_icon.png in Resources */ = {isa = PBXBuildFile; fileRef = 3EAF067A124CD89400BAF6CD /* cupboard_icon.png */; };
		3EAF0685124CD89400BAF6CD /* drinks_icon.png in Resources */ = {isa = PBXBuildFile; fileRef = 3EAF067B124CD89400BAF6CD /* drinks_icon.png */; };
		3EAF0686124CD89400BAF6CD /* fresh_icon.png in Resources */ = {isa = PBXBuildFile; fileRef = 3EAF067C124CD89400BAF6CD /* fresh_icon.png */; };
		3EAF0687124CD89400BAF6CD /* frozen_icon.png in Resources */ = {isa = PBXBuildFile; fileRef = 3EAF067D124CD89400BAF6CD /* frozen_icon.png */; };
		3EAF0688124CD89400BAF6CD /* health_icon.png in Resources */ = {isa = PBXBuildFile; fileRef = 3EAF067E124CD89400BAF6CD /* health_icon.png */; };
		3EAF0689124CD89400BAF6CD /* home_icon.png in Resources */ = {isa = PBXBuildFile; fileRef = 3EAF067F124CD89400BAF6CD /* home_icon.png */; };
		3EAF068A124CD89400BAF6CD /* household_icon.png in Resources */ = {isa = PBXBuildFile; fileRef = 3EAF0680124CD89400BAF6CD /* household_icon.png */; };
		3EAF068B124CD89400BAF6CD /* pets_icon.png in Resources */ = {isa = PBXBuildFile; fileRef = 3EAF0681124CD89400BAF6CD /* pets_icon.png */; };
		3EAF0702124CE5CC00BAF6CD /* DepartmentCell.xib in Resources */ = {isa = PBXBuildFile; fileRef = 3EAF0701124CE5CC00BAF6CD /* DepartmentCell.xib */; };
		3EAF0750124CF37F00BAF6CD /* icon_shopping.png in Resources */ = {isa = PBXBuildFile; fileRef = 3EAF074F124CF37F00BAF6CD /* icon_shopping.png */; };
		3EB5CFB8125F1D26009A80E0 /* MoreSearchResultsCell.xib in Resources */ = {isa = PBXBuildFile; fileRef = 3EB5CFB7125F1D26009A80E0 /* MoreSearchResultsCell.xib */; };
		3EB5CFC7125F1EE9009A80E0 /* download@2x.png in Resources */ = {isa = PBXBuildFile; fileRef = 3EB5CFC6125F1EE9009A80E0 /* download@2x.png */; };
		3EB80C7A1233F91100F74165 /* breakfasts.png in Resources */ = {isa = PBXBuildFile; fileRef = 3EB80C6D1233F91100F74165 /* breakfasts.png */; };
		3EB80C7B1233F91100F74165 /* cakesBiscuits.png in Resources */ = {isa = PBXBuildFile; fileRef = 3EB80C6E1233F91100F74165 /* cakesBiscuits.png */; };
		3EB80C7C1233F91100F74165 /* desserts.png in Resources */ = {isa = PBXBuildFile; fileRef = 3EB80C6F1233F91100F74165 /* desserts.png */; };
		3EB80C7D1233F91100F74165 /* dinners.png in Resources */ = {isa = PBXBuildFile; fileRef = 3EB80C701233F91100F74165 /* dinners.png */; };
		3EB80C7E1233F91100F74165 /* drinks.png in Resources */ = {isa = PBXBuildFile; fileRef = 3EB80C711233F91100F74165 /* drinks.png */; };
		3EB80C7F1233F91100F74165 /* lunches.png in Resources */ = {isa = PBXBuildFile; fileRef = 3EB80C721233F91100F74165 /* lunches.png */; };
		3EB80C801233F91100F74165 /* mains.png in Resources */ = {isa = PBXBuildFile; fileRef = 3EB80C731233F91100F74165 /* mains.png */; };
		3EB80C811233F91100F74165 /* partyFood.png in Resources */ = {isa = PBXBuildFile; fileRef = 3EB80C741233F91100F74165 /* partyFood.png */; };
		3EB80C821233F91100F74165 /* salads.png in Resources */ = {isa = PBXBuildFile; fileRef = 3EB80C751233F91100F74165 /* salads.png */; };
		3EB80C831233F91100F74165 /* sauces.png in Resources */ = {isa = PBXBuildFile; fileRef = 3EB80C761233F91100F74165 /* sauces.png */; };
		3EB80C841233F91100F74165 /* snacksSides.png in Resources */ = {isa = PBXBuildFile; fileRef = 3EB80C771233F91100F74165 /* snacksSides.png */; };
		3EB80C851233F91100F74165 /* soups.png in Resources */ = {isa = PBXBuildFile; fileRef = 3EB80C781233F91100F74165 /* soups.png */; };
		3EB80C861233F91100F74165 /* starters.png in Resources */ = {isa = PBXBuildFile; fileRef = 3EB80C791233F91100F74165 /* starters.png */; };
		3EB80CB81234074500F74165 /* icon_book.png in Resources */ = {isa = PBXBuildFile; fileRef = 3EB80CB71234074500F74165 /* icon_book.png */; };
		3EB80CC712340B8800F74165 /* icon_cart.png in Resources */ = {isa = PBXBuildFile; fileRef = 3EB80CC612340B8800F74165 /* icon_cart.png */; };
		3EB80CD112340C4300F74165 /* RecipeBasketViewController.m in Sources */ = {isa = PBXBuildFile; fileRef = 3EB80CD012340C4300F74165 /* RecipeBasketViewController.m */; };
		3EB80DEA123424E200F74165 /* RecipeListViewController.m in Sources */ = {isa = PBXBuildFile; fileRef = 3EB80DE8123424E200F74165 /* RecipeListViewController.m */; };
		3EB80DEB123424E200F74165 /* RecipeListView.xib in Resources */ = {isa = PBXBuildFile; fileRef = 3EB80DE9123424E200F74165 /* RecipeListView.xib */; };
		3EB80E111234446100F74165 /* RecipeViewController.m in Sources */ = {isa = PBXBuildFile; fileRef = 3EB80E0F1234446100F74165 /* RecipeViewController.m */; };
		3EB80E121234446100F74165 /* RecipeView.xib in Resources */ = {isa = PBXBuildFile; fileRef = 3EB80E101234446100F74165 /* RecipeView.xib */; };
		3EB80E17123446B900F74165 /* bottom-fade.png in Resources */ = {isa = PBXBuildFile; fileRef = 3EB80E16123446B900F74165 /* bottom-fade.png */; };
		3EB80E2E1234482100F74165 /* UITableViewCellFactory.m in Sources */ = {isa = PBXBuildFile; fileRef = 3EB80E2D1234482100F74165 /* UITableViewCellFactory.m */; };
		3EB80E4012344D5000F74165 /* button_minus@2x.png in Resources */ = {isa = PBXBuildFile; fileRef = 3EB80E3E12344D5000F74165 /* button_minus@2x.png */; };
		3EB80E4112344D5000F74165 /* button_plus@2x.png in Resources */ = {isa = PBXBuildFile; fileRef = 3EB80E3F12344D5000F74165 /* button_plus@2x.png */; };
		3EB80E4712357D3000F74165 /* DatabaseRequestManager.m in Sources */ = {isa = PBXBuildFile; fileRef = 3EB80E4612357D3000F74165 /* DatabaseRequestManager.m */; };
		3EB80E4C1235A50F00F74165 /* libsqlite3.0.dylib in Frameworks */ = {isa = PBXBuildFile; fileRef = 3EB80E4B1235A50F00F74165 /* libsqlite3.0.dylib */; };
		3EB99D6A124E17CA0093EBF1 /* RecipeViewCell.xib in Resources */ = {isa = PBXBuildFile; fileRef = 3EB99D69124E17CA0093EBF1 /* RecipeViewCell.xib */; };
		3EB9A129124FC0A70093EBF1 /* OverlayViewController.xib in Resources */ = {isa = PBXBuildFile; fileRef = 3EB9A128124FC0A70093EBF1 /* OverlayViewController.xib */; };
		3EB9A2461250A2790093EBF1 /* DeliveryInfoCell.xib in Resources */ = {isa = PBXBuildFile; fileRef = 3EB9A2451250A2790093EBF1 /* DeliveryInfoCell.xib */; };
		3EFBE0BA123CF0B4008B7DC2 /* Reachability.m in Sources */ = {isa = PBXBuildFile; fileRef = 3EFBE0B9123CF0B4008B7DC2 /* Reachability.m */; };
		3EFBE0EC123CF117008B7DC2 /* SystemConfiguration.framework in Frameworks */ = {isa = PBXBuildFile; fileRef = 3EFBE0EB123CF117008B7DC2 /* SystemConfiguration.framework */; };
		3EFBE174123D494D008B7DC2 /* ProductViewCell.xib in Resources */ = {isa = PBXBuildFile; fileRef = 3EFBE173123D494D008B7DC2 /* ProductViewCell.xib */; };
		3EFBE196123D4F40008B7DC2 /* OnlineShopView.xib in Resources */ = {isa = PBXBuildFile; fileRef = 3EFBE195123D4F40008B7DC2 /* OnlineShopView.xib */; };
		3EFBE19C123D5121008B7DC2 /* OnlineShopViewController.m in Sources */ = {isa = PBXBuildFile; fileRef = 3EFBE19B123D5121008B7DC2 /* OnlineShopViewController.m */; };
		3EFBE1C5123D576F008B7DC2 /* ShelvesViewController.m in Sources */ = {isa = PBXBuildFile; fileRef = 3EFBE1C3123D576F008B7DC2 /* ShelvesViewController.m */; };
		3EFBE1C6123D576F008B7DC2 /* ShelvesView.xib in Resources */ = {isa = PBXBuildFile; fileRef = 3EFBE1C4123D576F008B7DC2 /* ShelvesView.xib */; };
		3EFBE1EF123D611A008B7DC2 /* AislesViewController.m in Sources */ = {isa = PBXBuildFile; fileRef = 3EFBE1ED123D611A008B7DC2 /* AislesViewController.m */; };
		3EFBE1F0123D611A008B7DC2 /* AislesView.xib in Resources */ = {isa = PBXBuildFile; fileRef = 3EFBE1EE123D611A008B7DC2 /* AislesView.xib */; };
		3EFBE37D123E4D2E008B7DC2 /* ProductsViewController.m in Sources */ = {isa = PBXBuildFile; fileRef = 3EFBE37B123E4D2E008B7DC2 /* ProductsViewController.m */; };
		3EFBE37E123E4D2E008B7DC2 /* ProductsView.xib in Resources */ = {isa = PBXBuildFile; fileRef = 3EFBE37C123E4D2E008B7DC2 /* ProductsView.xib */; };
		3EFBE3EA123E815B008B7DC2 /* OnlineBasketViewController.m in Sources */ = {isa = PBXBuildFile; fileRef = 3EFBE3E9123E815B008B7DC2 /* OnlineBasketViewController.m */; };
		3EFBE3EC123E8203008B7DC2 /* OnlineBasketView.xib in Resources */ = {isa = PBXBuildFile; fileRef = 3EFBE3EB123E8203008B7DC2 /* OnlineBasketView.xib */; };
		3EFBE5F4123FE9D8008B7DC2 /* ProductBasketManager.m in Sources */ = {isa = PBXBuildFile; fileRef = 3EFBE5F3123FE9D8008B7DC2 /* ProductBasketManager.m */; };
		3EFBEBA11243F887008B7DC2 /* DeliverySlot.m in Sources */ = {isa = PBXBuildFile; fileRef = 3EFBEBA01243F887008B7DC2 /* DeliverySlot.m */; };
		3EFBEBA91243FBBE008B7DC2 /* DeliverySlotsViewController.m in Sources */ = {isa = PBXBuildFile; fileRef = 3EFBEBA71243FBBE008B7DC2 /* DeliverySlotsViewController.m */; };
		3EFBEBAA1243FBBE008B7DC2 /* DeliverySlotsView.xib in Resources */ = {isa = PBXBuildFile; fileRef = 3EFBEBA81243FBBE008B7DC2 /* DeliverySlotsView.xib */; };
		3EFBEE591247A188008B7DC2 /* SearchResultsViewController.m in Sources */ = {isa = PBXBuildFile; fileRef = 3EFBEE571247A188008B7DC2 /* SearchResultsViewController.m */; };
		3EFBEE5A1247A188008B7DC2 /* SearchResultsView.xib in Resources */ = {isa = PBXBuildFile; fileRef = 3EFBEE581247A188008B7DC2 /* SearchResultsView.xib */; };
		3EFBEEA41247AA5D008B7DC2 /* OverlayViewController.m in Sources */ = {isa = PBXBuildFile; fileRef = 3EFBEEA21247AA5D008B7DC2 /* OverlayViewController.m */; };
		3EFBEEA51247AA5D008B7DC2 /* OverlayView.xib in Resources */ = {isa = PBXBuildFile; fileRef = 3EFBEEA31247AA5D008B7DC2 /* OverlayView.xib */; };
/* End PBXBuildFile section */

/* Begin PBXFileReference section */
		1D30AB110D05D00D00671497 /* Foundation.framework */ = {isa = PBXFileReference; lastKnownFileType = wrapper.framework; name = Foundation.framework; path = System/Library/Frameworks/Foundation.framework; sourceTree = SDKROOT; };
		1D3623240D0F684500981E51 /* RecipeShopperAppDelegate.h */ = {isa = PBXFileReference; fileEncoding = 4; lastKnownFileType = sourcecode.c.h; path = RecipeShopperAppDelegate.h; sourceTree = "<group>"; };
		1D3623250D0F684500981E51 /* RecipeShopperAppDelegate.m */ = {isa = PBXFileReference; fileEncoding = 4; lastKnownFileType = sourcecode.c.objc; path = RecipeShopperAppDelegate.m; sourceTree = "<group>"; };
		1D6058910D05DD3D006BFB54 /* RecipeShopper.app */ = {isa = PBXFileReference; explicitFileType = wrapper.application; includeInIndex = 0; path = RecipeShopper.app; sourceTree = BUILT_PRODUCTS_DIR; };
		1DF5F4DF0D08C38300B7A737 /* UIKit.framework */ = {isa = PBXFileReference; lastKnownFileType = wrapper.framework; name = UIKit.framework; path = System/Library/Frameworks/UIKit.framework; sourceTree = SDKROOT; };
		28216C950DB411BC00E5133A /* RecipeCategoryViewController.h */ = {isa = PBXFileReference; fileEncoding = 4; lastKnownFileType = sourcecode.c.h; path = RecipeCategoryViewController.h; sourceTree = "<group>"; };
		28216C960DB411BC00E5133A /* RecipeCategoryViewController.m */ = {isa = PBXFileReference; fileEncoding = 4; lastKnownFileType = sourcecode.c.objc; path = RecipeCategoryViewController.m; sourceTree = "<group>"; };
		282CCBFD0DB6C98000C4EA27 /* RecipeBasketView.xib */ = {isa = PBXFileReference; lastKnownFileType = file.xib; name = RecipeBasketView.xib; path = ../RecipeBasketView.xib; sourceTree = "<group>"; };
		2840D7CD1179279E00D7F93C /* RecipeCategoryView.xib */ = {isa = PBXFileReference; lastKnownFileType = file.xib; name = RecipeCategoryView.xib; path = ../RecipeCategoryView.xib; sourceTree = "<group>"; };
		288765070DF74369002DB57D /* CoreGraphics.framework */ = {isa = PBXFileReference; lastKnownFileType = wrapper.framework; name = CoreGraphics.framework; path = System/Library/Frameworks/CoreGraphics.framework; sourceTree = SDKROOT; };
		28A0AB4B0D9B1048005BE974 /* RecipeShopper_Prefix.pch */ = {isa = PBXFileReference; fileEncoding = 4; lastKnownFileType = sourcecode.c.h; path = RecipeShopper_Prefix.pch; sourceTree = "<group>"; };
		28AD73870D9D96C1002E5188 /* MainWindow.xib */ = {isa = PBXFileReference; lastKnownFileType = file.xib; name = MainWindow.xib; path = ../MainWindow.xib; sourceTree = "<group>"; };
		29B97316FDCFA39411CA2CEA /* main.m */ = {isa = PBXFileReference; fileEncoding = 4; lastKnownFileType = sourcecode.c.objc; path = main.m; sourceTree = "<group>"; };
		3E22B6F212560A4200223CC3 /* recipeshopper.sqlite */ = {isa = PBXFileReference; lastKnownFileType = file; path = recipeshopper.sqlite; sourceTree = "<group>"; };
		3E22B87112560FD200223CC3 /* imgs */ = {isa = PBXFileReference; lastKnownFileType = folder; path = imgs; sourceTree = "<group>"; };
		3E22BA02125A32CD00223CC3 /* button_green.png */ = {isa = PBXFileReference; lastKnownFileType = image.png; path = button_green.png; sourceTree = "<group>"; };
		3E22CCBE124963E00007FF5E /* DataManager.h */ = {isa = PBXFileReference; fileEncoding = 4; lastKnownFileType = sourcecode.c.h; path = DataManager.h; sourceTree = "<group>"; };
		3E22CCBF124963E00007FF5E /* DataManager.m */ = {isa = PBXFileReference; fileEncoding = 4; lastKnownFileType = sourcecode.c.objc; path = DataManager.m; sourceTree = "<group>"; };
		3E347C1712363D51009E0214 /* NSData-Extended.h */ = {isa = PBXFileReference; fileEncoding = 4; lastKnownFileType = sourcecode.c.h; path = "NSData-Extended.h"; sourceTree = "<group>"; };
		3E347C1812363D51009E0214 /* NSData-Extended.m */ = {isa = PBXFileReference; fileEncoding = 4; lastKnownFileType = sourcecode.c.objc; path = "NSData-Extended.m"; sourceTree = "<group>"; };
		3E347C1E1236408D009E0214 /* Recipe.h */ = {isa = PBXFileReference; fileEncoding = 4; lastKnownFileType = sourcecode.c.h; path = Recipe.h; sourceTree = "<group>"; };
		3E347C1F1236408D009E0214 /* Recipe.m */ = {isa = PBXFileReference; fileEncoding = 4; lastKnownFileType = sourcecode.c.objc; path = Recipe.m; sourceTree = "<group>"; };
		3E347C7312364A58009E0214 /* UIImage-Extended.h */ = {isa = PBXFileReference; fileEncoding = 4; lastKnownFileType = sourcecode.c.h; path = "UIImage-Extended.h"; sourceTree = "<group>"; };
		3E347C7412364A58009E0214 /* UIImage-Extended.m */ = {isa = PBXFileReference; fileEncoding = 4; lastKnownFileType = sourcecode.c.objc; path = "UIImage-Extended.m"; sourceTree = "<group>"; };
		3E347C87123655D2009E0214 /* Product.h */ = {isa = PBXFileReference; fileEncoding = 4; lastKnownFileType = sourcecode.c.h; path = Product.h; sourceTree = "<group>"; };
		3E347C88123655D2009E0214 /* Product.m */ = {isa = PBXFileReference; fileEncoding = 4; lastKnownFileType = sourcecode.c.objc; path = Product.m; sourceTree = "<group>"; };
		3E347E671236B5B9009E0214 /* recipe_base.html */ = {isa = PBXFileReference; fileEncoding = 4; lastKnownFileType = text.html; path = recipe_base.html; sourceTree = "<group>"; };
		3E347E681236B5B9009E0214 /* recipe_base.css */ = {isa = PBXFileReference; fileEncoding = 4; lastKnownFileType = text.css; path = recipe_base.css; sourceTree = "<group>"; };
		3E34804E1236FB50009E0214 /* tesco_header.png */ = {isa = PBXFileReference; lastKnownFileType = image.png; path = tesco_header.png; sourceTree = "<group>"; };
		3E3480871237A8EA009E0214 /* RecipeBasketManager.h */ = {isa = PBXFileReference; fileEncoding = 4; lastKnownFileType = sourcecode.c.h; path = RecipeBasketManager.h; sourceTree = "<group>"; };
		3E3480881237A8EA009E0214 /* RecipeBasketManager.m */ = {isa = PBXFileReference; fileEncoding = 4; lastKnownFileType = sourcecode.c.objc; path = RecipeBasketManager.m; sourceTree = "<group>"; };
		3E34819E123A6432009E0214 /* APIRequestManager.h */ = {isa = PBXFileReference; fileEncoding = 4; lastKnownFileType = sourcecode.c.h; path = APIRequestManager.h; sourceTree = "<group>"; };
		3E34819F123A6432009E0214 /* APIRequestManager.m */ = {isa = PBXFileReference; fileEncoding = 4; lastKnownFileType = sourcecode.c.objc; path = APIRequestManager.m; sourceTree = "<group>"; };
		3E3481A3123A67CB009E0214 /* JSON.h */ = {isa = PBXFileReference; fileEncoding = 4; lastKnownFileType = sourcecode.c.h; path = JSON.h; sourceTree = "<group>"; };
		3E3481A4123A67CB009E0214 /* NSObject+SBJSON.h */ = {isa = PBXFileReference; fileEncoding = 4; lastKnownFileType = sourcecode.c.h; path = "NSObject+SBJSON.h"; sourceTree = "<group>"; };
		3E3481A5123A67CB009E0214 /* NSObject+SBJSON.m */ = {isa = PBXFileReference; fileEncoding = 4; lastKnownFileType = sourcecode.c.objc; path = "NSObject+SBJSON.m"; sourceTree = "<group>"; };
		3E3481A6123A67CB009E0214 /* NSString+SBJSON.h */ = {isa = PBXFileReference; fileEncoding = 4; lastKnownFileType = sourcecode.c.h; path = "NSString+SBJSON.h"; sourceTree = "<group>"; };
		3E3481A7123A67CB009E0214 /* NSString+SBJSON.m */ = {isa = PBXFileReference; fileEncoding = 4; lastKnownFileType = sourcecode.c.objc; path = "NSString+SBJSON.m"; sourceTree = "<group>"; };
		3E3481A8123A67CB009E0214 /* SBJSON.h */ = {isa = PBXFileReference; fileEncoding = 4; lastKnownFileType = sourcecode.c.h; path = SBJSON.h; sourceTree = "<group>"; };
		3E3481A9123A67CB009E0214 /* SBJSON.m */ = {isa = PBXFileReference; fileEncoding = 4; lastKnownFileType = sourcecode.c.objc; path = SBJSON.m; sourceTree = "<group>"; };
		3E3481AA123A67CB009E0214 /* SBJsonBase.h */ = {isa = PBXFileReference; fileEncoding = 4; lastKnownFileType = sourcecode.c.h; path = SBJsonBase.h; sourceTree = "<group>"; };
		3E3481AB123A67CB009E0214 /* SBJsonBase.m */ = {isa = PBXFileReference; fileEncoding = 4; lastKnownFileType = sourcecode.c.objc; path = SBJsonBase.m; sourceTree = "<group>"; };
		3E3481AC123A67CB009E0214 /* SBJsonParser.h */ = {isa = PBXFileReference; fileEncoding = 4; lastKnownFileType = sourcecode.c.h; path = SBJsonParser.h; sourceTree = "<group>"; };
		3E3481AD123A67CB009E0214 /* SBJsonParser.m */ = {isa = PBXFileReference; fileEncoding = 4; lastKnownFileType = sourcecode.c.objc; path = SBJsonParser.m; sourceTree = "<group>"; };
		3E3481AE123A67CB009E0214 /* SBJsonWriter.h */ = {isa = PBXFileReference; fileEncoding = 4; lastKnownFileType = sourcecode.c.h; path = SBJsonWriter.h; sourceTree = "<group>"; };
		3E3481AF123A67CB009E0214 /* SBJsonWriter.m */ = {isa = PBXFileReference; fileEncoding = 4; lastKnownFileType = sourcecode.c.objc; path = SBJsonWriter.m; sourceTree = "<group>"; };
		3E3481F8123A8862009E0214 /* ShoppingListViewController.h */ = {isa = PBXFileReference; fileEncoding = 4; lastKnownFileType = sourcecode.c.h; path = ShoppingListViewController.h; sourceTree = "<group>"; };
		3E3481F9123A8862009E0214 /* ShoppingListViewController.m */ = {isa = PBXFileReference; fileEncoding = 4; lastKnownFileType = sourcecode.c.objc; path = ShoppingListViewController.m; sourceTree = "<group>"; };
		3E3481FA123A8862009E0214 /* ShoppingListView.xib */ = {isa = PBXFileReference; lastKnownFileType = file.xib; path = ShoppingListView.xib; sourceTree = "<group>"; };
		3E34822C123A8E58009E0214 /* QuartzCore.framework */ = {isa = PBXFileReference; lastKnownFileType = wrapper.framework; name = QuartzCore.framework; path = System/Library/Frameworks/QuartzCore.framework; sourceTree = SDKROOT; };
		3E5B8914123B95530070527A /* LogManager.h */ = {isa = PBXFileReference; fileEncoding = 4; lastKnownFileType = sourcecode.c.h; path = LogManager.h; sourceTree = "<group>"; };
		3E5B8915123B95530070527A /* LogManager.m */ = {isa = PBXFileReference; fileEncoding = 4; lastKnownFileType = sourcecode.c.objc; path = LogManager.m; sourceTree = "<group>"; };
		3EAF05FF124B6B6700BAF6CD /* LoginManager.h */ = {isa = PBXFileReference; fileEncoding = 4; lastKnownFileType = sourcecode.c.h; path = LoginManager.h; sourceTree = "<group>"; };
		3EAF0600124B6B6700BAF6CD /* LoginManager.m */ = {isa = PBXFileReference; fileEncoding = 4; lastKnownFileType = sourcecode.c.objc; path = LoginManager.m; sourceTree = "<group>"; };
		3EAF0678124CD89400BAF6CD /* baby_icon.png */ = {isa = PBXFileReference; lastKnownFileType = image.png; path = baby_icon.png; sourceTree = "<group>"; };
		3EAF0679124CD89400BAF6CD /* bakery_icon.png */ = {isa = PBXFileReference; lastKnownFileType = image.png; path = bakery_icon.png; sourceTree = "<group>"; };
		3EAF067A124CD89400BAF6CD /* cupboard_icon.png */ = {isa = PBXFileReference; lastKnownFileType = image.png; path = cupboard_icon.png; sourceTree = "<group>"; };
		3EAF067B124CD89400BAF6CD /* drinks_icon.png */ = {isa = PBXFileReference; lastKnownFileType = image.png; path = drinks_icon.png; sourceTree = "<group>"; };
		3EAF067C124CD89400BAF6CD /* fresh_icon.png */ = {isa = PBXFileReference; lastKnownFileType = image.png; path = fresh_icon.png; sourceTree = "<group>"; };
		3EAF067D124CD89400BAF6CD /* frozen_icon.png */ = {isa = PBXFileReference; lastKnownFileType = image.png; path = frozen_icon.png; sourceTree = "<group>"; };
		3EAF067E124CD89400BAF6CD /* health_icon.png */ = {isa = PBXFileReference; lastKnownFileType = image.png; path = health_icon.png; sourceTree = "<group>"; };
		3EAF067F124CD89400BAF6CD /* home_icon.png */ = {isa = PBXFileReference; lastKnownFileType = image.png; path = home_icon.png; sourceTree = "<group>"; };
		3EAF0680124CD89400BAF6CD /* household_icon.png */ = {isa = PBXFileReference; lastKnownFileType = image.png; path = household_icon.png; sourceTree = "<group>"; };
		3EAF0681124CD89400BAF6CD /* pets_icon.png */ = {isa = PBXFileReference; lastKnownFileType = image.png; path = pets_icon.png; sourceTree = "<group>"; };
		3EAF0701124CE5CC00BAF6CD /* DepartmentCell.xib */ = {isa = PBXFileReference; lastKnownFileType = file.xib; name = DepartmentCell.xib; path = ../DepartmentCell.xib; sourceTree = "<group>"; };
		3EAF074F124CF37F00BAF6CD /* icon_shopping.png */ = {isa = PBXFileReference; lastKnownFileType = image.png; path = icon_shopping.png; sourceTree = "<group>"; };
		3EB5CFB7125F1D26009A80E0 /* MoreSearchResultsCell.xib */ = {isa = PBXFileReference; lastKnownFileType = file.xib; name = MoreSearchResultsCell.xib; path = ../MoreSearchResultsCell.xib; sourceTree = "<group>"; };
		3EB5CFC6125F1EE9009A80E0 /* download@2x.png */ = {isa = PBXFileReference; lastKnownFileType = image.png; path = "download@2x.png"; sourceTree = "<group>"; };
		3EB80C6D1233F91100F74165 /* breakfasts.png */ = {isa = PBXFileReference; lastKnownFileType = image.png; path = breakfasts.png; sourceTree = "<group>"; };
		3EB80C6E1233F91100F74165 /* cakesBiscuits.png */ = {isa = PBXFileReference; lastKnownFileType = image.png; path = cakesBiscuits.png; sourceTree = "<group>"; };
		3EB80C6F1233F91100F74165 /* desserts.png */ = {isa = PBXFileReference; lastKnownFileType = image.png; path = desserts.png; sourceTree = "<group>"; };
		3EB80C701233F91100F74165 /* dinners.png */ = {isa = PBXFileReference; lastKnownFileType = image.png; path = dinners.png; sourceTree = "<group>"; };
		3EB80C711233F91100F74165 /* drinks.png */ = {isa = PBXFileReference; lastKnownFileType = image.png; path = drinks.png; sourceTree = "<group>"; };
		3EB80C721233F91100F74165 /* lunches.png */ = {isa = PBXFileReference; lastKnownFileType = image.png; path = lunches.png; sourceTree = "<group>"; };
		3EB80C731233F91100F74165 /* mains.png */ = {isa = PBXFileReference; lastKnownFileType = image.png; path = mains.png; sourceTree = "<group>"; };
		3EB80C741233F91100F74165 /* partyFood.png */ = {isa = PBXFileReference; lastKnownFileType = image.png; path = partyFood.png; sourceTree = "<group>"; };
		3EB80C751233F91100F74165 /* salads.png */ = {isa = PBXFileReference; lastKnownFileType = image.png; path = salads.png; sourceTree = "<group>"; };
		3EB80C761233F91100F74165 /* sauces.png */ = {isa = PBXFileReference; lastKnownFileType = image.png; path = sauces.png; sourceTree = "<group>"; };
		3EB80C771233F91100F74165 /* snacksSides.png */ = {isa = PBXFileReference; lastKnownFileType = image.png; path = snacksSides.png; sourceTree = "<group>"; };
		3EB80C781233F91100F74165 /* soups.png */ = {isa = PBXFileReference; lastKnownFileType = image.png; path = soups.png; sourceTree = "<group>"; };
		3EB80C791233F91100F74165 /* starters.png */ = {isa = PBXFileReference; lastKnownFileType = image.png; path = starters.png; sourceTree = "<group>"; };
		3EB80CB71234074500F74165 /* icon_book.png */ = {isa = PBXFileReference; lastKnownFileType = image.png; path = icon_book.png; sourceTree = "<group>"; };
		3EB80CC612340B8800F74165 /* icon_cart.png */ = {isa = PBXFileReference; lastKnownFileType = image.png; path = icon_cart.png; sourceTree = "<group>"; };
		3EB80CCF12340C4300F74165 /* RecipeBasketViewController.h */ = {isa = PBXFileReference; fileEncoding = 4; lastKnownFileType = sourcecode.c.h; path = RecipeBasketViewController.h; sourceTree = "<group>"; };
		3EB80CD012340C4300F74165 /* RecipeBasketViewController.m */ = {isa = PBXFileReference; fileEncoding = 4; lastKnownFileType = sourcecode.c.objc; path = RecipeBasketViewController.m; sourceTree = "<group>"; };
		3EB80DE7123424E200F74165 /* RecipeListViewController.h */ = {isa = PBXFileReference; fileEncoding = 4; lastKnownFileType = sourcecode.c.h; path = RecipeListViewController.h; sourceTree = "<group>"; };
		3EB80DE8123424E200F74165 /* RecipeListViewController.m */ = {isa = PBXFileReference; fileEncoding = 4; lastKnownFileType = sourcecode.c.objc; path = RecipeListViewController.m; sourceTree = "<group>"; };
		3EB80DE9123424E200F74165 /* RecipeListView.xib */ = {isa = PBXFileReference; lastKnownFileType = file.xib; path = RecipeListView.xib; sourceTree = "<group>"; };
		3EB80E0E1234446100F74165 /* RecipeViewController.h */ = {isa = PBXFileReference; fileEncoding = 4; lastKnownFileType = sourcecode.c.h; path = RecipeViewController.h; sourceTree = "<group>"; };
		3EB80E0F1234446100F74165 /* RecipeViewController.m */ = {isa = PBXFileReference; fileEncoding = 4; lastKnownFileType = sourcecode.c.objc; path = RecipeViewController.m; sourceTree = "<group>"; };
		3EB80E101234446100F74165 /* RecipeView.xib */ = {isa = PBXFileReference; lastKnownFileType = file.xib; path = RecipeView.xib; sourceTree = "<group>"; };
		3EB80E16123446B900F74165 /* bottom-fade.png */ = {isa = PBXFileReference; lastKnownFileType = image.png; path = "bottom-fade.png"; sourceTree = "<group>"; };
		3EB80E2C1234482100F74165 /* UITableViewCellFactory.h */ = {isa = PBXFileReference; fileEncoding = 4; lastKnownFileType = sourcecode.c.h; name = UITableViewCellFactory.h; path = ../UITableViewCellFactory.h; sourceTree = "<group>"; };
		3EB80E2D1234482100F74165 /* UITableViewCellFactory.m */ = {isa = PBXFileReference; fileEncoding = 4; lastKnownFileType = sourcecode.c.objc; name = UITableViewCellFactory.m; path = ../UITableViewCellFactory.m; sourceTree = "<group>"; };
		3EB80E3E12344D5000F74165 /* button_minus@2x.png */ = {isa = PBXFileReference; lastKnownFileType = image.png; path = "button_minus@2x.png"; sourceTree = "<group>"; };
		3EB80E3F12344D5000F74165 /* button_plus@2x.png */ = {isa = PBXFileReference; lastKnownFileType = image.png; path = "button_plus@2x.png"; sourceTree = "<group>"; };
		3EB80E4512357D3000F74165 /* DatabaseRequestManager.h */ = {isa = PBXFileReference; fileEncoding = 4; lastKnownFileType = sourcecode.c.h; path = DatabaseRequestManager.h; sourceTree = "<group>"; };
		3EB80E4612357D3000F74165 /* DatabaseRequestManager.m */ = {isa = PBXFileReference; fileEncoding = 4; lastKnownFileType = sourcecode.c.objc; path = DatabaseRequestManager.m; sourceTree = "<group>"; };
		3EB80E4B1235A50F00F74165 /* libsqlite3.0.dylib */ = {isa = PBXFileReference; lastKnownFileType = "compiled.mach-o.dylib"; name = libsqlite3.0.dylib; path = usr/lib/libsqlite3.0.dylib; sourceTree = SDKROOT; };
		3EB99D69124E17CA0093EBF1 /* RecipeViewCell.xib */ = {isa = PBXFileReference; lastKnownFileType = file.xib; name = RecipeViewCell.xib; path = ../RecipeViewCell.xib; sourceTree = "<group>"; };
		3EB9A128124FC0A70093EBF1 /* OverlayViewController.xib */ = {isa = PBXFileReference; lastKnownFileType = file.xib; name = OverlayViewController.xib; path = ../OverlayViewController.xib; sourceTree = "<group>"; };
		3EB9A2451250A2790093EBF1 /* DeliveryInfoCell.xib */ = {isa = PBXFileReference; lastKnownFileType = file.xib; name = DeliveryInfoCell.xib; path = ../DeliveryInfoCell.xib; sourceTree = "<group>"; };
		3EFBE0B8123CF0B4008B7DC2 /* Reachability.h */ = {isa = PBXFileReference; fileEncoding = 4; lastKnownFileType = sourcecode.c.h; path = Reachability.h; sourceTree = "<group>"; };
		3EFBE0B9123CF0B4008B7DC2 /* Reachability.m */ = {isa = PBXFileReference; fileEncoding = 4; lastKnownFileType = sourcecode.c.objc; path = Reachability.m; sourceTree = "<group>"; };
		3EFBE0EB123CF117008B7DC2 /* SystemConfiguration.framework */ = {isa = PBXFileReference; lastKnownFileType = wrapper.framework; name = SystemConfiguration.framework; path = System/Library/Frameworks/SystemConfiguration.framework; sourceTree = SDKROOT; };
		3EFBE173123D494D008B7DC2 /* ProductViewCell.xib */ = {isa = PBXFileReference; lastKnownFileType = file.xib; name = ProductViewCell.xib; path = ../ProductViewCell.xib; sourceTree = "<group>"; };
		3EFBE195123D4F40008B7DC2 /* OnlineShopView.xib */ = {isa = PBXFileReference; lastKnownFileType = file.xib; name = OnlineShopView.xib; path = ../OnlineShopView.xib; sourceTree = "<group>"; };
		3EFBE19A123D5121008B7DC2 /* OnlineShopViewController.h */ = {isa = PBXFileReference; fileEncoding = 4; lastKnownFileType = sourcecode.c.h; path = OnlineShopViewController.h; sourceTree = "<group>"; };
		3EFBE19B123D5121008B7DC2 /* OnlineShopViewController.m */ = {isa = PBXFileReference; fileEncoding = 4; lastKnownFileType = sourcecode.c.objc; path = OnlineShopViewController.m; sourceTree = "<group>"; };
		3EFBE1C2123D576F008B7DC2 /* ShelvesViewController.h */ = {isa = PBXFileReference; fileEncoding = 4; lastKnownFileType = sourcecode.c.h; path = ShelvesViewController.h; sourceTree = "<group>"; };
		3EFBE1C3123D576F008B7DC2 /* ShelvesViewController.m */ = {isa = PBXFileReference; fileEncoding = 4; lastKnownFileType = sourcecode.c.objc; path = ShelvesViewController.m; sourceTree = "<group>"; };
		3EFBE1C4123D576F008B7DC2 /* ShelvesView.xib */ = {isa = PBXFileReference; lastKnownFileType = file.xib; path = ShelvesView.xib; sourceTree = "<group>"; };
		3EFBE1EC123D611A008B7DC2 /* AislesViewController.h */ = {isa = PBXFileReference; fileEncoding = 4; lastKnownFileType = sourcecode.c.h; path = AislesViewController.h; sourceTree = "<group>"; };
		3EFBE1ED123D611A008B7DC2 /* AislesViewController.m */ = {isa = PBXFileReference; fileEncoding = 4; lastKnownFileType = sourcecode.c.objc; path = AislesViewController.m; sourceTree = "<group>"; };
		3EFBE1EE123D611A008B7DC2 /* AislesView.xib */ = {isa = PBXFileReference; lastKnownFileType = file.xib; path = AislesView.xib; sourceTree = "<group>"; };
		3EFBE37A123E4D2E008B7DC2 /* ProductsViewController.h */ = {isa = PBXFileReference; fileEncoding = 4; lastKnownFileType = sourcecode.c.h; path = ProductsViewController.h; sourceTree = "<group>"; };
		3EFBE37B123E4D2E008B7DC2 /* ProductsViewController.m */ = {isa = PBXFileReference; fileEncoding = 4; lastKnownFileType = sourcecode.c.objc; path = ProductsViewController.m; sourceTree = "<group>"; };
		3EFBE37C123E4D2E008B7DC2 /* ProductsView.xib */ = {isa = PBXFileReference; lastKnownFileType = file.xib; path = ProductsView.xib; sourceTree = "<group>"; };
		3EFBE3E8123E815B008B7DC2 /* OnlineBasketViewController.h */ = {isa = PBXFileReference; fileEncoding = 4; lastKnownFileType = sourcecode.c.h; path = OnlineBasketViewController.h; sourceTree = "<group>"; };
		3EFBE3E9123E815B008B7DC2 /* OnlineBasketViewController.m */ = {isa = PBXFileReference; fileEncoding = 4; lastKnownFileType = sourcecode.c.objc; path = OnlineBasketViewController.m; sourceTree = "<group>"; };
		3EFBE3EB123E8203008B7DC2 /* OnlineBasketView.xib */ = {isa = PBXFileReference; lastKnownFileType = file.xib; name = OnlineBasketView.xib; path = ../OnlineBasketView.xib; sourceTree = "<group>"; };
		3EFBE5F2123FE9D8008B7DC2 /* ProductBasketManager.h */ = {isa = PBXFileReference; fileEncoding = 4; lastKnownFileType = sourcecode.c.h; path = ProductBasketManager.h; sourceTree = "<group>"; };
		3EFBE5F3123FE9D8008B7DC2 /* ProductBasketManager.m */ = {isa = PBXFileReference; fileEncoding = 4; lastKnownFileType = sourcecode.c.objc; path = ProductBasketManager.m; sourceTree = "<group>"; };
		3EFBEB9F1243F887008B7DC2 /* DeliverySlot.h */ = {isa = PBXFileReference; fileEncoding = 4; lastKnownFileType = sourcecode.c.h; path = DeliverySlot.h; sourceTree = "<group>"; };
		3EFBEBA01243F887008B7DC2 /* DeliverySlot.m */ = {isa = PBXFileReference; fileEncoding = 4; lastKnownFileType = sourcecode.c.objc; path = DeliverySlot.m; sourceTree = "<group>"; };
		3EFBEBA61243FBBE008B7DC2 /* DeliverySlotsViewController.h */ = {isa = PBXFileReference; fileEncoding = 4; lastKnownFileType = sourcecode.c.h; path = DeliverySlotsViewController.h; sourceTree = "<group>"; };
		3EFBEBA71243FBBE008B7DC2 /* DeliverySlotsViewController.m */ = {isa = PBXFileReference; fileEncoding = 4; lastKnownFileType = sourcecode.c.objc; path = DeliverySlotsViewController.m; sourceTree = "<group>"; };
		3EFBEBA81243FBBE008B7DC2 /* DeliverySlotsView.xib */ = {isa = PBXFileReference; lastKnownFileType = file.xib; path = DeliverySlotsView.xib; sourceTree = "<group>"; };
		3EFBEE561247A188008B7DC2 /* SearchResultsViewController.h */ = {isa = PBXFileReference; fileEncoding = 4; lastKnownFileType = sourcecode.c.h; path = SearchResultsViewController.h; sourceTree = "<group>"; };
		3EFBEE571247A188008B7DC2 /* SearchResultsViewController.m */ = {isa = PBXFileReference; fileEncoding = 4; lastKnownFileType = sourcecode.c.objc; path = SearchResultsViewController.m; sourceTree = "<group>"; };
		3EFBEE581247A188008B7DC2 /* SearchResultsView.xib */ = {isa = PBXFileReference; lastKnownFileType = file.xib; path = SearchResultsView.xib; sourceTree = "<group>"; };
		3EFBEEA11247AA5D008B7DC2 /* OverlayViewController.h */ = {isa = PBXFileReference; fileEncoding = 4; lastKnownFileType = sourcecode.c.h; path = OverlayViewController.h; sourceTree = "<group>"; };
		3EFBEEA21247AA5D008B7DC2 /* OverlayViewController.m */ = {isa = PBXFileReference; fileEncoding = 4; lastKnownFileType = sourcecode.c.objc; path = OverlayViewController.m; sourceTree = "<group>"; };
		3EFBEEA31247AA5D008B7DC2 /* OverlayView.xib */ = {isa = PBXFileReference; lastKnownFileType = file.xib; path = OverlayView.xib; sourceTree = "<group>"; };
		8D1107310486CEB800E47090 /* RecipeShopper-Info.plist */ = {isa = PBXFileReference; fileEncoding = 4; lastKnownFileType = text.plist.xml; path = "RecipeShopper-Info.plist"; plistStructureDefinitionIdentifier = "com.apple.xcode.plist.structure-definition.iphone.info-plist"; sourceTree = "<group>"; };
/* End PBXFileReference section */

/* Begin PBXFrameworksBuildPhase section */
		1D60588F0D05DD3D006BFB54 /* Frameworks */ = {
			isa = PBXFrameworksBuildPhase;
			buildActionMask = 2147483647;
			files = (
				1D60589F0D05DD5A006BFB54 /* Foundation.framework in Frameworks */,
				1DF5F4E00D08C38300B7A737 /* UIKit.framework in Frameworks */,
				288765080DF74369002DB57D /* CoreGraphics.framework in Frameworks */,
				3EB80E4C1235A50F00F74165 /* libsqlite3.0.dylib in Frameworks */,
				3E34822D123A8E58009E0214 /* QuartzCore.framework in Frameworks */,
				3EFBE0EC123CF117008B7DC2 /* SystemConfiguration.framework in Frameworks */,
			);
			runOnlyForDeploymentPostprocessing = 0;
		};
/* End PBXFrameworksBuildPhase section */

/* Begin PBXGroup section */
		080E96DDFE201D6D7F000001 /* Classes */ = {
			isa = PBXGroup;
			children = (
				3EB5D0C4125F79F5009A80E0 /* View */,
				3EB5D0C5125F79FF009A80E0 /* Controller */,
				3EB5D0C3125F79E0009A80E0 /* Model */,
			);
			path = Classes;
			sourceTree = "<group>";
		};
		19C28FACFE9D520D11CA2CBB /* Products */ = {
			isa = PBXGroup;
			children = (
				1D6058910D05DD3D006BFB54 /* RecipeShopper.app */,
			);
			name = Products;
			sourceTree = "<group>";
		};
		29B97314FDCFA39411CA2CEA /* Shopper */ = {
			isa = PBXGroup;
			children = (
				080E96DDFE201D6D7F000001 /* Classes */,
				29B97315FDCFA39411CA2CEA /* Other Sources */,
				29B97317FDCFA39411CA2CEA /* Resources */,
				29B97323FDCFA39411CA2CEA /* Frameworks */,
				19C28FACFE9D520D11CA2CBB /* Products */,
			);
			name = Shopper;
			sourceTree = "<group>";
		};
		29B97315FDCFA39411CA2CEA /* Other Sources */ = {
			isa = PBXGroup;
			children = (
				28A0AB4B0D9B1048005BE974 /* RecipeShopper_Prefix.pch */,
				29B97316FDCFA39411CA2CEA /* main.m */,
			);
			name = "Other Sources";
			sourceTree = "<group>";
		};
		29B97317FDCFA39411CA2CEA /* Resources */ = {
			isa = PBXGroup;
			children = (
				3E22BA02125A32CD00223CC3 /* button_green.png */,
				3E22B87112560FD200223CC3 /* imgs */,
				3E22B6F212560A4200223CC3 /* recipeshopper.sqlite */,
				3E34804E1236FB50009E0214 /* tesco_header.png */,
				3E347E671236B5B9009E0214 /* recipe_base.html */,
				3E347E681236B5B9009E0214 /* recipe_base.css */,
				3EB80CF712340F7C00F74165 /* Icons */,
				3EB80C881233F91400F74165 /* Recipe Category Images */,
				8D1107310486CEB800E47090 /* RecipeShopper-Info.plist */,
			);
			name = Resources;
			sourceTree = "<group>";
		};
		29B97323FDCFA39411CA2CEA /* Frameworks */ = {
			isa = PBXGroup;
			children = (
				3E34822C123A8E58009E0214 /* QuartzCore.framework */,
				1DF5F4DF0D08C38300B7A737 /* UIKit.framework */,
				1D30AB110D05D00D00671497 /* Foundation.framework */,
				288765070DF74369002DB57D /* CoreGraphics.framework */,
				3EB80E4B1235A50F00F74165 /* libsqlite3.0.dylib */,
				3EFBE0EB123CF117008B7DC2 /* SystemConfiguration.framework */,
			);
			name = Frameworks;
			sourceTree = "<group>";
		};
		3E3481A1123A67CB009E0214 /* HTTP */ = {
			isa = PBXGroup;
			children = (
				3E3481A2123A67CB009E0214 /* JSON */,
			);
			name = HTTP;
			sourceTree = "<group>";
		};
		3E3481A2123A67CB009E0214 /* JSON */ = {
			isa = PBXGroup;
			children = (
				3E3481A3123A67CB009E0214 /* JSON.h */,
				3E3481A4123A67CB009E0214 /* NSObject+SBJSON.h */,
				3E3481A5123A67CB009E0214 /* NSObject+SBJSON.m */,
				3E3481A6123A67CB009E0214 /* NSString+SBJSON.h */,
				3E3481A7123A67CB009E0214 /* NSString+SBJSON.m */,
				3E3481A8123A67CB009E0214 /* SBJSON.h */,
				3E3481A9123A67CB009E0214 /* SBJSON.m */,
				3E3481AA123A67CB009E0214 /* SBJsonBase.h */,
				3E3481AB123A67CB009E0214 /* SBJsonBase.m */,
				3E3481AC123A67CB009E0214 /* SBJsonParser.h */,
				3E3481AD123A67CB009E0214 /* SBJsonParser.m */,
				3E3481AE123A67CB009E0214 /* SBJsonWriter.h */,
				3E3481AF123A67CB009E0214 /* SBJsonWriter.m */,
			);
			path = JSON;
			sourceTree = "<group>";
		};
		3EAF0676124CD86B00BAF6CD /* Department Images */ = {
			isa = PBXGroup;
			children = (
				3EAF0678124CD89400BAF6CD /* baby_icon.png */,
				3EAF0679124CD89400BAF6CD /* bakery_icon.png */,
				3EAF067A124CD89400BAF6CD /* cupboard_icon.png */,
				3EAF067B124CD89400BAF6CD /* drinks_icon.png */,
				3EAF067C124CD89400BAF6CD /* fresh_icon.png */,
				3EAF067D124CD89400BAF6CD /* frozen_icon.png */,
				3EAF067E124CD89400BAF6CD /* health_icon.png */,
				3EAF067F124CD89400BAF6CD /* home_icon.png */,
				3EAF0680124CD89400BAF6CD /* household_icon.png */,
				3EAF0681124CD89400BAF6CD /* pets_icon.png */,
			);
			name = "Department Images";
			sourceTree = "<group>";
		};
		3EB5D0C3125F79E0009A80E0 /* Model */ = {
			isa = PBXGroup;
			children = (
				3E3481A1123A67CB009E0214 /* HTTP */,
				3E347C7312364A58009E0214 /* UIImage-Extended.h */,
				3E347C7412364A58009E0214 /* UIImage-Extended.m */,
				3E347C1712363D51009E0214 /* NSData-Extended.h */,
				3E347C1812363D51009E0214 /* NSData-Extended.m */,
				1D3623240D0F684500981E51 /* RecipeShopperAppDelegate.h */,
				1D3623250D0F684500981E51 /* RecipeShopperAppDelegate.m */,
				3EAF05FF124B6B6700BAF6CD /* LoginManager.h */,
				3EAF0600124B6B6700BAF6CD /* LoginManager.m */,
				3EFBE0B8123CF0B4008B7DC2 /* Reachability.h */,
				3EFBE0B9123CF0B4008B7DC2 /* Reachability.m */,
				3E347C1E1236408D009E0214 /* Recipe.h */,
				3E347C1F1236408D009E0214 /* Recipe.m */,
				3EB80E4512357D3000F74165 /* DatabaseRequestManager.h */,
				3EB80E4612357D3000F74165 /* DatabaseRequestManager.m */,
				3E347C87123655D2009E0214 /* Product.h */,
				3E347C88123655D2009E0214 /* Product.m */,
				3E3480871237A8EA009E0214 /* RecipeBasketManager.h */,
				3E3480881237A8EA009E0214 /* RecipeBasketManager.m */,
				3E34819E123A6432009E0214 /* APIRequestManager.h */,
				3E34819F123A6432009E0214 /* APIRequestManager.m */,
				3E5B8914123B95530070527A /* LogManager.h */,
				3E5B8915123B95530070527A /* LogManager.m */,
				3EFBE5F2123FE9D8008B7DC2 /* ProductBasketManager.h */,
				3EFBE5F3123FE9D8008B7DC2 /* ProductBasketManager.m */,
				3EFBEB9F1243F887008B7DC2 /* DeliverySlot.h */,
				3EFBEBA01243F887008B7DC2 /* DeliverySlot.m */,
				3E22CCBE124963E00007FF5E /* DataManager.h */,
				3E22CCBF124963E00007FF5E /* DataManager.m */,
			);
			name = Model;
			sourceTree = "<group>";
		};
		3EB5D0C4125F79F5009A80E0 /* View */ = {
			isa = PBXGroup;
			children = (
				3EFBE1EE123D611A008B7DC2 /* AislesView.xib */,
				3EFBE173123D494D008B7DC2 /* ProductViewCell.xib */,
				28AD73870D9D96C1002E5188 /* MainWindow.xib */,
				2840D7CD1179279E00D7F93C /* RecipeCategoryView.xib */,
				3EB80DE9123424E200F74165 /* RecipeListView.xib */,
				3EB80E101234446100F74165 /* RecipeView.xib */,
				282CCBFD0DB6C98000C4EA27 /* RecipeBasketView.xib */,
				3E3481FA123A8862009E0214 /* ShoppingListView.xib */,
				3EFBE195123D4F40008B7DC2 /* OnlineShopView.xib */,
				3EFBE1C4123D576F008B7DC2 /* ShelvesView.xib */,
				3EFBE37C123E4D2E008B7DC2 /* ProductsView.xib */,
				3EFBE3EB123E8203008B7DC2 /* OnlineBasketView.xib */,
				3EFBEBA81243FBBE008B7DC2 /* DeliverySlotsView.xib */,
				3EFBEE581247A188008B7DC2 /* SearchResultsView.xib */,
				3EFBEEA31247AA5D008B7DC2 /* OverlayView.xib */,
				3EAF0701124CE5CC00BAF6CD /* DepartmentCell.xib */,
				3EB99D69124E17CA0093EBF1 /* RecipeViewCell.xib */,
				3EB9A128124FC0A70093EBF1 /* OverlayViewController.xib */,
				3EB9A2451250A2790093EBF1 /* DeliveryInfoCell.xib */,
				3EB5CFB7125F1D26009A80E0 /* MoreSearchResultsCell.xib */,
			);
			name = View;
			sourceTree = "<group>";
		};
		3EB5D0C5125F79FF009A80E0 /* Controller */ = {
			isa = PBXGroup;
			children = (
				3EB80DE7123424E200F74165 /* RecipeListViewController.h */,
				3EB80DE8123424E200F74165 /* RecipeListViewController.m */,
				28216C950DB411BC00E5133A /* RecipeCategoryViewController.h */,
				28216C960DB411BC00E5133A /* RecipeCategoryViewController.m */,
				3EB80CCF12340C4300F74165 /* RecipeBasketViewController.h */,
				3EB80CD012340C4300F74165 /* RecipeBasketViewController.m */,
				3EB80E0E1234446100F74165 /* RecipeViewController.h */,
				3EB80E0F1234446100F74165 /* RecipeViewController.m */,
				3EB80E2C1234482100F74165 /* UITableViewCellFactory.h */,
				3EB80E2D1234482100F74165 /* UITableViewCellFactory.m */,
				3E3481F8123A8862009E0214 /* ShoppingListViewController.h */,
				3E3481F9123A8862009E0214 /* ShoppingListViewController.m */,
				3EFBE19A123D5121008B7DC2 /* OnlineShopViewController.h */,
				3EFBE19B123D5121008B7DC2 /* OnlineShopViewController.m */,
				3EFBE1EC123D611A008B7DC2 /* AislesViewController.h */,
				3EFBE1ED123D611A008B7DC2 /* AislesViewController.m */,
				3EFBE1C2123D576F008B7DC2 /* ShelvesViewController.h */,
				3EFBE1C3123D576F008B7DC2 /* ShelvesViewController.m */,
				3EFBE37A123E4D2E008B7DC2 /* ProductsViewController.h */,
				3EFBE37B123E4D2E008B7DC2 /* ProductsViewController.m */,
				3EFBE3E8123E815B008B7DC2 /* OnlineBasketViewController.h */,
				3EFBE3E9123E815B008B7DC2 /* OnlineBasketViewController.m */,
				3EFBEBA61243FBBE008B7DC2 /* DeliverySlotsViewController.h */,
				3EFBEBA71243FBBE008B7DC2 /* DeliverySlotsViewController.m */,
				3EFBEE561247A188008B7DC2 /* SearchResultsViewController.h */,
				3EFBEE571247A188008B7DC2 /* SearchResultsViewController.m */,
				3EFBEEA11247AA5D008B7DC2 /* OverlayViewController.h */,
				3EFBEEA21247AA5D008B7DC2 /* OverlayViewController.m */,
			);
			name = Controller;
			sourceTree = "<group>";
		};
		3EB80C881233F91400F74165 /* Recipe Category Images */ = {
			isa = PBXGroup;
			children = (
				3EB80C6D1233F91100F74165 /* breakfasts.png */,
				3EB80C6E1233F91100F74165 /* cakesBiscuits.png */,
				3EB80C6F1233F91100F74165 /* desserts.png */,
				3EB80C701233F91100F74165 /* dinners.png */,
				3EB80C711233F91100F74165 /* drinks.png */,
				3EB80C721233F91100F74165 /* lunches.png */,
				3EB80C731233F91100F74165 /* mains.png */,
				3EB80C741233F91100F74165 /* partyFood.png */,
				3EB80C751233F91100F74165 /* salads.png */,
				3EB80C761233F91100F74165 /* sauces.png */,
				3EB80C771233F91100F74165 /* snacksSides.png */,
				3EB80C781233F91100F74165 /* soups.png */,
				3EB80C791233F91100F74165 /* starters.png */,
			);
			name = "Recipe Category Images";
			sourceTree = "<group>";
		};
		3EB80CF712340F7C00F74165 /* Icons */ = {
			isa = PBXGroup;
			children = (
				3EB5CFC6125F1EE9009A80E0 /* download@2x.png */,
				3EAF074F124CF37F00BAF6CD /* icon_shopping.png */,
				3EAF0676124CD86B00BAF6CD /* Department Images */,
				3EB80CC612340B8800F74165 /* icon_cart.png */,
				3EB80E3E12344D5000F74165 /* button_minus@2x.png */,
				3EB80E3F12344D5000F74165 /* button_plus@2x.png */,
				3EB80E16123446B900F74165 /* bottom-fade.png */,
				3EB80CB71234074500F74165 /* icon_book.png */,
			);
			name = Icons;
			sourceTree = "<group>";
		};
/* End PBXGroup section */

/* Begin PBXNativeTarget section */
		1D6058900D05DD3D006BFB54 /* RecipeShopper */ = {
			isa = PBXNativeTarget;
			buildConfigurationList = 1D6058960D05DD3E006BFB54 /* Build configuration list for PBXNativeTarget "RecipeShopper" */;
			buildPhases = (
				1D60588D0D05DD3D006BFB54 /* Resources */,
				1D60588E0D05DD3D006BFB54 /* Sources */,
				1D60588F0D05DD3D006BFB54 /* Frameworks */,
			);
			buildRules = (
			);
			dependencies = (
			);
			name = RecipeShopper;
			productName = Shopper;
			productReference = 1D6058910D05DD3D006BFB54 /* RecipeShopper.app */;
			productType = "com.apple.product-type.application";
		};
/* End PBXNativeTarget section */

/* Begin PBXProject section */
		29B97313FDCFA39411CA2CEA /* Project object */ = {
			isa = PBXProject;
			attributes = {
				ORGANIZATIONNAME = Assentec;
			};
			buildConfigurationList = C01FCF4E08A954540054247B /* Build configuration list for PBXProject "RecipeShopper" */;
			compatibilityVersion = "Xcode 3.1";
			hasScannedForEncodings = 1;
			knownRegions = (
				en,
			);
			mainGroup = 29B97314FDCFA39411CA2CEA /* Shopper */;
			projectDirPath = "";
			projectRoot = "";
			targets = (
				1D6058900D05DD3D006BFB54 /* RecipeShopper */,
			);
		};
/* End PBXProject section */

/* Begin PBXResourcesBuildPhase section */
		1D60588D0D05DD3D006BFB54 /* Resources */ = {
			isa = PBXResourcesBuildPhase;
			buildActionMask = 2147483647;
			files = (
				28AD73880D9D96C1002E5188 /* MainWindow.xib in Resources */,
				282CCBFE0DB6C98000C4EA27 /* RecipeBasketView.xib in Resources */,
				2840D7CE1179279E00D7F93C /* RecipeCategoryView.xib in Resources */,
				3EB80C7A1233F91100F74165 /* breakfasts.png in Resources */,
				3EB80C7B1233F91100F74165 /* cakesBiscuits.png in Resources */,
				3EB80C7C1233F91100F74165 /* desserts.png in Resources */,
				3EB80C7D1233F91100F74165 /* dinners.png in Resources */,
				3EB80C7E1233F91100F74165 /* drinks.png in Resources */,
				3EB80C7F1233F91100F74165 /* lunches.png in Resources */,
				3EB80C801233F91100F74165 /* mains.png in Resources */,
				3EB80C811233F91100F74165 /* partyFood.png in Resources */,
				3EB80C821233F91100F74165 /* salads.png in Resources */,
				3EB80C831233F91100F74165 /* sauces.png in Resources */,
				3EB80C841233F91100F74165 /* snacksSides.png in Resources */,
				3EB80C851233F91100F74165 /* soups.png in Resources */,
				3EB80C861233F91100F74165 /* starters.png in Resources */,
				3EB80CB81234074500F74165 /* icon_book.png in Resources */,
				3EB80CC712340B8800F74165 /* icon_cart.png in Resources */,
				3EB80DEB123424E200F74165 /* RecipeListView.xib in Resources */,
				3EB80E121234446100F74165 /* RecipeView.xib in Resources */,
				3EB80E17123446B900F74165 /* bottom-fade.png in Resources */,
				3EB80E4012344D5000F74165 /* button_minus@2x.png in Resources */,
				3EB80E4112344D5000F74165 /* button_plus@2x.png in Resources */,
				3E347E691236B5B9009E0214 /* recipe_base.html in Resources */,
				3E347E6A1236B5B9009E0214 /* recipe_base.css in Resources */,
				3E34804F1236FB50009E0214 /* tesco_header.png in Resources */,
				3E3481FC123A8862009E0214 /* ShoppingListView.xib in Resources */,
				3EFBE174123D494D008B7DC2 /* ProductViewCell.xib in Resources */,
				3EFBE196123D4F40008B7DC2 /* OnlineShopView.xib in Resources */,
				3EFBE1C6123D576F008B7DC2 /* ShelvesView.xib in Resources */,
				3EFBE1F0123D611A008B7DC2 /* AislesView.xib in Resources */,
				3EFBE37E123E4D2E008B7DC2 /* ProductsView.xib in Resources */,
				3EFBE3EC123E8203008B7DC2 /* OnlineBasketView.xib in Resources */,
				3EFBEBAA1243FBBE008B7DC2 /* DeliverySlotsView.xib in Resources */,
				3EFBEE5A1247A188008B7DC2 /* SearchResultsView.xib in Resources */,
				3EFBEEA51247AA5D008B7DC2 /* OverlayView.xib in Resources */,
				3EAF0682124CD89400BAF6CD /* baby_icon.png in Resources */,
				3EAF0683124CD89400BAF6CD /* bakery_icon.png in Resources */,
				3EAF0684124CD89400BAF6CD /* cupboard_icon.png in Resources */,
				3EAF0685124CD89400BAF6CD /* drinks_icon.png in Resources */,
				3EAF0686124CD89400BAF6CD /* fresh_icon.png in Resources */,
				3EAF0687124CD89400BAF6CD /* frozen_icon.png in Resources */,
				3EAF0688124CD89400BAF6CD /* health_icon.png in Resources */,
				3EAF0689124CD89400BAF6CD /* home_icon.png in Resources */,
				3EAF068A124CD89400BAF6CD /* household_icon.png in Resources */,
				3EAF068B124CD89400BAF6CD /* pets_icon.png in Resources */,
				3EAF0702124CE5CC00BAF6CD /* DepartmentCell.xib in Resources */,
				3EAF0750124CF37F00BAF6CD /* icon_shopping.png in Resources */,
				3EB99D6A124E17CA0093EBF1 /* RecipeViewCell.xib in Resources */,
				3EB9A129124FC0A70093EBF1 /* OverlayViewController.xib in Resources */,
				3EB9A2461250A2790093EBF1 /* DeliveryInfoCell.xib in Resources */,
				3E22B6F312560A4200223CC3 /* recipeshopper.sqlite in Resources */,
				3E22B89212560FD200223CC3 /* imgs in Resources */,
				3E22BA03125A32CD00223CC3 /* button_green.png in Resources */,
				3EB5CFB8125F1D26009A80E0 /* MoreSearchResultsCell.xib in Resources */,
				3EB5CFC7125F1EE9009A80E0 /* download@2x.png in Resources */,
			);
			runOnlyForDeploymentPostprocessing = 0;
		};
/* End PBXResourcesBuildPhase section */

/* Begin PBXSourcesBuildPhase section */
		1D60588E0D05DD3D006BFB54 /* Sources */ = {
			isa = PBXSourcesBuildPhase;
			buildActionMask = 2147483647;
			files = (
				1D60589B0D05DD56006BFB54 /* main.m in Sources */,
				1D3623260D0F684500981E51 /* RecipeShopperAppDelegate.m in Sources */,
				28216C970DB411BC00E5133A /* RecipeCategoryViewController.m in Sources */,
				3EB80CD112340C4300F74165 /* RecipeBasketViewController.m in Sources */,
				3EB80DEA123424E200F74165 /* RecipeListViewController.m in Sources */,
				3EB80E111234446100F74165 /* RecipeViewController.m in Sources */,
				3EB80E2E1234482100F74165 /* UITableViewCellFactory.m in Sources */,
				3EB80E4712357D3000F74165 /* DatabaseRequestManager.m in Sources */,
				3E347C1912363D51009E0214 /* NSData-Extended.m in Sources */,
				3E347C201236408D009E0214 /* Recipe.m in Sources */,
				3E347C7512364A58009E0214 /* UIImage-Extended.m in Sources */,
				3E347C89123655D2009E0214 /* Product.m in Sources */,
				3E3480891237A8EA009E0214 /* RecipeBasketManager.m in Sources */,
				3E3481A0123A6432009E0214 /* APIRequestManager.m in Sources */,
				3E3481B4123A67CB009E0214 /* NSObject+SBJSON.m in Sources */,
				3E3481B5123A67CB009E0214 /* NSString+SBJSON.m in Sources */,
				3E3481B6123A67CB009E0214 /* SBJSON.m in Sources */,
				3E3481B7123A67CB009E0214 /* SBJsonBase.m in Sources */,
				3E3481B8123A67CB009E0214 /* SBJsonParser.m in Sources */,
				3E3481B9123A67CB009E0214 /* SBJsonWriter.m in Sources */,
				3E3481FB123A8862009E0214 /* ShoppingListViewController.m in Sources */,
				3E5B8916123B95530070527A /* LogManager.m in Sources */,
				3EFBE0BA123CF0B4008B7DC2 /* Reachability.m in Sources */,
				3EFBE19C123D5121008B7DC2 /* OnlineShopViewController.m in Sources */,
				3EFBE1C5123D576F008B7DC2 /* ShelvesViewController.m in Sources */,
				3EFBE1EF123D611A008B7DC2 /* AislesViewController.m in Sources */,
				3EFBE37D123E4D2E008B7DC2 /* ProductsViewController.m in Sources */,
				3EFBE3EA123E815B008B7DC2 /* OnlineBasketViewController.m in Sources */,
				3EFBE5F4123FE9D8008B7DC2 /* ProductBasketManager.m in Sources */,
				3EFBEBA11243F887008B7DC2 /* DeliverySlot.m in Sources */,
				3EFBEBA91243FBBE008B7DC2 /* DeliverySlotsViewController.m in Sources */,
				3EFBEE591247A188008B7DC2 /* SearchResultsViewController.m in Sources */,
				3EFBEEA41247AA5D008B7DC2 /* OverlayViewController.m in Sources */,
				3E22CCC0124963E00007FF5E /* DataManager.m in Sources */,
				3EAF0601124B6B6700BAF6CD /* LoginManager.m in Sources */,
			);
			runOnlyForDeploymentPostprocessing = 0;
		};
/* End PBXSourcesBuildPhase section */

/* Begin XCBuildConfiguration section */
		1D6058940D05DD3E006BFB54 /* Debug */ = {
			isa = XCBuildConfiguration;
			buildSettings = {
				ALWAYS_SEARCH_USER_PATHS = NO;
				COPY_PHASE_STRIP = NO;
				GCC_DYNAMIC_NO_PIC = NO;
				GCC_OPTIMIZATION_LEVEL = 0;
				GCC_PRECOMPILE_PREFIX_HEADER = YES;
				GCC_PREFIX_HEADER = RecipeShopper_Prefix.pch;
				INFOPLIST_FILE = "RecipeShopper-Info.plist";
				PRODUCT_NAME = RecipeShopper;
			};
			name = Debug;
		};
		1D6058950D05DD3E006BFB54 /* Release */ = {
			isa = XCBuildConfiguration;
			buildSettings = {
				ALWAYS_SEARCH_USER_PATHS = NO;
				COPY_PHASE_STRIP = YES;
				GCC_PRECOMPILE_PREFIX_HEADER = YES;
				GCC_PREFIX_HEADER = RecipeShopper_Prefix.pch;
				INFOPLIST_FILE = "RecipeShopper-Info.plist";
				PRODUCT_NAME = RecipeShopper;
				VALIDATE_PRODUCT = YES;
			};
			name = Release;
		};
		C01FCF4F08A954540054247B /* Debug */ = {
			isa = XCBuildConfiguration;
			buildSettings = {
				ARCHS = "$(ARCHS_STANDARD_32_BIT)";
				"CODE_SIGN_IDENTITY[sdk=iphoneos*]" = "iPhone Developer";
				GCC_C_LANGUAGE_STANDARD = c99;
				GCC_WARN_ABOUT_RETURN_TYPE = YES;
				GCC_WARN_UNUSED_VARIABLE = YES;
				PREBINDING = NO;
				SDKROOT = iphoneos4.0;
			};
			name = Debug;
		};
		C01FCF5008A954540054247B /* Release */ = {
			isa = XCBuildConfiguration;
			buildSettings = {
				ARCHS = "$(ARCHS_STANDARD_32_BIT)";
				"CODE_SIGN_IDENTITY[sdk=iphoneos*]" = "iPhone Developer";
				GCC_C_LANGUAGE_STANDARD = c99;
				GCC_WARN_ABOUT_RETURN_TYPE = YES;
				GCC_WARN_UNUSED_VARIABLE = YES;
				OTHER_CFLAGS = "-DNS_BLOCK_ASSERTIONS=1";
				PREBINDING = NO;
				SDKROOT = iphoneos4.0;
			};
			name = Release;
		};
/* End XCBuildConfiguration section */

/* Begin XCConfigurationList section */
		1D6058960D05DD3E006BFB54 /* Build configuration list for PBXNativeTarget "RecipeShopper" */ = {
			isa = XCConfigurationList;
			buildConfigurations = (
				1D6058940D05DD3E006BFB54 /* Debug */,
				1D6058950D05DD3E006BFB54 /* Release */,
			);
			defaultConfigurationIsVisible = 0;
			defaultConfigurationName = Release;
		};
		C01FCF4E08A954540054247B /* Build configuration list for PBXProject "RecipeShopper" */ = {
			isa = XCConfigurationList;
			buildConfigurations = (
				C01FCF4F08A954540054247B /* Debug */,
				C01FCF5008A954540054247B /* Release */,
			);
			defaultConfigurationIsVisible = 0;
			defaultConfigurationName = Release;
		};
/* End XCConfigurationList section */
	};
	rootObject = 29B97313FDCFA39411CA2CEA /* Project object */;
}
